// !$*UTF8*$!
{
	archiveVersion = 1;
	classes = {
	};
	objectVersion = 50;
	objects = {

/* Begin PBXBuildFile section */
		1D453ED822971C5C001994FF /* ConnectButton+Style.swift in Sources */ = {isa = PBXBuildFile; fileRef = 1D453ED722971C5C001994FF /* ConnectButton+Style.swift */; };
		1D453EDA229720AB001994FF /* ConnectButton+Constants.swift in Sources */ = {isa = PBXBuildFile; fileRef = 1D453ED9229720AB001994FF /* ConnectButton+Constants.swift */; };
		1D453EDC2297213E001994FF /* ConnectButton+Service.swift in Sources */ = {isa = PBXBuildFile; fileRef = 1D453EDB2297213E001994FF /* ConnectButton+Service.swift */; };
		1D453EDE2297216A001994FF /* ConnectButton+AnimationState.swift in Sources */ = {isa = PBXBuildFile; fileRef = 1D453EDD2297216A001994FF /* ConnectButton+AnimationState.swift */; };
		1D453EE02297218E001994FF /* ConnectButton+Transition.swift in Sources */ = {isa = PBXBuildFile; fileRef = 1D453EDF2297218E001994FF /* ConnectButton+Transition.swift */; };
		1D453EE22297222D001994FF /* ConnectButton+Interaction.swift in Sources */ = {isa = PBXBuildFile; fileRef = 1D453EE12297222D001994FF /* ConnectButton+Interaction.swift */; };
		1D453EE42297230C001994FF /* ConnectButton+LabelValue.swift in Sources */ = {isa = PBXBuildFile; fileRef = 1D453EE32297230C001994FF /* ConnectButton+LabelValue.swift */; };
		1D453EE62297236C001994FF /* ConnectButton+LabelAnimator.swift in Sources */ = {isa = PBXBuildFile; fileRef = 1D453EE52297236C001994FF /* ConnectButton+LabelAnimator.swift */; };
		1D453EE8229723CA001994FF /* ConnectButton+ProgressBar.swift in Sources */ = {isa = PBXBuildFile; fileRef = 1D453EE7229723CA001994FF /* ConnectButton+ProgressBar.swift */; };
		1D453EEA22972407001994FF /* ConnectButton+SwitchControl.swift in Sources */ = {isa = PBXBuildFile; fileRef = 1D453EE922972407001994FF /* ConnectButton+SwitchControl.swift */; };
		1D453EEC2297246C001994FF /* ConnectButton+CheckmarkView.swift in Sources */ = {isa = PBXBuildFile; fileRef = 1D453EEB2297246C001994FF /* ConnectButton+CheckmarkView.swift */; };
		1D4B50AA2194857A004D1559 /* ConnectionNetworkController.swift in Sources */ = {isa = PBXBuildFile; fileRef = 1D4B50A92194857A004D1559 /* ConnectionNetworkController.swift */; };
		1D4B50AC21949223004D1559 /* ConnectionConfiguration.swift in Sources */ = {isa = PBXBuildFile; fileRef = 1D4B50AB21949223004D1559 /* ConnectionConfiguration.swift */; };
		1D6E554721CBF4F200FE66F0 /* String_EmailDataDetectorTests.swift in Sources */ = {isa = PBXBuildFile; fileRef = 1D6E554621CBF4F200FE66F0 /* String_EmailDataDetectorTests.swift */; };
		1D7918412227202700429936 /* Reachability.swift in Sources */ = {isa = PBXBuildFile; fileRef = 1D7918402227202700429936 /* Reachability.swift */; };
		1D981C33219210D7001784C4 /* Result<ValueType,ErrorType>.swift in Sources */ = {isa = PBXBuildFile; fileRef = 1D981C32219210D7001784C4 /* Result<ValueType,ErrorType>.swift */; };
		1DFE02052190E25500856ABC /* ConnectionCredentialProvider.swift in Sources */ = {isa = PBXBuildFile; fileRef = 1DFE02042190E25500856ABC /* ConnectionCredentialProvider.swift */; };
		1DFE02072190E2E600856ABC /* Notification+Redirect.swift in Sources */ = {isa = PBXBuildFile; fileRef = 1DFE02062190E2E600856ABC /* Notification+Redirect.swift */; };
		1DFE02092190E35300856ABC /* ConnectionRedirectHandler.swift in Sources */ = {isa = PBXBuildFile; fileRef = 1DFE02082190E35300856ABC /* ConnectionRedirectHandler.swift */; };
		1DFE020B2190E39B00856ABC /* Connection+Request.swift in Sources */ = {isa = PBXBuildFile; fileRef = 1DFE020A2190E39B00856ABC /* Connection+Request.swift */; };
		1DFE020D2190E3DB00856ABC /* API.swift in Sources */ = {isa = PBXBuildFile; fileRef = 1DFE020C2190E3DB00856ABC /* API.swift */; };
		1DFE02132190E4D300856ABC /* URLRequest+CommonValues.swift in Sources */ = {isa = PBXBuildFile; fileRef = 1DFE02122190E4D300856ABC /* URLRequest+CommonValues.swift */; };
		1DFE02172190E58700856ABC /* URLSession+JSONTask.swift in Sources */ = {isa = PBXBuildFile; fileRef = 1DFE02162190E58700856ABC /* URLSession+JSONTask.swift */; };
		DE25265623D8C49D0019C9CB /* Analytics.swift in Sources */ = {isa = PBXBuildFile; fileRef = DE25265523D8C49D0019C9CB /* Analytics.swift */; };
		DE2906D3242BF66E00CC2825 /* Connection+Parsing.swift in Sources */ = {isa = PBXBuildFile; fileRef = DE2906D2242BF66E00CC2825 /* Connection+Parsing.swift */; };
		DE29EA5E24DAFC7B00F6F356 /* Localizable_cs.strings in Resources */ = {isa = PBXBuildFile; fileRef = DEF16C0C24C0AAE70094D33B /* Localizable_cs.strings */; };
		DE29EA5F24DAFC7B00F6F356 /* Localizable_da.strings in Resources */ = {isa = PBXBuildFile; fileRef = DEF16C0D24C0AAF90094D33B /* Localizable_da.strings */; };
		DE29EA6024DAFC7B00F6F356 /* Localizable_de.strings in Resources */ = {isa = PBXBuildFile; fileRef = DEF16C0E24C0AB040094D33B /* Localizable_de.strings */; };
		DE29EA6124DAFC7B00F6F356 /* Localizable_en-GB.strings in Resources */ = {isa = PBXBuildFile; fileRef = DEF16C0F24C0AB0B0094D33B /* Localizable_en-GB.strings */; };
		DE29EA6224DAFC7B00F6F356 /* Localizable_es-419.strings in Resources */ = {isa = PBXBuildFile; fileRef = DEF16C1024C0AB160094D33B /* Localizable_es-419.strings */; };
		DE29EA6324DAFC7B00F6F356 /* Localizable_es.strings in Resources */ = {isa = PBXBuildFile; fileRef = DEF16C1124C0AB230094D33B /* Localizable_es.strings */; };
		DE29EA6424DAFC7B00F6F356 /* Localizable_fi.strings in Resources */ = {isa = PBXBuildFile; fileRef = DEF16C1224C0AB2B0094D33B /* Localizable_fi.strings */; };
		DE29EA6524DAFC7B00F6F356 /* Localizable_fr-CA.strings in Resources */ = {isa = PBXBuildFile; fileRef = DEF16C1324C0AB380094D33B /* Localizable_fr-CA.strings */; };
		DE29EA6624DAFC7B00F6F356 /* Localizable_fr.strings in Resources */ = {isa = PBXBuildFile; fileRef = DEF16C1424C0AB480094D33B /* Localizable_fr.strings */; };
		DE29EA6724DAFC7B00F6F356 /* Localizable_it.strings in Resources */ = {isa = PBXBuildFile; fileRef = DEF16C1524C0AB4F0094D33B /* Localizable_it.strings */; };
		DE29EA6824DAFC7B00F6F356 /* Localizable_ja.strings in Resources */ = {isa = PBXBuildFile; fileRef = DEF16C1624C0AB5F0094D33B /* Localizable_ja.strings */; };
		DE29EA6924DAFC7B00F6F356 /* Localizable_ko.strings in Resources */ = {isa = PBXBuildFile; fileRef = DEF16C1724C0AB680094D33B /* Localizable_ko.strings */; };
		DE29EA6A24DAFC7B00F6F356 /* Localizable_nb.strings in Resources */ = {isa = PBXBuildFile; fileRef = DEF16C1824C0AB6F0094D33B /* Localizable_nb.strings */; };
		DE29EA6B24DAFC7B00F6F356 /* Localizable_nl.strings in Resources */ = {isa = PBXBuildFile; fileRef = DEF16C1924C0AB7A0094D33B /* Localizable_nl.strings */; };
		DE29EA6C24DAFC7B00F6F356 /* Localizable_pl.strings in Resources */ = {isa = PBXBuildFile; fileRef = DEF16C1A24C0AB8D0094D33B /* Localizable_pl.strings */; };
		DE29EA6D24DAFC7B00F6F356 /* Localizable_pt-BR.strings in Resources */ = {isa = PBXBuildFile; fileRef = DEF16C1B24C0AB950094D33B /* Localizable_pt-BR.strings */; };
		DE29EA6E24DAFC7B00F6F356 /* Localizable_pt-PT.strings in Resources */ = {isa = PBXBuildFile; fileRef = DEF16C1C24C0ABA10094D33B /* Localizable_pt-PT.strings */; };
		DE29EA6F24DAFC7B00F6F356 /* Localizable_ru.strings in Resources */ = {isa = PBXBuildFile; fileRef = DEF16C1D24C0ABAB0094D33B /* Localizable_ru.strings */; };
		DE29EA7024DAFC7B00F6F356 /* Localizable_sv.strings in Resources */ = {isa = PBXBuildFile; fileRef = DEF16C1F24C0ABBA0094D33B /* Localizable_sv.strings */; };
		DE29EA7124DAFC7B00F6F356 /* Localizable_zh-Hans.strings in Resources */ = {isa = PBXBuildFile; fileRef = DEF16C2024C0ABC80094D33B /* Localizable_zh-Hans.strings */; };
		DE29EA7224DAFC7B00F6F356 /* Localizable_zh-Hant.strings in Resources */ = {isa = PBXBuildFile; fileRef = DEF16C2124C0ABD90094D33B /* Localizable_zh-Hant.strings */; };
		DE2F524A2429404200EF986A /* Connection+Location.swift in Sources */ = {isa = PBXBuildFile; fileRef = DE2F52492429404200EF986A /* Connection+Location.swift */; };
		DE2F524C242940AD00EF986A /* CLCircularRegion+Parsing.swift in Sources */ = {isa = PBXBuildFile; fileRef = DE2F524B242940AD00EF986A /* CLCircularRegion+Parsing.swift */; };
		DE3074A723DB506D00A3C71F /* AnalyticsNetworkController.swift in Sources */ = {isa = PBXBuildFile; fileRef = DE3074A623DB506D00A3C71F /* AnalyticsNetworkController.swift */; };
		DE3074A923DB50A800A3C71F /* Analytics+DataStructures.swift in Sources */ = {isa = PBXBuildFile; fileRef = DE3074A823DB50A800A3C71F /* Analytics+DataStructures.swift */; };
		DE328DB4243CBC9700603EAC /* ConnectionsSynchronizer.swift in Sources */ = {isa = PBXBuildFile; fileRef = DE328DB3243CBC9700603EAC /* ConnectionsSynchronizer.swift */; };
		DE328DB6243CBCB000603EAC /* EventPublisher.swift in Sources */ = {isa = PBXBuildFile; fileRef = DE328DB5243CBCB000603EAC /* EventPublisher.swift */; };
		DE328DBC243E185800603EAC /* ConnectionsRegistry.swift in Sources */ = {isa = PBXBuildFile; fileRef = DE328DBB243E185800603EAC /* ConnectionsRegistry.swift */; };
		DE328DBE243E18BB00603EAC /* Keychain.swift in Sources */ = {isa = PBXBuildFile; fileRef = DE328DBD243E18BB00603EAC /* Keychain.swift */; };
		DE328DC0243E1DC000603EAC /* RegionsMonitor.swift in Sources */ = {isa = PBXBuildFile; fileRef = DE328DBF243E1DC000603EAC /* RegionsMonitor.swift */; };
		DE328DC2243E1DED00603EAC /* LocationMonitor.swift in Sources */ = {isa = PBXBuildFile; fileRef = DE328DC1243E1DED00603EAC /* LocationMonitor.swift */; };
		DE328DC4243E1E1200603EAC /* VisitsMonitor.swift in Sources */ = {isa = PBXBuildFile; fileRef = DE328DC3243E1E1200603EAC /* VisitsMonitor.swift */; };
		DE328DC8243E2FC300603EAC /* SynchronizationTriggerEvent.swift in Sources */ = {isa = PBXBuildFile; fileRef = DE328DC7243E2FC300603EAC /* SynchronizationTriggerEvent.swift */; };
		DE328DCA2440CD7900603EAC /* CLRegion+Parsing_spec.swift in Sources */ = {isa = PBXBuildFile; fileRef = DE328DC92440CD7900603EAC /* CLRegion+Parsing_spec.swift */; };
		DE328DCC2440CEA500603EAC /* EventPublisherTests.swift in Sources */ = {isa = PBXBuildFile; fileRef = DE328DCB2440CEA500603EAC /* EventPublisherTests.swift */; };
		DE328DCE2440E89600603EAC /* ConnectionsRegistryTests.swift in Sources */ = {isa = PBXBuildFile; fileRef = DE328DCD2440E89600603EAC /* ConnectionsRegistryTests.swift */; };
		DE37620022DF75CB00F8BD38 /* ConnectionDeeplinkAction.swift in Sources */ = {isa = PBXBuildFile; fileRef = DE3761FF22DF75CB00F8BD38 /* ConnectionDeeplinkAction.swift */; };
		DE3BEFCC22CAAA9C0020B425 /* Assets.xcassets in Resources */ = {isa = PBXBuildFile; fileRef = DE3BEFCB22CAAA9B0020B425 /* Assets.xcassets */; };
		DE4A4C5E243632A7004082BF /* SynchronizationSubscriber.swift in Sources */ = {isa = PBXBuildFile; fileRef = DE4A4C5D243632A7004082BF /* SynchronizationSubscriber.swift */; };
		DE4A4C602436340C004082BF /* SynchronizationManager.swift in Sources */ = {isa = PBXBuildFile; fileRef = DE4A4C5F2436340C004082BF /* SynchronizationManager.swift */; };
		DE4A4C622436409C004082BF /* SynchronizationScheduler.swift in Sources */ = {isa = PBXBuildFile; fileRef = DE4A4C612436409C004082BF /* SynchronizationScheduler.swift */; };
		DE4C5FFA22CFE570009C7AF9 /* EmailValidator.swift in Sources */ = {isa = PBXBuildFile; fileRef = DE4C5FF922CFE570009C7AF9 /* EmailValidator.swift */; };
		DE7666E723997568005D6DE3 /* ConnectionVerificationSession.swift in Sources */ = {isa = PBXBuildFile; fileRef = DE7666E623997568005D6DE3 /* ConnectionVerificationSession.swift */; };
		DE7666E9239990C5005D6DE3 /* AuthenticationSession.swift in Sources */ = {isa = PBXBuildFile; fileRef = DE7666E8239990C5005D6DE3 /* AuthenticationSession.swift */; };
		DEC08FF02429469C007D7039 /* NativeServices.swift in Sources */ = {isa = PBXBuildFile; fileRef = DEC08FEF2429469C007D7039 /* NativeServices.swift */; };
		DEC08FF2242948C3007D7039 /* Set+Helpers.swift in Sources */ = {isa = PBXBuildFile; fileRef = DEC08FF1242948C3007D7039 /* Set+Helpers.swift */; };
		DEC08FFA242A5DD4007D7039 /* ConnectionsMonitor.swift in Sources */ = {isa = PBXBuildFile; fileRef = DEC08FF9242A5DD4007D7039 /* ConnectionsMonitor.swift */; };
		DEC08FFC242BAB25007D7039 /* Bundle+Helpers.swift in Sources */ = {isa = PBXBuildFile; fileRef = DEC08FFB242BAB25007D7039 /* Bundle+Helpers.swift */; };
		DEC75CB42508312F00F40296 /* Connection+Storage.swift in Sources */ = {isa = PBXBuildFile; fileRef = DEC75CB32508312F00F40296 /* Connection+Storage.swift */; };
		DEC75CB725092B8600F40296 /* PermissionsRequestor.swift in Sources */ = {isa = PBXBuildFile; fileRef = DEC75CB625092B8600F40296 /* PermissionsRequestor.swift */; };
		DEC75CB9250973F600F40296 /* Library.swift in Sources */ = {isa = PBXBuildFile; fileRef = DEC75CB8250973F600F40296 /* Library.swift */; };
		DEC75CBB2509741F00F40296 /* LocationLibrary.swift in Sources */ = {isa = PBXBuildFile; fileRef = DEC75CBA2509741F00F40296 /* LocationLibrary.swift */; };
		DEC75CBD250A73E000F40296 /* RegionEventsRegistry.swift in Sources */ = {isa = PBXBuildFile; fileRef = DEC75CBC250A73E000F40296 /* RegionEventsRegistry.swift */; };
		DEC8803D242BB0BA00E0286C /* LocationService.swift in Sources */ = {isa = PBXBuildFile; fileRef = DEC8803C242BB0BA00E0286C /* LocationService.swift */; };
		DED00F9524990BBD00C8E618 /* Localizable_en-US.strings in Resources */ = {isa = PBXBuildFile; fileRef = DED00F9424990BBD00C8E618 /* Localizable_en-US.strings */; };
		DED00F9724990C3800C8E618 /* Localizable.strings in Resources */ = {isa = PBXBuildFile; fileRef = DED00F9624990C3800C8E618 /* Localizable.strings */; };
		FC04FE1B21501A8F008AC8A5 /* AboutViewController.swift in Sources */ = {isa = PBXBuildFile; fileRef = FC04FE1A21501A8F008AC8A5 /* AboutViewController.swift */; };
		FC094BA5215ED6F5008B35F6 /* UIFont+CommonValues.swift in Sources */ = {isa = PBXBuildFile; fileRef = FC094BA4215ED6F5008B35F6 /* UIFont+CommonValues.swift */; };
		FC094BA7215ED72F008B35F6 /* Color.swift in Sources */ = {isa = PBXBuildFile; fileRef = FC094BA6215ED72F008B35F6 /* Color.swift */; };
		FC1F491422710B62008A1B21 /* Connection_ParsingTests.swift in Sources */ = {isa = PBXBuildFile; fileRef = FC1F491322710B62008A1B21 /* Connection_ParsingTests.swift */; };
		FC1F491622710BE4008A1B21 /* fetch_connection_response.json in Resources */ = {isa = PBXBuildFile; fileRef = FC1F491522710BE4008A1B21 /* fetch_connection_response.json */; };
		FC22B19421ACA54000738023 /* ImageCache.swift in Sources */ = {isa = PBXBuildFile; fileRef = FC22B19321ACA54000738023 /* ImageCache.swift */; };
		FC22B19621ACA54A00738023 /* ImageDownloader.swift in Sources */ = {isa = PBXBuildFile; fileRef = FC22B19521ACA54A00738023 /* ImageDownloader.swift */; };
		FC22B19A21ACCD9C00738023 /* ConstraintsMaker.swift in Sources */ = {isa = PBXBuildFile; fileRef = FC22B19921ACCD9C00738023 /* ConstraintsMaker.swift */; };
		FC22B19C21ACCDA600738023 /* PillView.swift in Sources */ = {isa = PBXBuildFile; fileRef = FC22B19B21ACCDA600738023 /* PillView.swift */; };
		FC22B19E21ACCDAC00738023 /* PillButton.swift in Sources */ = {isa = PBXBuildFile; fileRef = FC22B19D21ACCDAC00738023 /* PillButton.swift */; };
		FC22B1A021ACCDB200738023 /* Selectable.swift in Sources */ = {isa = PBXBuildFile; fileRef = FC22B19F21ACCDB200738023 /* Selectable.swift */; };
		FC22B1A221ACCDC000738023 /* SelectGestureRecognizer.swift in Sources */ = {isa = PBXBuildFile; fileRef = FC22B1A121ACCDC000738023 /* SelectGestureRecognizer.swift */; };
		FC22B1A421ACCDF800738023 /* PassthroughView.swift in Sources */ = {isa = PBXBuildFile; fileRef = FC22B1A321ACCDF800738023 /* PassthroughView.swift */; };
		FC22B1A621ACCE5E00738023 /* UIKit+ConvenienceInit.swift in Sources */ = {isa = PBXBuildFile; fileRef = FC22B1A521ACCE5E00738023 /* UIKit+ConvenienceInit.swift */; };
		FC2573132139E8CC0065AAD6 /* ConnectButton.swift in Sources */ = {isa = PBXBuildFile; fileRef = FC2573122139E8CC0065AAD6 /* ConnectButton.swift */; };
		FC28D7E52225B1E900D84A1B /* ServiceIconsNetworkController.swift in Sources */ = {isa = PBXBuildFile; fileRef = FC28D7E42225B1E900D84A1B /* ServiceIconsNetworkController.swift */; };
		FC361B61224D872D0078B153 /* ProgressBarController.swift in Sources */ = {isa = PBXBuildFile; fileRef = FC361B60224D872D0078B153 /* ProgressBarController.swift */; };
		FC44F54421B75BF3005DA954 /* LocalizedStrings.swift in Sources */ = {isa = PBXBuildFile; fileRef = FC44F54321B75BF3005DA954 /* LocalizedStrings.swift */; };
		FC74F1D82152AE4D00035A66 /* ConnectButtonController.swift in Sources */ = {isa = PBXBuildFile; fileRef = FC74F1D72152AE4D00035A66 /* ConnectButtonController.swift */; };
		FC75F93C22386626007C2DDB /* ConnectionActivationFlow.swift in Sources */ = {isa = PBXBuildFile; fileRef = FC75F93B22386626007C2DDB /* ConnectionActivationFlow.swift */; };
		FC75F93E22387164007C2DDB /* URLComponents+email.swift in Sources */ = {isa = PBXBuildFile; fileRef = FC75F93D22387164007C2DDB /* URLComponents+email.swift */; };
		FC7F13A221B06E34002AD8FB /* ImageViewNetworkController.swift in Sources */ = {isa = PBXBuildFile; fileRef = FC7F13A121B06E34002AD8FB /* ImageViewNetworkController.swift */; };
		FC84B84C21C4321F00BAF7ED /* Links.swift in Sources */ = {isa = PBXBuildFile; fileRef = FC84B84B21C4321F00BAF7ED /* Links.swift */; };
		FC84B85321C43A3000BAF7ED /* LegalTermsText.swift in Sources */ = {isa = PBXBuildFile; fileRef = FC84B85221C43A3000BAF7ED /* LegalTermsText.swift */; };
		FCBA15F421389F7500EB1BC8 /* IFTTT_SDK.framework in Frameworks */ = {isa = PBXBuildFile; fileRef = FCBA15EA21389F7500EB1BC8 /* IFTTT_SDK.framework */; };
		FCBA15FB21389F7500EB1BC8 /* IFTTT_SDK.h in Headers */ = {isa = PBXBuildFile; fileRef = FCBA15ED21389F7500EB1BC8 /* IFTTT_SDK.h */; settings = {ATTRIBUTES = (Public, ); }; };
		FCBA16052138A4EE00EB1BC8 /* Connection.swift in Sources */ = {isa = PBXBuildFile; fileRef = FCBA16042138A4EE00EB1BC8 /* Connection.swift */; };
		FCC6DEB2215D90DD008C8405 /* Assets.swift in Sources */ = {isa = PBXBuildFile; fileRef = FCC6DEB1215D90DD008C8405 /* Assets.swift */; };
		FCF0C4E421B0A97000DEB117 /* ConnectionNetworkError.swift in Sources */ = {isa = PBXBuildFile; fileRef = FCF0C4E321B0A97000DEB117 /* ConnectionNetworkError.swift */; };
		FCF29FC52187C7E0004B1100 /* JSON.swift in Sources */ = {isa = PBXBuildFile; fileRef = FCF29FC42187C7E0004B1100 /* JSON.swift */; };
		FCF29FCB2187D0E3004B1100 /* User.swift in Sources */ = {isa = PBXBuildFile; fileRef = FCF29FCA2187D0E3004B1100 /* User.swift */; };
/* End PBXBuildFile section */

/* Begin PBXContainerItemProxy section */
		FCBA15F521389F7500EB1BC8 /* PBXContainerItemProxy */ = {
			isa = PBXContainerItemProxy;
			containerPortal = FCBA15E121389F7500EB1BC8 /* Project object */;
			proxyType = 1;
			remoteGlobalIDString = FCBA15E921389F7500EB1BC8;
			remoteInfo = "IFTTT SDK";
		};
/* End PBXContainerItemProxy section */

/* Begin PBXFileReference section */
		1D453ED722971C5C001994FF /* ConnectButton+Style.swift */ = {isa = PBXFileReference; lastKnownFileType = sourcecode.swift; path = "ConnectButton+Style.swift"; sourceTree = "<group>"; };
		1D453ED9229720AB001994FF /* ConnectButton+Constants.swift */ = {isa = PBXFileReference; lastKnownFileType = sourcecode.swift; path = "ConnectButton+Constants.swift"; sourceTree = "<group>"; };
		1D453EDB2297213E001994FF /* ConnectButton+Service.swift */ = {isa = PBXFileReference; lastKnownFileType = sourcecode.swift; path = "ConnectButton+Service.swift"; sourceTree = "<group>"; };
		1D453EDD2297216A001994FF /* ConnectButton+AnimationState.swift */ = {isa = PBXFileReference; lastKnownFileType = sourcecode.swift; path = "ConnectButton+AnimationState.swift"; sourceTree = "<group>"; };
		1D453EDF2297218E001994FF /* ConnectButton+Transition.swift */ = {isa = PBXFileReference; lastKnownFileType = sourcecode.swift; path = "ConnectButton+Transition.swift"; sourceTree = "<group>"; };
		1D453EE12297222D001994FF /* ConnectButton+Interaction.swift */ = {isa = PBXFileReference; lastKnownFileType = sourcecode.swift; path = "ConnectButton+Interaction.swift"; sourceTree = "<group>"; };
		1D453EE32297230C001994FF /* ConnectButton+LabelValue.swift */ = {isa = PBXFileReference; lastKnownFileType = sourcecode.swift; path = "ConnectButton+LabelValue.swift"; sourceTree = "<group>"; };
		1D453EE52297236C001994FF /* ConnectButton+LabelAnimator.swift */ = {isa = PBXFileReference; lastKnownFileType = sourcecode.swift; path = "ConnectButton+LabelAnimator.swift"; sourceTree = "<group>"; };
		1D453EE7229723CA001994FF /* ConnectButton+ProgressBar.swift */ = {isa = PBXFileReference; lastKnownFileType = sourcecode.swift; path = "ConnectButton+ProgressBar.swift"; sourceTree = "<group>"; };
		1D453EE922972407001994FF /* ConnectButton+SwitchControl.swift */ = {isa = PBXFileReference; lastKnownFileType = sourcecode.swift; path = "ConnectButton+SwitchControl.swift"; sourceTree = "<group>"; };
		1D453EEB2297246C001994FF /* ConnectButton+CheckmarkView.swift */ = {isa = PBXFileReference; lastKnownFileType = sourcecode.swift; path = "ConnectButton+CheckmarkView.swift"; sourceTree = "<group>"; };
		1D4B50A92194857A004D1559 /* ConnectionNetworkController.swift */ = {isa = PBXFileReference; lastKnownFileType = sourcecode.swift; path = ConnectionNetworkController.swift; sourceTree = "<group>"; };
		1D4B50AB21949223004D1559 /* ConnectionConfiguration.swift */ = {isa = PBXFileReference; lastKnownFileType = sourcecode.swift; path = ConnectionConfiguration.swift; sourceTree = "<group>"; };
		1D6E554521CBF4F200FE66F0 /* IFTTT SDKTests-Bridging-Header.h */ = {isa = PBXFileReference; lastKnownFileType = sourcecode.c.h; path = "IFTTT SDKTests-Bridging-Header.h"; sourceTree = "<group>"; };
		1D6E554621CBF4F200FE66F0 /* String_EmailDataDetectorTests.swift */ = {isa = PBXFileReference; lastKnownFileType = sourcecode.swift; path = String_EmailDataDetectorTests.swift; sourceTree = "<group>"; };
		1D7918402227202700429936 /* Reachability.swift */ = {isa = PBXFileReference; fileEncoding = 4; lastKnownFileType = sourcecode.swift; path = Reachability.swift; sourceTree = "<group>"; };
		1D981C32219210D7001784C4 /* Result<ValueType,ErrorType>.swift */ = {isa = PBXFileReference; lastKnownFileType = sourcecode.swift; path = "Result<ValueType,ErrorType>.swift"; sourceTree = "<group>"; };
		1DFE02042190E25500856ABC /* ConnectionCredentialProvider.swift */ = {isa = PBXFileReference; lastKnownFileType = sourcecode.swift; path = ConnectionCredentialProvider.swift; sourceTree = "<group>"; };
		1DFE02062190E2E600856ABC /* Notification+Redirect.swift */ = {isa = PBXFileReference; lastKnownFileType = sourcecode.swift; path = "Notification+Redirect.swift"; sourceTree = "<group>"; };
		1DFE02082190E35300856ABC /* ConnectionRedirectHandler.swift */ = {isa = PBXFileReference; lastKnownFileType = sourcecode.swift; path = ConnectionRedirectHandler.swift; sourceTree = "<group>"; };
		1DFE020A2190E39B00856ABC /* Connection+Request.swift */ = {isa = PBXFileReference; lastKnownFileType = sourcecode.swift; path = "Connection+Request.swift"; sourceTree = "<group>"; };
		1DFE020C2190E3DB00856ABC /* API.swift */ = {isa = PBXFileReference; lastKnownFileType = sourcecode.swift; path = API.swift; sourceTree = "<group>"; };
		1DFE02122190E4D300856ABC /* URLRequest+CommonValues.swift */ = {isa = PBXFileReference; lastKnownFileType = sourcecode.swift; path = "URLRequest+CommonValues.swift"; sourceTree = "<group>"; };
		1DFE02162190E58700856ABC /* URLSession+JSONTask.swift */ = {isa = PBXFileReference; lastKnownFileType = sourcecode.swift; path = "URLSession+JSONTask.swift"; sourceTree = "<group>"; };
		DE25265523D8C49D0019C9CB /* Analytics.swift */ = {isa = PBXFileReference; fileEncoding = 4; lastKnownFileType = sourcecode.swift; path = Analytics.swift; sourceTree = "<group>"; };
		DE2906D2242BF66E00CC2825 /* Connection+Parsing.swift */ = {isa = PBXFileReference; fileEncoding = 4; lastKnownFileType = sourcecode.swift; path = "Connection+Parsing.swift"; sourceTree = "<group>"; };
		DE2F52492429404200EF986A /* Connection+Location.swift */ = {isa = PBXFileReference; lastKnownFileType = sourcecode.swift; path = "Connection+Location.swift"; sourceTree = "<group>"; };
		DE2F524B242940AD00EF986A /* CLCircularRegion+Parsing.swift */ = {isa = PBXFileReference; lastKnownFileType = sourcecode.swift; path = "CLCircularRegion+Parsing.swift"; sourceTree = "<group>"; };
		DE3074A623DB506D00A3C71F /* AnalyticsNetworkController.swift */ = {isa = PBXFileReference; lastKnownFileType = sourcecode.swift; path = AnalyticsNetworkController.swift; sourceTree = "<group>"; };
		DE3074A823DB50A800A3C71F /* Analytics+DataStructures.swift */ = {isa = PBXFileReference; lastKnownFileType = sourcecode.swift; path = "Analytics+DataStructures.swift"; sourceTree = "<group>"; };
		DE328DB3243CBC9700603EAC /* ConnectionsSynchronizer.swift */ = {isa = PBXFileReference; lastKnownFileType = sourcecode.swift; path = ConnectionsSynchronizer.swift; sourceTree = "<group>"; };
		DE328DB5243CBCB000603EAC /* EventPublisher.swift */ = {isa = PBXFileReference; lastKnownFileType = sourcecode.swift; path = EventPublisher.swift; sourceTree = "<group>"; };
		DE328DBB243E185800603EAC /* ConnectionsRegistry.swift */ = {isa = PBXFileReference; lastKnownFileType = sourcecode.swift; path = ConnectionsRegistry.swift; sourceTree = "<group>"; };
		DE328DBD243E18BB00603EAC /* Keychain.swift */ = {isa = PBXFileReference; lastKnownFileType = sourcecode.swift; path = Keychain.swift; sourceTree = "<group>"; };
		DE328DBF243E1DC000603EAC /* RegionsMonitor.swift */ = {isa = PBXFileReference; lastKnownFileType = sourcecode.swift; path = RegionsMonitor.swift; sourceTree = "<group>"; };
		DE328DC1243E1DED00603EAC /* LocationMonitor.swift */ = {isa = PBXFileReference; lastKnownFileType = sourcecode.swift; path = LocationMonitor.swift; sourceTree = "<group>"; };
		DE328DC3243E1E1200603EAC /* VisitsMonitor.swift */ = {isa = PBXFileReference; lastKnownFileType = sourcecode.swift; path = VisitsMonitor.swift; sourceTree = "<group>"; };
		DE328DC7243E2FC300603EAC /* SynchronizationTriggerEvent.swift */ = {isa = PBXFileReference; fileEncoding = 4; lastKnownFileType = sourcecode.swift; path = SynchronizationTriggerEvent.swift; sourceTree = "<group>"; };
		DE328DC92440CD7900603EAC /* CLRegion+Parsing_spec.swift */ = {isa = PBXFileReference; lastKnownFileType = sourcecode.swift; path = "CLRegion+Parsing_spec.swift"; sourceTree = "<group>"; };
		DE328DCB2440CEA500603EAC /* EventPublisherTests.swift */ = {isa = PBXFileReference; lastKnownFileType = sourcecode.swift; path = EventPublisherTests.swift; sourceTree = "<group>"; };
		DE328DCD2440E89600603EAC /* ConnectionsRegistryTests.swift */ = {isa = PBXFileReference; lastKnownFileType = sourcecode.swift; path = ConnectionsRegistryTests.swift; sourceTree = "<group>"; };
		DE3761FF22DF75CB00F8BD38 /* ConnectionDeeplinkAction.swift */ = {isa = PBXFileReference; fileEncoding = 4; lastKnownFileType = sourcecode.swift; path = ConnectionDeeplinkAction.swift; sourceTree = "<group>"; };
		DE3BEFCB22CAAA9B0020B425 /* Assets.xcassets */ = {isa = PBXFileReference; lastKnownFileType = folder.assetcatalog; path = Assets.xcassets; sourceTree = "<group>"; };
		DE4A4C5D243632A7004082BF /* SynchronizationSubscriber.swift */ = {isa = PBXFileReference; lastKnownFileType = sourcecode.swift; path = SynchronizationSubscriber.swift; sourceTree = "<group>"; };
		DE4A4C5F2436340C004082BF /* SynchronizationManager.swift */ = {isa = PBXFileReference; lastKnownFileType = sourcecode.swift; path = SynchronizationManager.swift; sourceTree = "<group>"; };
		DE4A4C612436409C004082BF /* SynchronizationScheduler.swift */ = {isa = PBXFileReference; lastKnownFileType = sourcecode.swift; path = SynchronizationScheduler.swift; sourceTree = "<group>"; };
		DE4C5FF922CFE570009C7AF9 /* EmailValidator.swift */ = {isa = PBXFileReference; lastKnownFileType = sourcecode.swift; path = EmailValidator.swift; sourceTree = "<group>"; };
		DE7666E623997568005D6DE3 /* ConnectionVerificationSession.swift */ = {isa = PBXFileReference; lastKnownFileType = sourcecode.swift; path = ConnectionVerificationSession.swift; sourceTree = "<group>"; };
		DE7666E8239990C5005D6DE3 /* AuthenticationSession.swift */ = {isa = PBXFileReference; lastKnownFileType = sourcecode.swift; path = AuthenticationSession.swift; sourceTree = "<group>"; };
		DEC08FEF2429469C007D7039 /* NativeServices.swift */ = {isa = PBXFileReference; lastKnownFileType = sourcecode.swift; path = NativeServices.swift; sourceTree = "<group>"; };
		DEC08FF1242948C3007D7039 /* Set+Helpers.swift */ = {isa = PBXFileReference; lastKnownFileType = sourcecode.swift; path = "Set+Helpers.swift"; sourceTree = "<group>"; };
		DEC08FF9242A5DD4007D7039 /* ConnectionsMonitor.swift */ = {isa = PBXFileReference; lastKnownFileType = sourcecode.swift; path = ConnectionsMonitor.swift; sourceTree = "<group>"; };
		DEC08FFB242BAB25007D7039 /* Bundle+Helpers.swift */ = {isa = PBXFileReference; lastKnownFileType = sourcecode.swift; path = "Bundle+Helpers.swift"; sourceTree = "<group>"; };
		DEC75CB32508312F00F40296 /* Connection+Storage.swift */ = {isa = PBXFileReference; lastKnownFileType = sourcecode.swift; path = "Connection+Storage.swift"; sourceTree = "<group>"; };
		DEC75CB625092B8600F40296 /* PermissionsRequestor.swift */ = {isa = PBXFileReference; lastKnownFileType = sourcecode.swift; path = PermissionsRequestor.swift; sourceTree = "<group>"; };
		DEC75CB8250973F600F40296 /* Library.swift */ = {isa = PBXFileReference; lastKnownFileType = sourcecode.swift; path = Library.swift; sourceTree = "<group>"; };
		DEC75CBA2509741F00F40296 /* LocationLibrary.swift */ = {isa = PBXFileReference; lastKnownFileType = sourcecode.swift; path = LocationLibrary.swift; sourceTree = "<group>"; };
		DEC75CBC250A73E000F40296 /* RegionEventsRegistry.swift */ = {isa = PBXFileReference; lastKnownFileType = sourcecode.swift; path = RegionEventsRegistry.swift; sourceTree = "<group>"; };
		DEC8803C242BB0BA00E0286C /* LocationService.swift */ = {isa = PBXFileReference; lastKnownFileType = sourcecode.swift; path = LocationService.swift; sourceTree = "<group>"; };
		DED00F9424990BBD00C8E618 /* Localizable_en-US.strings */ = {isa = PBXFileReference; fileEncoding = 4; lastKnownFileType = text.plist.strings; path = "Localizable_en-US.strings"; sourceTree = "<group>"; };
		DED00F9624990C3800C8E618 /* Localizable.strings */ = {isa = PBXFileReference; fileEncoding = 4; lastKnownFileType = text.plist.strings; path = Localizable.strings; sourceTree = "<group>"; };
		DEF16C0C24C0AAE70094D33B /* Localizable_cs.strings */ = {isa = PBXFileReference; lastKnownFileType = text.plist.strings; path = Localizable_cs.strings; sourceTree = "<group>"; };
		DEF16C0D24C0AAF90094D33B /* Localizable_da.strings */ = {isa = PBXFileReference; lastKnownFileType = text.plist.strings; path = Localizable_da.strings; sourceTree = "<group>"; };
		DEF16C0E24C0AB040094D33B /* Localizable_de.strings */ = {isa = PBXFileReference; lastKnownFileType = text.plist.strings; path = Localizable_de.strings; sourceTree = "<group>"; };
		DEF16C0F24C0AB0B0094D33B /* Localizable_en-GB.strings */ = {isa = PBXFileReference; lastKnownFileType = text.plist.strings; path = "Localizable_en-GB.strings"; sourceTree = "<group>"; };
		DEF16C1024C0AB160094D33B /* Localizable_es-419.strings */ = {isa = PBXFileReference; lastKnownFileType = text.plist.strings; path = "Localizable_es-419.strings"; sourceTree = "<group>"; };
		DEF16C1124C0AB230094D33B /* Localizable_es.strings */ = {isa = PBXFileReference; lastKnownFileType = text.plist.strings; path = Localizable_es.strings; sourceTree = "<group>"; };
		DEF16C1224C0AB2B0094D33B /* Localizable_fi.strings */ = {isa = PBXFileReference; lastKnownFileType = text.plist.strings; path = Localizable_fi.strings; sourceTree = "<group>"; };
		DEF16C1324C0AB380094D33B /* Localizable_fr-CA.strings */ = {isa = PBXFileReference; lastKnownFileType = text.plist.strings; path = "Localizable_fr-CA.strings"; sourceTree = "<group>"; };
		DEF16C1424C0AB480094D33B /* Localizable_fr.strings */ = {isa = PBXFileReference; lastKnownFileType = text.plist.strings; path = Localizable_fr.strings; sourceTree = "<group>"; };
		DEF16C1524C0AB4F0094D33B /* Localizable_it.strings */ = {isa = PBXFileReference; lastKnownFileType = text.plist.strings; path = Localizable_it.strings; sourceTree = "<group>"; };
		DEF16C1624C0AB5F0094D33B /* Localizable_ja.strings */ = {isa = PBXFileReference; lastKnownFileType = text.plist.strings; path = Localizable_ja.strings; sourceTree = "<group>"; };
		DEF16C1724C0AB680094D33B /* Localizable_ko.strings */ = {isa = PBXFileReference; lastKnownFileType = text.plist.strings; path = Localizable_ko.strings; sourceTree = "<group>"; };
		DEF16C1824C0AB6F0094D33B /* Localizable_nb.strings */ = {isa = PBXFileReference; lastKnownFileType = text.plist.strings; path = Localizable_nb.strings; sourceTree = "<group>"; };
		DEF16C1924C0AB7A0094D33B /* Localizable_nl.strings */ = {isa = PBXFileReference; lastKnownFileType = text.plist.strings; path = Localizable_nl.strings; sourceTree = "<group>"; };
		DEF16C1A24C0AB8D0094D33B /* Localizable_pl.strings */ = {isa = PBXFileReference; lastKnownFileType = text.plist.strings; path = Localizable_pl.strings; sourceTree = "<group>"; };
		DEF16C1B24C0AB950094D33B /* Localizable_pt-BR.strings */ = {isa = PBXFileReference; lastKnownFileType = text.plist.strings; path = "Localizable_pt-BR.strings"; sourceTree = "<group>"; };
		DEF16C1C24C0ABA10094D33B /* Localizable_pt-PT.strings */ = {isa = PBXFileReference; lastKnownFileType = text.plist.strings; path = "Localizable_pt-PT.strings"; sourceTree = "<group>"; };
		DEF16C1D24C0ABAB0094D33B /* Localizable_ru.strings */ = {isa = PBXFileReference; lastKnownFileType = text.plist.strings; path = Localizable_ru.strings; sourceTree = "<group>"; };
		DEF16C1F24C0ABBA0094D33B /* Localizable_sv.strings */ = {isa = PBXFileReference; lastKnownFileType = text.plist.strings; path = Localizable_sv.strings; sourceTree = "<group>"; };
		DEF16C2024C0ABC80094D33B /* Localizable_zh-Hans.strings */ = {isa = PBXFileReference; lastKnownFileType = text.plist.strings; path = "Localizable_zh-Hans.strings"; sourceTree = "<group>"; };
		DEF16C2124C0ABD90094D33B /* Localizable_zh-Hant.strings */ = {isa = PBXFileReference; lastKnownFileType = text.plist.strings; path = "Localizable_zh-Hant.strings"; sourceTree = "<group>"; };
		FC04FE1A21501A8F008AC8A5 /* AboutViewController.swift */ = {isa = PBXFileReference; lastKnownFileType = sourcecode.swift; path = AboutViewController.swift; sourceTree = "<group>"; };
		FC094BA4215ED6F5008B35F6 /* UIFont+CommonValues.swift */ = {isa = PBXFileReference; lastKnownFileType = sourcecode.swift; path = "UIFont+CommonValues.swift"; sourceTree = "<group>"; };
		FC094BA6215ED72F008B35F6 /* Color.swift */ = {isa = PBXFileReference; lastKnownFileType = sourcecode.swift; path = Color.swift; sourceTree = "<group>"; };
		FC1F491322710B62008A1B21 /* Connection_ParsingTests.swift */ = {isa = PBXFileReference; lastKnownFileType = sourcecode.swift; path = Connection_ParsingTests.swift; sourceTree = "<group>"; };
		FC1F491522710BE4008A1B21 /* fetch_connection_response.json */ = {isa = PBXFileReference; lastKnownFileType = text.json; path = fetch_connection_response.json; sourceTree = "<group>"; };
		FC22B19321ACA54000738023 /* ImageCache.swift */ = {isa = PBXFileReference; lastKnownFileType = sourcecode.swift; path = ImageCache.swift; sourceTree = "<group>"; };
		FC22B19521ACA54A00738023 /* ImageDownloader.swift */ = {isa = PBXFileReference; lastKnownFileType = sourcecode.swift; path = ImageDownloader.swift; sourceTree = "<group>"; };
		FC22B19921ACCD9C00738023 /* ConstraintsMaker.swift */ = {isa = PBXFileReference; lastKnownFileType = sourcecode.swift; path = ConstraintsMaker.swift; sourceTree = "<group>"; };
		FC22B19B21ACCDA600738023 /* PillView.swift */ = {isa = PBXFileReference; lastKnownFileType = sourcecode.swift; path = PillView.swift; sourceTree = "<group>"; };
		FC22B19D21ACCDAC00738023 /* PillButton.swift */ = {isa = PBXFileReference; lastKnownFileType = sourcecode.swift; path = PillButton.swift; sourceTree = "<group>"; };
		FC22B19F21ACCDB200738023 /* Selectable.swift */ = {isa = PBXFileReference; lastKnownFileType = sourcecode.swift; path = Selectable.swift; sourceTree = "<group>"; };
		FC22B1A121ACCDC000738023 /* SelectGestureRecognizer.swift */ = {isa = PBXFileReference; lastKnownFileType = sourcecode.swift; path = SelectGestureRecognizer.swift; sourceTree = "<group>"; };
		FC22B1A321ACCDF800738023 /* PassthroughView.swift */ = {isa = PBXFileReference; lastKnownFileType = sourcecode.swift; path = PassthroughView.swift; sourceTree = "<group>"; };
		FC22B1A521ACCE5E00738023 /* UIKit+ConvenienceInit.swift */ = {isa = PBXFileReference; lastKnownFileType = sourcecode.swift; path = "UIKit+ConvenienceInit.swift"; sourceTree = "<group>"; };
		FC2573122139E8CC0065AAD6 /* ConnectButton.swift */ = {isa = PBXFileReference; lastKnownFileType = sourcecode.swift; path = ConnectButton.swift; sourceTree = "<group>"; };
		FC28D7E42225B1E900D84A1B /* ServiceIconsNetworkController.swift */ = {isa = PBXFileReference; lastKnownFileType = sourcecode.swift; path = ServiceIconsNetworkController.swift; sourceTree = "<group>"; };
		FC361B60224D872D0078B153 /* ProgressBarController.swift */ = {isa = PBXFileReference; lastKnownFileType = sourcecode.swift; path = ProgressBarController.swift; sourceTree = "<group>"; };
		FC44F54321B75BF3005DA954 /* LocalizedStrings.swift */ = {isa = PBXFileReference; lastKnownFileType = sourcecode.swift; path = LocalizedStrings.swift; sourceTree = "<group>"; };
		FC74F1D72152AE4D00035A66 /* ConnectButtonController.swift */ = {isa = PBXFileReference; lastKnownFileType = sourcecode.swift; path = ConnectButtonController.swift; sourceTree = "<group>"; };
		FC75F93B22386626007C2DDB /* ConnectionActivationFlow.swift */ = {isa = PBXFileReference; lastKnownFileType = sourcecode.swift; path = ConnectionActivationFlow.swift; sourceTree = "<group>"; };
		FC75F93D22387164007C2DDB /* URLComponents+email.swift */ = {isa = PBXFileReference; lastKnownFileType = sourcecode.swift; path = "URLComponents+email.swift"; sourceTree = "<group>"; };
		FC7F13A121B06E34002AD8FB /* ImageViewNetworkController.swift */ = {isa = PBXFileReference; lastKnownFileType = sourcecode.swift; path = ImageViewNetworkController.swift; sourceTree = "<group>"; };
		FC84B84B21C4321F00BAF7ED /* Links.swift */ = {isa = PBXFileReference; lastKnownFileType = sourcecode.swift; path = Links.swift; sourceTree = "<group>"; };
		FC84B85221C43A3000BAF7ED /* LegalTermsText.swift */ = {isa = PBXFileReference; lastKnownFileType = sourcecode.swift; path = LegalTermsText.swift; sourceTree = "<group>"; };
		FCBA15EA21389F7500EB1BC8 /* IFTTT_SDK.framework */ = {isa = PBXFileReference; explicitFileType = wrapper.framework; includeInIndex = 0; path = IFTTT_SDK.framework; sourceTree = BUILT_PRODUCTS_DIR; };
		FCBA15ED21389F7500EB1BC8 /* IFTTT_SDK.h */ = {isa = PBXFileReference; lastKnownFileType = sourcecode.c.h; path = IFTTT_SDK.h; sourceTree = "<group>"; };
		FCBA15EE21389F7500EB1BC8 /* Info.plist */ = {isa = PBXFileReference; lastKnownFileType = text.plist.xml; path = Info.plist; sourceTree = "<group>"; };
		FCBA15F321389F7500EB1BC8 /* IFTTT SDKTests.xctest */ = {isa = PBXFileReference; explicitFileType = wrapper.cfbundle; includeInIndex = 0; path = "IFTTT SDKTests.xctest"; sourceTree = BUILT_PRODUCTS_DIR; };
		FCBA15FA21389F7500EB1BC8 /* Info.plist */ = {isa = PBXFileReference; lastKnownFileType = text.plist.xml; path = Info.plist; sourceTree = "<group>"; };
		FCBA16042138A4EE00EB1BC8 /* Connection.swift */ = {isa = PBXFileReference; lastKnownFileType = sourcecode.swift; path = Connection.swift; sourceTree = "<group>"; };
		FCC6DEB1215D90DD008C8405 /* Assets.swift */ = {isa = PBXFileReference; lastKnownFileType = sourcecode.swift; path = Assets.swift; sourceTree = "<group>"; };
		FCF0C4E321B0A97000DEB117 /* ConnectionNetworkError.swift */ = {isa = PBXFileReference; lastKnownFileType = sourcecode.swift; path = ConnectionNetworkError.swift; sourceTree = "<group>"; };
		FCF29FC42187C7E0004B1100 /* JSON.swift */ = {isa = PBXFileReference; lastKnownFileType = sourcecode.swift; path = JSON.swift; sourceTree = "<group>"; };
		FCF29FCA2187D0E3004B1100 /* User.swift */ = {isa = PBXFileReference; lastKnownFileType = sourcecode.swift; path = User.swift; sourceTree = "<group>"; };
/* End PBXFileReference section */

/* Begin PBXFrameworksBuildPhase section */
		FCBA15E721389F7500EB1BC8 /* Frameworks */ = {
			isa = PBXFrameworksBuildPhase;
			buildActionMask = 2147483647;
			files = (
			);
			runOnlyForDeploymentPostprocessing = 0;
		};
		FCBA15F021389F7500EB1BC8 /* Frameworks */ = {
			isa = PBXFrameworksBuildPhase;
			buildActionMask = 2147483647;
			files = (
				FCBA15F421389F7500EB1BC8 /* IFTTT_SDK.framework in Frameworks */,
			);
			runOnlyForDeploymentPostprocessing = 0;
		};
/* End PBXFrameworksBuildPhase section */

/* Begin PBXGroup section */
		1D453EF022972910001994FF /* ConnectButton */ = {
			isa = PBXGroup;
			children = (
				FC2573122139E8CC0065AAD6 /* ConnectButton.swift */,
				1D453EE922972407001994FF /* ConnectButton+SwitchControl.swift */,
				1D453EEB2297246C001994FF /* ConnectButton+CheckmarkView.swift */,
				1D453EE12297222D001994FF /* ConnectButton+Interaction.swift */,
				1D453EDB2297213E001994FF /* ConnectButton+Service.swift */,
				1D453EDD2297216A001994FF /* ConnectButton+AnimationState.swift */,
				1D453EDF2297218E001994FF /* ConnectButton+Transition.swift */,
				1D453EE32297230C001994FF /* ConnectButton+LabelValue.swift */,
				1D453EE52297236C001994FF /* ConnectButton+LabelAnimator.swift */,
				1D453EE7229723CA001994FF /* ConnectButton+ProgressBar.swift */,
				1D453ED722971C5C001994FF /* ConnectButton+Style.swift */,
				1D453ED9229720AB001994FF /* ConnectButton+Constants.swift */,
			);
			name = ConnectButton;
			sourceTree = "<group>";
		};
		1DFE02112190E44400856ABC /* Connection */ = {
			isa = PBXGroup;
			children = (
				FCBA16042138A4EE00EB1BC8 /* Connection.swift */,
				1DFE020A2190E39B00856ABC /* Connection+Request.swift */,
			);
			name = Connection;
			sourceTree = "<group>";
		};
		DE3074A523DB505400A3C71F /* Analytics */ = {
			isa = PBXGroup;
			children = (
				DE25265523D8C49D0019C9CB /* Analytics.swift */,
				DE3074A623DB506D00A3C71F /* AnalyticsNetworkController.swift */,
				DE3074A823DB50A800A3C71F /* Analytics+DataStructures.swift */,
			);
			name = Analytics;
			sourceTree = "<group>";
		};
		DE4A4C5C24363284004082BF /* Monitoring */ = {
			isa = PBXGroup;
			children = (
				DE328DC7243E2FC300603EAC /* SynchronizationTriggerEvent.swift */,
				DE328DB5243CBCB000603EAC /* EventPublisher.swift */,
				DEC08FF9242A5DD4007D7039 /* ConnectionsMonitor.swift */,
				DE4A4C5D243632A7004082BF /* SynchronizationSubscriber.swift */,
				DE4A4C5F2436340C004082BF /* SynchronizationManager.swift */,
				DE4A4C612436409C004082BF /* SynchronizationScheduler.swift */,
				DE328DBB243E185800603EAC /* ConnectionsRegistry.swift */,
				DE328DBF243E1DC000603EAC /* RegionsMonitor.swift */,
				DE328DC1243E1DED00603EAC /* LocationMonitor.swift */,
				DE328DC3243E1E1200603EAC /* VisitsMonitor.swift */,
				DEC75CBC250A73E000F40296 /* RegionEventsRegistry.swift */,
			);
			name = Monitoring;
			sourceTree = "<group>";
		};
		DEC75CB525092B6100F40296 /* Native Services */ = {
			isa = PBXGroup;
			children = (
				DEC8803C242BB0BA00E0286C /* LocationService.swift */,
				DEC75CB625092B8600F40296 /* PermissionsRequestor.swift */,
				DEC75CB8250973F600F40296 /* Library.swift */,
				DEC75CBA2509741F00F40296 /* LocationLibrary.swift */,
			);
			name = "Native Services";
			sourceTree = "<group>";
		};
		FC425EBC227233A10020967F /* Extensions */ = {
			isa = PBXGroup;
			children = (
				1DFE02062190E2E600856ABC /* Notification+Redirect.swift */,
				1DFE02122190E4D300856ABC /* URLRequest+CommonValues.swift */,
				1DFE02162190E58700856ABC /* URLSession+JSONTask.swift */,
				DE2F524B242940AD00EF986A /* CLCircularRegion+Parsing.swift */,
				DEC08FF1242948C3007D7039 /* Set+Helpers.swift */,
				DEC08FFB242BAB25007D7039 /* Bundle+Helpers.swift */,
			);
			name = Extensions;
			sourceTree = "<group>";
		};
		FC84B84D21C437B400BAF7ED /* Views */ = {
			isa = PBXGroup;
			children = (
				FC22B1A521ACCE5E00738023 /* UIKit+ConvenienceInit.swift */,
				FC22B19921ACCD9C00738023 /* ConstraintsMaker.swift */,
				FC22B19B21ACCDA600738023 /* PillView.swift */,
				FC22B19D21ACCDAC00738023 /* PillButton.swift */,
				FC22B1A321ACCDF800738023 /* PassthroughView.swift */,
				FC22B19F21ACCDB200738023 /* Selectable.swift */,
				FC22B1A121ACCDC000738023 /* SelectGestureRecognizer.swift */,
			);
			name = Views;
			sourceTree = "<group>";
		};
		FC84B84E21C437D500BAF7ED /* Models */ = {
			isa = PBXGroup;
			children = (
				DE3761FF22DF75CB00F8BD38 /* ConnectionDeeplinkAction.swift */,
				FCF29FC42187C7E0004B1100 /* JSON.swift */,
				FC75F93B22386626007C2DDB /* ConnectionActivationFlow.swift */,
				FC75F93D22387164007C2DDB /* URLComponents+email.swift */,
				FCF29FCA2187D0E3004B1100 /* User.swift */,
				DE2F52492429404200EF986A /* Connection+Location.swift */,
				DE2906D2242BF66E00CC2825 /* Connection+Parsing.swift */,
				DEC75CB32508312F00F40296 /* Connection+Storage.swift */,
				DEC08FEF2429469C007D7039 /* NativeServices.swift */,
			);
			name = Models;
			sourceTree = "<group>";
		};
		FC84B85021C437E900BAF7ED /* Images */ = {
			isa = PBXGroup;
			children = (
				FC22B19321ACA54000738023 /* ImageCache.swift */,
				FC22B19521ACA54A00738023 /* ImageDownloader.swift */,
				FC7F13A121B06E34002AD8FB /* ImageViewNetworkController.swift */,
				FC28D7E42225B1E900D84A1B /* ServiceIconsNetworkController.swift */,
			);
			name = Images;
			sourceTree = "<group>";
		};
		FC84B85121C437FB00BAF7ED /* Pages */ = {
			isa = PBXGroup;
			children = (
				FC04FE1A21501A8F008AC8A5 /* AboutViewController.swift */,
			);
			name = Pages;
			sourceTree = "<group>";
		};
		FCBA15E021389F7500EB1BC8 = {
			isa = PBXGroup;
			children = (
				FCBA15EC21389F7500EB1BC8 /* IFTTT SDK */,
				FCBA15F721389F7500EB1BC8 /* IFTTT SDKTests */,
				FCBA15EB21389F7500EB1BC8 /* Products */,
				FCBA16202139ACF500EB1BC8 /* Frameworks */,
			);
			sourceTree = "<group>";
		};
		FCBA15EB21389F7500EB1BC8 /* Products */ = {
			isa = PBXGroup;
			children = (
				FCBA15EA21389F7500EB1BC8 /* IFTTT_SDK.framework */,
				FCBA15F321389F7500EB1BC8 /* IFTTT SDKTests.xctest */,
			);
			name = Products;
			sourceTree = "<group>";
		};
		FCBA15EC21389F7500EB1BC8 /* IFTTT SDK */ = {
			isa = PBXGroup;
			children = (
				FCBA15ED21389F7500EB1BC8 /* IFTTT_SDK.h */,
				FCBA15EE21389F7500EB1BC8 /* Info.plist */,
				FCF29FC92187CF71004B1100 /* Public */,
				FCF29FC32187B903004B1100 /* Internal */,
				FCF29FC82187CF33004B1100 /* Resources */,
			);
			path = "IFTTT SDK";
			sourceTree = "<group>";
		};
		FCBA15F721389F7500EB1BC8 /* IFTTT SDKTests */ = {
			isa = PBXGroup;
			children = (
				1D6E554621CBF4F200FE66F0 /* String_EmailDataDetectorTests.swift */,
				FC1F491322710B62008A1B21 /* Connection_ParsingTests.swift */,
				1D6E554521CBF4F200FE66F0 /* IFTTT SDKTests-Bridging-Header.h */,
				FCBA15FA21389F7500EB1BC8 /* Info.plist */,
				FC1F491522710BE4008A1B21 /* fetch_connection_response.json */,
				DE328DC92440CD7900603EAC /* CLRegion+Parsing_spec.swift */,
				DE328DCB2440CEA500603EAC /* EventPublisherTests.swift */,
				DE328DCD2440E89600603EAC /* ConnectionsRegistryTests.swift */,
			);
			path = "IFTTT SDKTests";
			sourceTree = "<group>";
		};
		FCBA16202139ACF500EB1BC8 /* Frameworks */ = {
			isa = PBXGroup;
			children = (
			);
			name = Frameworks;
			sourceTree = "<group>";
		};
		FCF29FC32187B903004B1100 /* Internal */ = {
			isa = PBXGroup;
			children = (
				DEC75CB525092B6100F40296 /* Native Services */,
				1DFE020C2190E3DB00856ABC /* API.swift */,
				DE3074A523DB505400A3C71F /* Analytics */,
				FC425EBC227233A10020967F /* Extensions */,
				FC84B85121C437FB00BAF7ED /* Pages */,
				FC84B85021C437E900BAF7ED /* Images */,
				FC84B84E21C437D500BAF7ED /* Models */,
				DE4A4C5C24363284004082BF /* Monitoring */,
				FC84B84D21C437B400BAF7ED /* Views */,
				FC094BA4215ED6F5008B35F6 /* UIFont+CommonValues.swift */,
				FC094BA6215ED72F008B35F6 /* Color.swift */,
				FCC6DEB1215D90DD008C8405 /* Assets.swift */,
				FC44F54321B75BF3005DA954 /* LocalizedStrings.swift */,
				FC84B84B21C4321F00BAF7ED /* Links.swift */,
				FC84B85221C43A3000BAF7ED /* LegalTermsText.swift */,
				1D7918402227202700429936 /* Reachability.swift */,
				FC361B60224D872D0078B153 /* ProgressBarController.swift */,
				DE4C5FF922CFE570009C7AF9 /* EmailValidator.swift */,
				DE7666E623997568005D6DE3 /* ConnectionVerificationSession.swift */,
				DE7666E8239990C5005D6DE3 /* AuthenticationSession.swift */,
				DE328DBD243E18BB00603EAC /* Keychain.swift */,
			);
			name = Internal;
			sourceTree = "<group>";
		};
		FCF29FC82187CF33004B1100 /* Resources */ = {
			isa = PBXGroup;
			children = (
				DED00F9624990C3800C8E618 /* Localizable.strings */,
				DED00F9424990BBD00C8E618 /* Localizable_en-US.strings */,
				DEF16C0C24C0AAE70094D33B /* Localizable_cs.strings */,
				DEF16C0D24C0AAF90094D33B /* Localizable_da.strings */,
				DEF16C0E24C0AB040094D33B /* Localizable_de.strings */,
				DEF16C0F24C0AB0B0094D33B /* Localizable_en-GB.strings */,
				DEF16C1024C0AB160094D33B /* Localizable_es-419.strings */,
				DEF16C1124C0AB230094D33B /* Localizable_es.strings */,
				DEF16C1224C0AB2B0094D33B /* Localizable_fi.strings */,
				DEF16C1324C0AB380094D33B /* Localizable_fr-CA.strings */,
				DEF16C1424C0AB480094D33B /* Localizable_fr.strings */,
				DEF16C1524C0AB4F0094D33B /* Localizable_it.strings */,
				DEF16C1624C0AB5F0094D33B /* Localizable_ja.strings */,
				DEF16C1724C0AB680094D33B /* Localizable_ko.strings */,
				DEF16C1824C0AB6F0094D33B /* Localizable_nb.strings */,
				DEF16C1924C0AB7A0094D33B /* Localizable_nl.strings */,
				DEF16C1A24C0AB8D0094D33B /* Localizable_pl.strings */,
				DEF16C1B24C0AB950094D33B /* Localizable_pt-BR.strings */,
				DEF16C1C24C0ABA10094D33B /* Localizable_pt-PT.strings */,
				DEF16C1D24C0ABAB0094D33B /* Localizable_ru.strings */,
				DEF16C1F24C0ABBA0094D33B /* Localizable_sv.strings */,
				DEF16C2024C0ABC80094D33B /* Localizable_zh-Hans.strings */,
				DEF16C2124C0ABD90094D33B /* Localizable_zh-Hant.strings */,
				DE3BEFCB22CAAA9B0020B425 /* Assets.xcassets */,
			);
			name = Resources;
			sourceTree = "<group>";
		};
		FCF29FC92187CF71004B1100 /* Public */ = {
			isa = PBXGroup;
			children = (
				1DFE02112190E44400856ABC /* Connection */,
				1D453EF022972910001994FF /* ConnectButton */,
				FC74F1D72152AE4D00035A66 /* ConnectButtonController.swift */,
				1D4B50A92194857A004D1559 /* ConnectionNetworkController.swift */,
				1D4B50AB21949223004D1559 /* ConnectionConfiguration.swift */,
				1DFE02082190E35300856ABC /* ConnectionRedirectHandler.swift */,
				1DFE02042190E25500856ABC /* ConnectionCredentialProvider.swift */,
				1D981C32219210D7001784C4 /* Result<ValueType,ErrorType>.swift */,
				FCF0C4E321B0A97000DEB117 /* ConnectionNetworkError.swift */,
				DE328DB3243CBC9700603EAC /* ConnectionsSynchronizer.swift */,
			);
			name = Public;
			sourceTree = "<group>";
		};
/* End PBXGroup section */

/* Begin PBXHeadersBuildPhase section */
		FCBA15E521389F7500EB1BC8 /* Headers */ = {
			isa = PBXHeadersBuildPhase;
			buildActionMask = 2147483647;
			files = (
				FCBA15FB21389F7500EB1BC8 /* IFTTT_SDK.h in Headers */,
			);
			runOnlyForDeploymentPostprocessing = 0;
		};
/* End PBXHeadersBuildPhase section */

/* Begin PBXNativeTarget section */
		FCBA15E921389F7500EB1BC8 /* IFTTT SDK */ = {
			isa = PBXNativeTarget;
			buildConfigurationList = FCBA15FE21389F7500EB1BC8 /* Build configuration list for PBXNativeTarget "IFTTT SDK" */;
			buildPhases = (
				FCBA15E521389F7500EB1BC8 /* Headers */,
				FCBA15E621389F7500EB1BC8 /* Sources */,
				FCBA15E721389F7500EB1BC8 /* Frameworks */,
				FCBA15E821389F7500EB1BC8 /* Resources */,
			);
			buildRules = (
			);
			dependencies = (
			);
			name = "IFTTT SDK";
			productName = "IFTTT SDK";
			productReference = FCBA15EA21389F7500EB1BC8 /* IFTTT_SDK.framework */;
			productType = "com.apple.product-type.framework";
		};
		FCBA15F221389F7500EB1BC8 /* IFTTT SDKTests */ = {
			isa = PBXNativeTarget;
			buildConfigurationList = FCBA160121389F7500EB1BC8 /* Build configuration list for PBXNativeTarget "IFTTT SDKTests" */;
			buildPhases = (
				FCBA15EF21389F7500EB1BC8 /* Sources */,
				FCBA15F021389F7500EB1BC8 /* Frameworks */,
				FCBA15F121389F7500EB1BC8 /* Resources */,
			);
			buildRules = (
			);
			dependencies = (
				FCBA15F621389F7500EB1BC8 /* PBXTargetDependency */,
			);
			name = "IFTTT SDKTests";
			productName = "IFTTT SDKTests";
			productReference = FCBA15F321389F7500EB1BC8 /* IFTTT SDKTests.xctest */;
			productType = "com.apple.product-type.bundle.unit-test";
		};
/* End PBXNativeTarget section */

/* Begin PBXProject section */
		FCBA15E121389F7500EB1BC8 /* Project object */ = {
			isa = PBXProject;
			attributes = {
				LastSwiftUpdateCheck = 1140;
				LastUpgradeCheck = 1000;
				ORGANIZATIONNAME = IFTTT;
				TargetAttributes = {
					FCBA15E921389F7500EB1BC8 = {
						CreatedOnToolsVersion = 10.0;
						LastSwiftMigration = 1020;
					};
					FCBA15F221389F7500EB1BC8 = {
						CreatedOnToolsVersion = 10.0;
						LastSwiftMigration = 1020;
					};
				};
			};
			buildConfigurationList = FCBA15E421389F7500EB1BC8 /* Build configuration list for PBXProject "IFTTT SDK" */;
			compatibilityVersion = "Xcode 9.3";
			developmentRegion = en;
			hasScannedForEncodings = 0;
			knownRegions = (
				en,
				Base,
			);
			mainGroup = FCBA15E021389F7500EB1BC8;
			productRefGroup = FCBA15EB21389F7500EB1BC8 /* Products */;
			projectDirPath = "";
			projectRoot = "";
			targets = (
				FCBA15E921389F7500EB1BC8 /* IFTTT SDK */,
				FCBA15F221389F7500EB1BC8 /* IFTTT SDKTests */,
			);
		};
/* End PBXProject section */

/* Begin PBXResourcesBuildPhase section */
		FCBA15E821389F7500EB1BC8 /* Resources */ = {
			isa = PBXResourcesBuildPhase;
			buildActionMask = 2147483647;
			files = (
				DE29EA6024DAFC7B00F6F356 /* Localizable_de.strings in Resources */,
				DE29EA6324DAFC7B00F6F356 /* Localizable_es.strings in Resources */,
				DE29EA6B24DAFC7B00F6F356 /* Localizable_nl.strings in Resources */,
				DE29EA6C24DAFC7B00F6F356 /* Localizable_pl.strings in Resources */,
				DE29EA6824DAFC7B00F6F356 /* Localizable_ja.strings in Resources */,
				DE29EA6524DAFC7B00F6F356 /* Localizable_fr-CA.strings in Resources */,
				DE29EA7124DAFC7B00F6F356 /* Localizable_zh-Hans.strings in Resources */,
				DE29EA5F24DAFC7B00F6F356 /* Localizable_da.strings in Resources */,
				DED00F9524990BBD00C8E618 /* Localizable_en-US.strings in Resources */,
				DE29EA5E24DAFC7B00F6F356 /* Localizable_cs.strings in Resources */,
				DED00F9724990C3800C8E618 /* Localizable.strings in Resources */,
				DE29EA6924DAFC7B00F6F356 /* Localizable_ko.strings in Resources */,
				DE29EA6D24DAFC7B00F6F356 /* Localizable_pt-BR.strings in Resources */,
				DE29EA7024DAFC7B00F6F356 /* Localizable_sv.strings in Resources */,
				DE29EA6624DAFC7B00F6F356 /* Localizable_fr.strings in Resources */,
				DE29EA6124DAFC7B00F6F356 /* Localizable_en-GB.strings in Resources */,
				DE29EA6724DAFC7B00F6F356 /* Localizable_it.strings in Resources */,
				DE29EA6224DAFC7B00F6F356 /* Localizable_es-419.strings in Resources */,
				DE29EA6424DAFC7B00F6F356 /* Localizable_fi.strings in Resources */,
				DE3BEFCC22CAAA9C0020B425 /* Assets.xcassets in Resources */,
				DE29EA6A24DAFC7B00F6F356 /* Localizable_nb.strings in Resources */,
				DE29EA6F24DAFC7B00F6F356 /* Localizable_ru.strings in Resources */,
				DE29EA7224DAFC7B00F6F356 /* Localizable_zh-Hant.strings in Resources */,
				DE29EA6E24DAFC7B00F6F356 /* Localizable_pt-PT.strings in Resources */,
			);
			runOnlyForDeploymentPostprocessing = 0;
		};
		FCBA15F121389F7500EB1BC8 /* Resources */ = {
			isa = PBXResourcesBuildPhase;
			buildActionMask = 2147483647;
			files = (
				FC1F491622710BE4008A1B21 /* fetch_connection_response.json in Resources */,
			);
			runOnlyForDeploymentPostprocessing = 0;
		};
/* End PBXResourcesBuildPhase section */

/* Begin PBXSourcesBuildPhase section */
		FCBA15E621389F7500EB1BC8 /* Sources */ = {
			isa = PBXSourcesBuildPhase;
			buildActionMask = 2147483647;
			files = (
				FC75F93E22387164007C2DDB /* URLComponents+email.swift in Sources */,
				DEC75CB725092B8600F40296 /* PermissionsRequestor.swift in Sources */,
				FCF29FCB2187D0E3004B1100 /* User.swift in Sources */,
				DE2906D3242BF66E00CC2825 /* Connection+Parsing.swift in Sources */,
				DEC08FF02429469C007D7039 /* NativeServices.swift in Sources */,
				FC22B1A421ACCDF800738023 /* PassthroughView.swift in Sources */,
				DE328DBE243E18BB00603EAC /* Keychain.swift in Sources */,
				FC84B85321C43A3000BAF7ED /* LegalTermsText.swift in Sources */,
				DEC75CB42508312F00F40296 /* Connection+Storage.swift in Sources */,
				FC361B61224D872D0078B153 /* ProgressBarController.swift in Sources */,
				DE4C5FFA22CFE570009C7AF9 /* EmailValidator.swift in Sources */,
				1D453EE42297230C001994FF /* ConnectButton+LabelValue.swift in Sources */,
				1D453EDC2297213E001994FF /* ConnectButton+Service.swift in Sources */,
				FC2573132139E8CC0065AAD6 /* ConnectButton.swift in Sources */,
				1D453EE62297236C001994FF /* ConnectButton+LabelAnimator.swift in Sources */,
				DE4A4C5E243632A7004082BF /* SynchronizationSubscriber.swift in Sources */,
				DE328DB4243CBC9700603EAC /* ConnectionsSynchronizer.swift in Sources */,
				DE3074A723DB506D00A3C71F /* AnalyticsNetworkController.swift in Sources */,
				DE7666E9239990C5005D6DE3 /* AuthenticationSession.swift in Sources */,
				1D453EDE2297216A001994FF /* ConnectButton+AnimationState.swift in Sources */,
				FC22B19621ACA54A00738023 /* ImageDownloader.swift in Sources */,
				FCF29FC52187C7E0004B1100 /* JSON.swift in Sources */,
				1D453EEC2297246C001994FF /* ConnectButton+CheckmarkView.swift in Sources */,
				DE328DB6243CBCB000603EAC /* EventPublisher.swift in Sources */,
				1D453EDA229720AB001994FF /* ConnectButton+Constants.swift in Sources */,
				FC22B1A621ACCE5E00738023 /* UIKit+ConvenienceInit.swift in Sources */,
				FC22B19E21ACCDAC00738023 /* PillButton.swift in Sources */,
				1DFE02132190E4D300856ABC /* URLRequest+CommonValues.swift in Sources */,
				FC22B19C21ACCDA600738023 /* PillView.swift in Sources */,
				DE4A4C602436340C004082BF /* SynchronizationManager.swift in Sources */,
				1D453EE22297222D001994FF /* ConnectButton+Interaction.swift in Sources */,
				1D4B50AC21949223004D1559 /* ConnectionConfiguration.swift in Sources */,
				FC22B19A21ACCD9C00738023 /* ConstraintsMaker.swift in Sources */,
				DE328DBC243E185800603EAC /* ConnectionsRegistry.swift in Sources */,
				1DFE02092190E35300856ABC /* ConnectionRedirectHandler.swift in Sources */,
				FC04FE1B21501A8F008AC8A5 /* AboutViewController.swift in Sources */,
				DEC8803D242BB0BA00E0286C /* LocationService.swift in Sources */,
				1D453EE02297218E001994FF /* ConnectButton+Transition.swift in Sources */,
				DE328DC2243E1DED00603EAC /* LocationMonitor.swift in Sources */,
				DEC75CBD250A73E000F40296 /* RegionEventsRegistry.swift in Sources */,
				1D453EE8229723CA001994FF /* ConnectButton+ProgressBar.swift in Sources */,
				DE328DC0243E1DC000603EAC /* RegionsMonitor.swift in Sources */,
				1D4B50AA2194857A004D1559 /* ConnectionNetworkController.swift in Sources */,
				1D7918412227202700429936 /* Reachability.swift in Sources */,
				FC22B19421ACA54000738023 /* ImageCache.swift in Sources */,
				1DFE02072190E2E600856ABC /* Notification+Redirect.swift in Sources */,
				FCF0C4E421B0A97000DEB117 /* ConnectionNetworkError.swift in Sources */,
				1DFE02052190E25500856ABC /* ConnectionCredentialProvider.swift in Sources */,
				DE328DC8243E2FC300603EAC /* SynchronizationTriggerEvent.swift in Sources */,
				FC094BA7215ED72F008B35F6 /* Color.swift in Sources */,
				DEC08FFC242BAB25007D7039 /* Bundle+Helpers.swift in Sources */,
				FC74F1D82152AE4D00035A66 /* ConnectButtonController.swift in Sources */,
				DE2F524A2429404200EF986A /* Connection+Location.swift in Sources */,
				DE7666E723997568005D6DE3 /* ConnectionVerificationSession.swift in Sources */,
				DEC75CB9250973F600F40296 /* Library.swift in Sources */,
				1D453EEA22972407001994FF /* ConnectButton+SwitchControl.swift in Sources */,
				DE2F524C242940AD00EF986A /* CLCircularRegion+Parsing.swift in Sources */,
				DE328DC4243E1E1200603EAC /* VisitsMonitor.swift in Sources */,
				FC22B1A221ACCDC000738023 /* SelectGestureRecognizer.swift in Sources */,
				1DFE020B2190E39B00856ABC /* Connection+Request.swift in Sources */,
				1D981C33219210D7001784C4 /* Result<ValueType,ErrorType>.swift in Sources */,
				FC84B84C21C4321F00BAF7ED /* Links.swift in Sources */,
				DE4A4C622436409C004082BF /* SynchronizationScheduler.swift in Sources */,
				1DFE02172190E58700856ABC /* URLSession+JSONTask.swift in Sources */,
				FC7F13A221B06E34002AD8FB /* ImageViewNetworkController.swift in Sources */,
				1D453ED822971C5C001994FF /* ConnectButton+Style.swift in Sources */,
				DEC75CBB2509741F00F40296 /* LocationLibrary.swift in Sources */,
				DE37620022DF75CB00F8BD38 /* ConnectionDeeplinkAction.swift in Sources */,
				FCC6DEB2215D90DD008C8405 /* Assets.swift in Sources */,
				DEC08FF2242948C3007D7039 /* Set+Helpers.swift in Sources */,
				FC28D7E52225B1E900D84A1B /* ServiceIconsNetworkController.swift in Sources */,
				DE25265623D8C49D0019C9CB /* Analytics.swift in Sources */,
				FC44F54421B75BF3005DA954 /* LocalizedStrings.swift in Sources */,
				FC094BA5215ED6F5008B35F6 /* UIFont+CommonValues.swift in Sources */,
				1DFE020D2190E3DB00856ABC /* API.swift in Sources */,
				FCBA16052138A4EE00EB1BC8 /* Connection.swift in Sources */,
				DEC08FFA242A5DD4007D7039 /* ConnectionsMonitor.swift in Sources */,
				DE3074A923DB50A800A3C71F /* Analytics+DataStructures.swift in Sources */,
				FC22B1A021ACCDB200738023 /* Selectable.swift in Sources */,
				FC75F93C22386626007C2DDB /* ConnectionActivationFlow.swift in Sources */,
			);
			runOnlyForDeploymentPostprocessing = 0;
		};
		FCBA15EF21389F7500EB1BC8 /* Sources */ = {
			isa = PBXSourcesBuildPhase;
			buildActionMask = 2147483647;
			files = (
				DE328DCA2440CD7900603EAC /* CLRegion+Parsing_spec.swift in Sources */,
				1D6E554721CBF4F200FE66F0 /* String_EmailDataDetectorTests.swift in Sources */,
				DE328DCC2440CEA500603EAC /* EventPublisherTests.swift in Sources */,
				DE328DCE2440E89600603EAC /* ConnectionsRegistryTests.swift in Sources */,
				FC1F491422710B62008A1B21 /* Connection_ParsingTests.swift in Sources */,
			);
			runOnlyForDeploymentPostprocessing = 0;
		};
/* End PBXSourcesBuildPhase section */

/* Begin PBXTargetDependency section */
		FCBA15F621389F7500EB1BC8 /* PBXTargetDependency */ = {
			isa = PBXTargetDependency;
			target = FCBA15E921389F7500EB1BC8 /* IFTTT SDK */;
			targetProxy = FCBA15F521389F7500EB1BC8 /* PBXContainerItemProxy */;
		};
/* End PBXTargetDependency section */

/* Begin XCBuildConfiguration section */
		FCBA15FC21389F7500EB1BC8 /* Debug */ = {
			isa = XCBuildConfiguration;
			buildSettings = {
				ALWAYS_SEARCH_USER_PATHS = NO;
				CLANG_ANALYZER_NONNULL = YES;
				CLANG_ANALYZER_NUMBER_OBJECT_CONVERSION = YES_AGGRESSIVE;
				CLANG_CXX_LANGUAGE_STANDARD = "gnu++14";
				CLANG_CXX_LIBRARY = "libc++";
				CLANG_ENABLE_MODULES = YES;
				CLANG_ENABLE_OBJC_ARC = YES;
				CLANG_ENABLE_OBJC_WEAK = YES;
				CLANG_WARN_BLOCK_CAPTURE_AUTORELEASING = YES;
				CLANG_WARN_BOOL_CONVERSION = YES;
				CLANG_WARN_COMMA = YES;
				CLANG_WARN_CONSTANT_CONVERSION = YES;
				CLANG_WARN_DEPRECATED_OBJC_IMPLEMENTATIONS = YES;
				CLANG_WARN_DIRECT_OBJC_ISA_USAGE = YES_ERROR;
				CLANG_WARN_DOCUMENTATION_COMMENTS = YES;
				CLANG_WARN_EMPTY_BODY = YES;
				CLANG_WARN_ENUM_CONVERSION = YES;
				CLANG_WARN_INFINITE_RECURSION = YES;
				CLANG_WARN_INT_CONVERSION = YES;
				CLANG_WARN_NON_LITERAL_NULL_CONVERSION = YES;
				CLANG_WARN_OBJC_IMPLICIT_RETAIN_SELF = YES;
				CLANG_WARN_OBJC_LITERAL_CONVERSION = YES;
				CLANG_WARN_OBJC_ROOT_CLASS = YES_ERROR;
				CLANG_WARN_RANGE_LOOP_ANALYSIS = YES;
				CLANG_WARN_STRICT_PROTOTYPES = YES;
				CLANG_WARN_SUSPICIOUS_MOVE = YES;
				CLANG_WARN_UNGUARDED_AVAILABILITY = YES_AGGRESSIVE;
				CLANG_WARN_UNREACHABLE_CODE = YES;
				CLANG_WARN__DUPLICATE_METHOD_MATCH = YES;
				COPY_PHASE_STRIP = NO;
				CURRENT_PROJECT_VERSION = 1;
				DEBUG_INFORMATION_FORMAT = dwarf;
				ENABLE_STRICT_OBJC_MSGSEND = YES;
				ENABLE_TESTABILITY = YES;
				GCC_C_LANGUAGE_STANDARD = gnu11;
				GCC_DYNAMIC_NO_PIC = NO;
				GCC_NO_COMMON_BLOCKS = YES;
				GCC_OPTIMIZATION_LEVEL = 0;
				GCC_PREPROCESSOR_DEFINITIONS = (
					"DEBUG=1",
					"$(inherited)",
				);
				GCC_WARN_64_TO_32_BIT_CONVERSION = YES;
				GCC_WARN_ABOUT_RETURN_TYPE = YES_ERROR;
				GCC_WARN_UNDECLARED_SELECTOR = YES;
				GCC_WARN_UNINITIALIZED_AUTOS = YES_AGGRESSIVE;
				GCC_WARN_UNUSED_FUNCTION = YES;
				GCC_WARN_UNUSED_VARIABLE = YES;
				IPHONEOS_DEPLOYMENT_TARGET = 10.0;
				MARKETING_VERSION = 2.3.1;
				MTL_ENABLE_DEBUG_INFO = INCLUDE_SOURCE;
				MTL_FAST_MATH = YES;
				ONLY_ACTIVE_ARCH = YES;
				SDKROOT = iphoneos;
				SWIFT_ACTIVE_COMPILATION_CONDITIONS = DEBUG;
				SWIFT_OPTIMIZATION_LEVEL = "-Onone";
				VERSIONING_SYSTEM = "apple-generic";
				VERSION_INFO_PREFIX = "";
			};
			name = Debug;
		};
		FCBA15FD21389F7500EB1BC8 /* Release */ = {
			isa = XCBuildConfiguration;
			buildSettings = {
				ALWAYS_SEARCH_USER_PATHS = NO;
				CLANG_ANALYZER_NONNULL = YES;
				CLANG_ANALYZER_NUMBER_OBJECT_CONVERSION = YES_AGGRESSIVE;
				CLANG_CXX_LANGUAGE_STANDARD = "gnu++14";
				CLANG_CXX_LIBRARY = "libc++";
				CLANG_ENABLE_MODULES = YES;
				CLANG_ENABLE_OBJC_ARC = YES;
				CLANG_ENABLE_OBJC_WEAK = YES;
				CLANG_WARN_BLOCK_CAPTURE_AUTORELEASING = YES;
				CLANG_WARN_BOOL_CONVERSION = YES;
				CLANG_WARN_COMMA = YES;
				CLANG_WARN_CONSTANT_CONVERSION = YES;
				CLANG_WARN_DEPRECATED_OBJC_IMPLEMENTATIONS = YES;
				CLANG_WARN_DIRECT_OBJC_ISA_USAGE = YES_ERROR;
				CLANG_WARN_DOCUMENTATION_COMMENTS = YES;
				CLANG_WARN_EMPTY_BODY = YES;
				CLANG_WARN_ENUM_CONVERSION = YES;
				CLANG_WARN_INFINITE_RECURSION = YES;
				CLANG_WARN_INT_CONVERSION = YES;
				CLANG_WARN_NON_LITERAL_NULL_CONVERSION = YES;
				CLANG_WARN_OBJC_IMPLICIT_RETAIN_SELF = YES;
				CLANG_WARN_OBJC_LITERAL_CONVERSION = YES;
				CLANG_WARN_OBJC_ROOT_CLASS = YES_ERROR;
				CLANG_WARN_RANGE_LOOP_ANALYSIS = YES;
				CLANG_WARN_STRICT_PROTOTYPES = YES;
				CLANG_WARN_SUSPICIOUS_MOVE = YES;
				CLANG_WARN_UNGUARDED_AVAILABILITY = YES_AGGRESSIVE;
				CLANG_WARN_UNREACHABLE_CODE = YES;
				CLANG_WARN__DUPLICATE_METHOD_MATCH = YES;
				COPY_PHASE_STRIP = NO;
				CURRENT_PROJECT_VERSION = 1;
				DEBUG_INFORMATION_FORMAT = "dwarf-with-dsym";
				ENABLE_NS_ASSERTIONS = NO;
				ENABLE_STRICT_OBJC_MSGSEND = YES;
				GCC_C_LANGUAGE_STANDARD = gnu11;
				GCC_NO_COMMON_BLOCKS = YES;
				GCC_WARN_64_TO_32_BIT_CONVERSION = YES;
				GCC_WARN_ABOUT_RETURN_TYPE = YES_ERROR;
				GCC_WARN_UNDECLARED_SELECTOR = YES;
				GCC_WARN_UNINITIALIZED_AUTOS = YES_AGGRESSIVE;
				GCC_WARN_UNUSED_FUNCTION = YES;
				GCC_WARN_UNUSED_VARIABLE = YES;
				IPHONEOS_DEPLOYMENT_TARGET = 10.0;
				MARKETING_VERSION = 2.3.1;
				MTL_ENABLE_DEBUG_INFO = NO;
				MTL_FAST_MATH = YES;
				SDKROOT = iphoneos;
				SWIFT_COMPILATION_MODE = wholemodule;
				SWIFT_OPTIMIZATION_LEVEL = "-O";
				VALIDATE_PRODUCT = YES;
				VERSIONING_SYSTEM = "apple-generic";
				VERSION_INFO_PREFIX = "";
			};
			name = Release;
		};
		FCBA15FF21389F7500EB1BC8 /* Debug */ = {
			isa = XCBuildConfiguration;
			buildSettings = {
				BUILD_LIBRARY_FOR_DISTRIBUTION = YES;
				CLANG_ENABLE_MODULES = YES;
				CODE_SIGN_IDENTITY = "";
				DEFINES_MODULE = YES;
				DYLIB_COMPATIBILITY_VERSION = 1;
				DYLIB_CURRENT_VERSION = 1;
				DYLIB_INSTALL_NAME_BASE = "@rpath";
				INFOPLIST_FILE = "IFTTT SDK/Info.plist";
				INSTALL_PATH = "$(LOCAL_LIBRARY_DIR)/Frameworks";
				LD_RUNPATH_SEARCH_PATHS = (
					"$(inherited)",
					"@executable_path/Frameworks",
					"@loader_path/Frameworks",
				);
				MARKETING_VERSION = 2.4.2;
				PRODUCT_BUNDLE_IDENTIFIER = "ifttt.IFTTT-SDK";
				PRODUCT_NAME = "$(TARGET_NAME:c99extidentifier)";
				SKIP_INSTALL = YES;
				SWIFT_OPTIMIZATION_LEVEL = "-Onone";
				SWIFT_VERSION = 5.0;
				TARGETED_DEVICE_FAMILY = "1,2";
			};
			name = Debug;
		};
		FCBA160021389F7500EB1BC8 /* Release */ = {
			isa = XCBuildConfiguration;
			buildSettings = {
				BUILD_LIBRARY_FOR_DISTRIBUTION = YES;
				CLANG_ENABLE_MODULES = YES;
				CODE_SIGN_IDENTITY = "";
				DEFINES_MODULE = YES;
				DYLIB_COMPATIBILITY_VERSION = 1;
				DYLIB_CURRENT_VERSION = 1;
				DYLIB_INSTALL_NAME_BASE = "@rpath";
				INFOPLIST_FILE = "IFTTT SDK/Info.plist";
				INSTALL_PATH = "$(LOCAL_LIBRARY_DIR)/Frameworks";
				LD_RUNPATH_SEARCH_PATHS = (
					"$(inherited)",
					"@executable_path/Frameworks",
					"@loader_path/Frameworks",
				);
				MARKETING_VERSION = 2.4.2;
				PRODUCT_BUNDLE_IDENTIFIER = "ifttt.IFTTT-SDK";
				PRODUCT_NAME = "$(TARGET_NAME:c99extidentifier)";
				SKIP_INSTALL = YES;
				SWIFT_VERSION = 5.0;
				TARGETED_DEVICE_FAMILY = "1,2";
			};
			name = Release;
		};
		FCBA160221389F7500EB1BC8 /* Debug */ = {
			isa = XCBuildConfiguration;
			buildSettings = {
				ALWAYS_EMBED_SWIFT_STANDARD_LIBRARIES = YES;
				CLANG_ENABLE_MODULES = YES;
				CODE_SIGN_STYLE = Automatic;
				DEVELOPMENT_TEAM = 8SV2G8GQ6K;
				INFOPLIST_FILE = "IFTTT SDKTests/Info.plist";
				LD_RUNPATH_SEARCH_PATHS = (
					"$(inherited)",
					"@executable_path/Frameworks",
					"@loader_path/Frameworks",
				);
				PRODUCT_BUNDLE_IDENTIFIER = "ifttt.IFTTT-SDKTests";
				PRODUCT_NAME = "$(TARGET_NAME)";
				SWIFT_OBJC_BRIDGING_HEADER = "IFTTT SDKTests/IFTTT SDKTests-Bridging-Header.h";
				SWIFT_OPTIMIZATION_LEVEL = "-Onone";
				SWIFT_VERSION = 5.0;
				TARGETED_DEVICE_FAMILY = "1,2";
			};
			name = Debug;
		};
		FCBA160321389F7500EB1BC8 /* Release */ = {
			isa = XCBuildConfiguration;
			buildSettings = {
				ALWAYS_EMBED_SWIFT_STANDARD_LIBRARIES = YES;
				CLANG_ENABLE_MODULES = YES;
				CODE_SIGN_STYLE = Automatic;
				DEVELOPMENT_TEAM = 8SV2G8GQ6K;
				INFOPLIST_FILE = "IFTTT SDKTests/Info.plist";
				LD_RUNPATH_SEARCH_PATHS = (
					"$(inherited)",
					"@executable_path/Frameworks",
					"@loader_path/Frameworks",
				);
				PRODUCT_BUNDLE_IDENTIFIER = "ifttt.IFTTT-SDKTests";
				PRODUCT_NAME = "$(TARGET_NAME)";
				SWIFT_OBJC_BRIDGING_HEADER = "IFTTT SDKTests/IFTTT SDKTests-Bridging-Header.h";
				SWIFT_VERSION = 5.0;
				TARGETED_DEVICE_FAMILY = "1,2";
			};
			name = Release;
		};
/* End XCBuildConfiguration section */

/* Begin XCConfigurationList section */
		FCBA15E421389F7500EB1BC8 /* Build configuration list for PBXProject "IFTTT SDK" */ = {
			isa = XCConfigurationList;
			buildConfigurations = (
				FCBA15FC21389F7500EB1BC8 /* Debug */,
				FCBA15FD21389F7500EB1BC8 /* Release */,
			);
			defaultConfigurationIsVisible = 0;
			defaultConfigurationName = Release;
		};
		FCBA15FE21389F7500EB1BC8 /* Build configuration list for PBXNativeTarget "IFTTT SDK" */ = {
			isa = XCConfigurationList;
			buildConfigurations = (
				FCBA15FF21389F7500EB1BC8 /* Debug */,
				FCBA160021389F7500EB1BC8 /* Release */,
			);
			defaultConfigurationIsVisible = 0;
			defaultConfigurationName = Release;
		};
		FCBA160121389F7500EB1BC8 /* Build configuration list for PBXNativeTarget "IFTTT SDKTests" */ = {
			isa = XCConfigurationList;
			buildConfigurations = (
				FCBA160221389F7500EB1BC8 /* Debug */,
				FCBA160321389F7500EB1BC8 /* Release */,
			);
			defaultConfigurationIsVisible = 0;
			defaultConfigurationName = Release;
		};
/* End XCConfigurationList section */
	};
	rootObject = FCBA15E121389F7500EB1BC8 /* Project object */;
}
