// !$*UTF8*$!
{
	archiveVersion = 1;
	classes = {
	};
	objectVersion = 50;
	objects = {

/* Begin PBXBuildFile section */
		1D453ED822971C5C001994FF /* ConnectButton+Style.swift in Sources */ = {isa = PBXBuildFile; fileRef = 1D453ED722971C5C001994FF /* ConnectButton+Style.swift */; };
		1D453EDA229720AB001994FF /* ConnectButton+Constants.swift in Sources */ = {isa = PBXBuildFile; fileRef = 1D453ED9229720AB001994FF /* ConnectButton+Constants.swift */; };
		1D453EDC2297213E001994FF /* ConnectButton+Service.swift in Sources */ = {isa = PBXBuildFile; fileRef = 1D453EDB2297213E001994FF /* ConnectButton+Service.swift */; };
		1D453EDE2297216A001994FF /* ConnectButton+AnimationState.swift in Sources */ = {isa = PBXBuildFile; fileRef = 1D453EDD2297216A001994FF /* ConnectButton+AnimationState.swift */; };
		1D453EE02297218E001994FF /* ConnectButton+Transition.swift in Sources */ = {isa = PBXBuildFile; fileRef = 1D453EDF2297218E001994FF /* ConnectButton+Transition.swift */; };
		1D453EE22297222D001994FF /* ConnectButton+Interaction.swift in Sources */ = {isa = PBXBuildFile; fileRef = 1D453EE12297222D001994FF /* ConnectButton+Interaction.swift */; };
		1D453EE42297230C001994FF /* ConnectButton+LabelValue.swift in Sources */ = {isa = PBXBuildFile; fileRef = 1D453EE32297230C001994FF /* ConnectButton+LabelValue.swift */; };
		1D453EE62297236C001994FF /* ConnectButton+LabelAnimator.swift in Sources */ = {isa = PBXBuildFile; fileRef = 1D453EE52297236C001994FF /* ConnectButton+LabelAnimator.swift */; };
		1D453EE8229723CA001994FF /* ConnectButton+ProgressBar.swift in Sources */ = {isa = PBXBuildFile; fileRef = 1D453EE7229723CA001994FF /* ConnectButton+ProgressBar.swift */; };
		1D453EEA22972407001994FF /* ConnectButton+SwitchControl.swift in Sources */ = {isa = PBXBuildFile; fileRef = 1D453EE922972407001994FF /* ConnectButton+SwitchControl.swift */; };
		1D453EEC2297246C001994FF /* ConnectButton+CheckmarkView.swift in Sources */ = {isa = PBXBuildFile; fileRef = 1D453EEB2297246C001994FF /* ConnectButton+CheckmarkView.swift */; };
		1D4B50AA2194857A004D1559 /* ConnectionNetworkController.swift in Sources */ = {isa = PBXBuildFile; fileRef = 1D4B50A92194857A004D1559 /* ConnectionNetworkController.swift */; };
		1D4B50AC21949223004D1559 /* ConnectionConfiguration.swift in Sources */ = {isa = PBXBuildFile; fileRef = 1D4B50AB21949223004D1559 /* ConnectionConfiguration.swift */; };
		1D7918412227202700429936 /* Reachability.swift in Sources */ = {isa = PBXBuildFile; fileRef = 1D7918402227202700429936 /* Reachability.swift */; };
		1D981C33219210D7001784C4 /* Result+Queries.swift in Sources */ = {isa = PBXBuildFile; fileRef = 1D981C32219210D7001784C4 /* Result+Queries.swift */; };
		1DFE02052190E25500856ABC /* ConnectionCredentialProvider.swift in Sources */ = {isa = PBXBuildFile; fileRef = 1DFE02042190E25500856ABC /* ConnectionCredentialProvider.swift */; };
		1DFE02072190E2E600856ABC /* Notification+Redirect.swift in Sources */ = {isa = PBXBuildFile; fileRef = 1DFE02062190E2E600856ABC /* Notification+Redirect.swift */; };
		1DFE02092190E35300856ABC /* ConnectionRedirectHandler.swift in Sources */ = {isa = PBXBuildFile; fileRef = 1DFE02082190E35300856ABC /* ConnectionRedirectHandler.swift */; };
		1DFE020B2190E39B00856ABC /* Connection+Request.swift in Sources */ = {isa = PBXBuildFile; fileRef = 1DFE020A2190E39B00856ABC /* Connection+Request.swift */; };
		1DFE020D2190E3DB00856ABC /* API.swift in Sources */ = {isa = PBXBuildFile; fileRef = 1DFE020C2190E3DB00856ABC /* API.swift */; };
		1DFE02132190E4D300856ABC /* URLRequest+CommonValues.swift in Sources */ = {isa = PBXBuildFile; fileRef = 1DFE02122190E4D300856ABC /* URLRequest+CommonValues.swift */; };
		1DFE02172190E58700856ABC /* URLSession+JSONTask.swift in Sources */ = {isa = PBXBuildFile; fileRef = 1DFE02162190E58700856ABC /* URLSession+JSONTask.swift */; };
		6FD1A492287763AD0075626D /* Font.swift in Sources */ = {isa = PBXBuildFile; fileRef = 6FD1A491287763AD0075626D /* Font.swift */; };
		B556032625A851EE00A29A01 /* Localizable_fr.strings in Resources */ = {isa = PBXBuildFile; fileRef = B556030E25A851ED00A29A01 /* Localizable_fr.strings */; };
		B556032725A851EE00A29A01 /* Localizable_en-GB.strings in Resources */ = {isa = PBXBuildFile; fileRef = B556030F25A851ED00A29A01 /* Localizable_en-GB.strings */; };
		B556032825A851EE00A29A01 /* Localizable_pt-BR.strings in Resources */ = {isa = PBXBuildFile; fileRef = B556031025A851ED00A29A01 /* Localizable_pt-BR.strings */; };
		B556032925A851EE00A29A01 /* Localizable_es.strings in Resources */ = {isa = PBXBuildFile; fileRef = B556031125A851ED00A29A01 /* Localizable_es.strings */; };
		B556032A25A851EE00A29A01 /* Localizable_fi.strings in Resources */ = {isa = PBXBuildFile; fileRef = B556031225A851ED00A29A01 /* Localizable_fi.strings */; };
		B556032B25A851EE00A29A01 /* Localizable_fr-CA.strings in Resources */ = {isa = PBXBuildFile; fileRef = B556031325A851ED00A29A01 /* Localizable_fr-CA.strings */; };
		B556032C25A851EE00A29A01 /* Localizable_ja.strings in Resources */ = {isa = PBXBuildFile; fileRef = B556031425A851ED00A29A01 /* Localizable_ja.strings */; };
		B556032D25A851EE00A29A01 /* Localizable_nb.strings in Resources */ = {isa = PBXBuildFile; fileRef = B556031525A851ED00A29A01 /* Localizable_nb.strings */; };
		B556032E25A851EE00A29A01 /* Localizable_zh-Hans.strings in Resources */ = {isa = PBXBuildFile; fileRef = B556031625A851ED00A29A01 /* Localizable_zh-Hans.strings */; };
		B556032F25A851EE00A29A01 /* Localizable_ko.strings in Resources */ = {isa = PBXBuildFile; fileRef = B556031725A851ED00A29A01 /* Localizable_ko.strings */; };
		B556033025A851EE00A29A01 /* Localizable_pl.strings in Resources */ = {isa = PBXBuildFile; fileRef = B556031825A851ED00A29A01 /* Localizable_pl.strings */; };
		B556033125A851EE00A29A01 /* Localizable_it.strings in Resources */ = {isa = PBXBuildFile; fileRef = B556031925A851ED00A29A01 /* Localizable_it.strings */; };
		B556033225A851EE00A29A01 /* Localizable_da.strings in Resources */ = {isa = PBXBuildFile; fileRef = B556031A25A851ED00A29A01 /* Localizable_da.strings */; };
		B556033325A851EE00A29A01 /* Localizable_es-419.strings in Resources */ = {isa = PBXBuildFile; fileRef = B556031B25A851ED00A29A01 /* Localizable_es-419.strings */; };
		B556033425A851EE00A29A01 /* Localizable_ru.strings in Resources */ = {isa = PBXBuildFile; fileRef = B556031C25A851ED00A29A01 /* Localizable_ru.strings */; };
		B556033525A851EE00A29A01 /* Localizable_sv.strings in Resources */ = {isa = PBXBuildFile; fileRef = B556031D25A851ED00A29A01 /* Localizable_sv.strings */; };
		B556033625A851EE00A29A01 /* Localizable_en-US.strings in Resources */ = {isa = PBXBuildFile; fileRef = B556031E25A851ED00A29A01 /* Localizable_en-US.strings */; };
		B556033725A851EE00A29A01 /* Localizable.strings in Resources */ = {isa = PBXBuildFile; fileRef = B556031F25A851ED00A29A01 /* Localizable.strings */; };
		B556033825A851EE00A29A01 /* Assets.xcassets in Resources */ = {isa = PBXBuildFile; fileRef = B556032025A851ED00A29A01 /* Assets.xcassets */; };
		B556033925A851EE00A29A01 /* Localizable_de.strings in Resources */ = {isa = PBXBuildFile; fileRef = B556032125A851ED00A29A01 /* Localizable_de.strings */; };
		B556033A25A851EE00A29A01 /* Localizable_pt-PT.strings in Resources */ = {isa = PBXBuildFile; fileRef = B556032225A851ED00A29A01 /* Localizable_pt-PT.strings */; };
		B556033B25A851EE00A29A01 /* Localizable_zh-Hant.strings in Resources */ = {isa = PBXBuildFile; fileRef = B556032325A851ED00A29A01 /* Localizable_zh-Hant.strings */; };
		B556033C25A851EE00A29A01 /* Localizable_cs.strings in Resources */ = {isa = PBXBuildFile; fileRef = B556032425A851EE00A29A01 /* Localizable_cs.strings */; };
		B556033D25A851EE00A29A01 /* Localizable_nl.strings in Resources */ = {isa = PBXBuildFile; fileRef = B556032525A851EE00A29A01 /* Localizable_nl.strings */; };
		DE1F036926A8A20A00B6CF1A /* ASWebServiceAuthentication.swift in Sources */ = {isa = PBXBuildFile; fileRef = DE1F036826A8A20A00B6CF1A /* ASWebServiceAuthentication.swift */; };
		DE1F036B26A8A24500B6CF1A /* SFWebServiceAuthentication.swift in Sources */ = {isa = PBXBuildFile; fileRef = DE1F036A26A8A24500B6CF1A /* SFWebServiceAuthentication.swift */; };
		DE1F036D26A8A29800B6CF1A /* SignInWithAppleAuthentication.swift in Sources */ = {isa = PBXBuildFile; fileRef = DE1F036C26A8A29800B6CF1A /* SignInWithAppleAuthentication.swift */; };
		DE1F037226A8AD2600B6CF1A /* AuthenticationSessionPresentationContextProvider.swift in Sources */ = {isa = PBXBuildFile; fileRef = DE1F037126A8AD2600B6CF1A /* AuthenticationSessionPresentationContextProvider.swift */; };
		DE25265623D8C49D0019C9CB /* Analytics.swift in Sources */ = {isa = PBXBuildFile; fileRef = DE25265523D8C49D0019C9CB /* Analytics.swift */; };
		DE260F6B26CAFC20004191D1 /* SynchronizationSchedulerTests.swift in Sources */ = {isa = PBXBuildFile; fileRef = DE260F6A26CAFC20004191D1 /* SynchronizationSchedulerTests.swift */; };
		DE2906D3242BF66E00CC2825 /* Connection+Parsing.swift in Sources */ = {isa = PBXBuildFile; fileRef = DE2906D2242BF66E00CC2825 /* Connection+Parsing.swift */; };
		DE2AE45C2721DD9E00C4794A /* LocationEventReporterTests.swift in Sources */ = {isa = PBXBuildFile; fileRef = DE2AE45B2721DD9E00C4794A /* LocationEventReporterTests.swift */; };
		DE2AE45E2721EBFE00C4794A /* LocationEventStoreTests.swift in Sources */ = {isa = PBXBuildFile; fileRef = DE2AE45D2721EBFD00C4794A /* LocationEventStoreTests.swift */; };
		DE2AE48027270FED00C4794A /* LocationEventReporter.swift in Sources */ = {isa = PBXBuildFile; fileRef = DE2AE47F27270FED00C4794A /* LocationEventReporter.swift */; };
		DE2AE4822727103F00C4794A /* LocationEvent.swift in Sources */ = {isa = PBXBuildFile; fileRef = DE2AE4812727103F00C4794A /* LocationEvent.swift */; };
		DE2AE4842727106800C4794A /* LocationEventStore.swift in Sources */ = {isa = PBXBuildFile; fileRef = DE2AE4832727106800C4794A /* LocationEventStore.swift */; };
		DE2AE4862727132E00C4794A /* RegionEvent.swift in Sources */ = {isa = PBXBuildFile; fileRef = DE2AE4852727132E00C4794A /* RegionEvent.swift */; };
		DE2F524A2429404200EF986A /* Connection+Location.swift in Sources */ = {isa = PBXBuildFile; fileRef = DE2F52492429404200EF986A /* Connection+Location.swift */; };
		DE2F524C242940AD00EF986A /* CLCircularRegion+Parsing.swift in Sources */ = {isa = PBXBuildFile; fileRef = DE2F524B242940AD00EF986A /* CLCircularRegion+Parsing.swift */; };
		DE3074A723DB506D00A3C71F /* AnalyticsNetworkController.swift in Sources */ = {isa = PBXBuildFile; fileRef = DE3074A623DB506D00A3C71F /* AnalyticsNetworkController.swift */; };
		DE3074A923DB50A800A3C71F /* Analytics+DataStructures.swift in Sources */ = {isa = PBXBuildFile; fileRef = DE3074A823DB50A800A3C71F /* Analytics+DataStructures.swift */; };
		DE328DB4243CBC9700603EAC /* ConnectionsSynchronizer.swift in Sources */ = {isa = PBXBuildFile; fileRef = DE328DB3243CBC9700603EAC /* ConnectionsSynchronizer.swift */; };
		DE328DB6243CBCB000603EAC /* EventPublisher.swift in Sources */ = {isa = PBXBuildFile; fileRef = DE328DB5243CBCB000603EAC /* EventPublisher.swift */; };
		DE328DBC243E185800603EAC /* ConnectionsRegistry.swift in Sources */ = {isa = PBXBuildFile; fileRef = DE328DBB243E185800603EAC /* ConnectionsRegistry.swift */; };
		DE328DBE243E18BB00603EAC /* Keychain.swift in Sources */ = {isa = PBXBuildFile; fileRef = DE328DBD243E18BB00603EAC /* Keychain.swift */; };
		DE328DC0243E1DC000603EAC /* RegionsMonitor.swift in Sources */ = {isa = PBXBuildFile; fileRef = DE328DBF243E1DC000603EAC /* RegionsMonitor.swift */; };
		DE328DC2243E1DED00603EAC /* LocationMonitor.swift in Sources */ = {isa = PBXBuildFile; fileRef = DE328DC1243E1DED00603EAC /* LocationMonitor.swift */; };
		DE328DC8243E2FC300603EAC /* SynchronizationTriggerEvent.swift in Sources */ = {isa = PBXBuildFile; fileRef = DE328DC7243E2FC300603EAC /* SynchronizationTriggerEvent.swift */; };
		DE37620022DF75CB00F8BD38 /* ConnectionDeeplinkAction.swift in Sources */ = {isa = PBXBuildFile; fileRef = DE3761FF22DF75CB00F8BD38 /* ConnectionDeeplinkAction.swift */; };
		DE3D325929944120001FF335 /* fetch_multiple_feature_fields_connection_response.json in Resources */ = {isa = PBXBuildFile; fileRef = DE3D325829943CA4001FF335 /* fetch_multiple_feature_fields_connection_response.json */; };
		DE4A4C5E243632A7004082BF /* SynchronizationSubscriber.swift in Sources */ = {isa = PBXBuildFile; fileRef = DE4A4C5D243632A7004082BF /* SynchronizationSubscriber.swift */; };
		DE4A4C602436340C004082BF /* SynchronizationManager.swift in Sources */ = {isa = PBXBuildFile; fileRef = DE4A4C5F2436340C004082BF /* SynchronizationManager.swift */; };
		DE4A4C622436409C004082BF /* SynchronizationScheduler.swift in Sources */ = {isa = PBXBuildFile; fileRef = DE4A4C612436409C004082BF /* SynchronizationScheduler.swift */; };
		DE4C5FFA22CFE570009C7AF9 /* EmailValidator.swift in Sources */ = {isa = PBXBuildFile; fileRef = DE4C5FF922CFE570009C7AF9 /* EmailValidator.swift */; };
		DE641D88252B7BC900C56FF9 /* ConnectButtonController+Public.swift in Sources */ = {isa = PBXBuildFile; fileRef = DE641D87252B7BC900C56FF9 /* ConnectButtonController+Public.swift */; };
		DE7666E723997568005D6DE3 /* ConnectionVerificationSession.swift in Sources */ = {isa = PBXBuildFile; fileRef = DE7666E623997568005D6DE3 /* ConnectionVerificationSession.swift */; };
		DE7666E9239990C5005D6DE3 /* WebServiceAuthentication.swift in Sources */ = {isa = PBXBuildFile; fileRef = DE7666E8239990C5005D6DE3 /* WebServiceAuthentication.swift */; };
		DEBC3C8225421D600052A8CB /* ConnectButtonController+Logging.swift in Sources */ = {isa = PBXBuildFile; fileRef = DEBC3C8125421D600052A8CB /* ConnectButtonController+Logging.swift */; };
		DEC08FF02429469C007D7039 /* NativeServices.swift in Sources */ = {isa = PBXBuildFile; fileRef = DEC08FEF2429469C007D7039 /* NativeServices.swift */; };
		DEC08FF2242948C3007D7039 /* Set+Helpers.swift in Sources */ = {isa = PBXBuildFile; fileRef = DEC08FF1242948C3007D7039 /* Set+Helpers.swift */; };
		DEC08FFA242A5DD4007D7039 /* ConnectionsMonitor.swift in Sources */ = {isa = PBXBuildFile; fileRef = DEC08FF9242A5DD4007D7039 /* ConnectionsMonitor.swift */; };
		DEC08FFC242BAB25007D7039 /* Bundle+Helpers.swift in Sources */ = {isa = PBXBuildFile; fileRef = DEC08FFB242BAB25007D7039 /* Bundle+Helpers.swift */; };
		DEC29ECF258419FB00BF56EE /* AppDelegate.swift in Sources */ = {isa = PBXBuildFile; fileRef = DEC29ECE258419FB00BF56EE /* AppDelegate.swift */; };
		DEC29ED1258419FB00BF56EE /* SceneDelegate.swift in Sources */ = {isa = PBXBuildFile; fileRef = DEC29ED0258419FB00BF56EE /* SceneDelegate.swift */; };
		DEC29ED3258419FB00BF56EE /* ContentView.swift in Sources */ = {isa = PBXBuildFile; fileRef = DEC29ED2258419FB00BF56EE /* ContentView.swift */; };
		DEC29ED5258419FC00BF56EE /* Assets.xcassets in Resources */ = {isa = PBXBuildFile; fileRef = DEC29ED4258419FC00BF56EE /* Assets.xcassets */; };
		DEC29ED8258419FC00BF56EE /* Preview Assets.xcassets in Resources */ = {isa = PBXBuildFile; fileRef = DEC29ED7258419FC00BF56EE /* Preview Assets.xcassets */; };
		DEC29EDB258419FC00BF56EE /* LaunchScreen.storyboard in Resources */ = {isa = PBXBuildFile; fileRef = DEC29ED9258419FC00BF56EE /* LaunchScreen.storyboard */; };
		DEC29EF1258419FC00BF56EE /* SDKHostAppUITests.swift in Sources */ = {isa = PBXBuildFile; fileRef = DEC29EF0258419FC00BF56EE /* SDKHostAppUITests.swift */; };
		DEC29F0125841A0800BF56EE /* String_EmailDataDetectorTests.swift in Sources */ = {isa = PBXBuildFile; fileRef = 1D6E554621CBF4F200FE66F0 /* String_EmailDataDetectorTests.swift */; };
		DEC29F0225841A0800BF56EE /* EventPublisherTests.swift in Sources */ = {isa = PBXBuildFile; fileRef = DE328DCB2440CEA500603EAC /* EventPublisherTests.swift */; };
		DEC29F0325841A0800BF56EE /* RegionEventsRegistryTests.swift in Sources */ = {isa = PBXBuildFile; fileRef = DE1712BC2565B295000B13E6 /* RegionEventsRegistryTests.swift */; };
		DEC29F0425841A0800BF56EE /* CLRegion+Parsing_spec.swift in Sources */ = {isa = PBXBuildFile; fileRef = DE328DC92440CD7900603EAC /* CLRegion+Parsing_spec.swift */; };
		DEC29F0525841A0800BF56EE /* RegionsMonitorTests.swift in Sources */ = {isa = PBXBuildFile; fileRef = DEC8E16E2583F34400ACE8B9 /* RegionsMonitorTests.swift */; };
		DEC29F0625841A0800BF56EE /* Connection_ParsingTests.swift in Sources */ = {isa = PBXBuildFile; fileRef = FC1F491322710B62008A1B21 /* Connection_ParsingTests.swift */; };
		DEC29F0725841A0800BF56EE /* ConnectionsRegistryTests.swift in Sources */ = {isa = PBXBuildFile; fileRef = DE328DCD2440E89600603EAC /* ConnectionsRegistryTests.swift */; };
		DEC29F0825841A0800BF56EE /* LocationServiceTests.swift in Sources */ = {isa = PBXBuildFile; fileRef = DEC29DE525840DE300BF56EE /* LocationServiceTests.swift */; };
		DEC29F1525841A5200BF56EE /* fetch_connection_response.json in Resources */ = {isa = PBXBuildFile; fileRef = FC1F491522710BE4008A1B21 /* fetch_connection_response.json */; };
		DEC29F1F25841D7C00BF56EE /* IFTTTConnectSDK.framework in Frameworks */ = {isa = PBXBuildFile; fileRef = FCBA15EA21389F7500EB1BC8 /* IFTTTConnectSDK.framework */; };
		DEC29F2025841D7C00BF56EE /* IFTTTConnectSDK.framework in Embed Frameworks */ = {isa = PBXBuildFile; fileRef = FCBA15EA21389F7500EB1BC8 /* IFTTTConnectSDK.framework */; settings = {ATTRIBUTES = (CodeSignOnCopy, RemoveHeadersOnCopy, ); }; };
		DEC30C02258BECEB00A77A57 /* JSONNetworkController.swift in Sources */ = {isa = PBXBuildFile; fileRef = DEC30C01258BECEB00A77A57 /* JSONNetworkController.swift */; };
		DEC75CB42508312F00F40296 /* Connection+Storage.swift in Sources */ = {isa = PBXBuildFile; fileRef = DEC75CB32508312F00F40296 /* Connection+Storage.swift */; };
		DEC75CB725092B8600F40296 /* PermissionsRequestor.swift in Sources */ = {isa = PBXBuildFile; fileRef = DEC75CB625092B8600F40296 /* PermissionsRequestor.swift */; };
		DEC75CB9250973F600F40296 /* Library.swift in Sources */ = {isa = PBXBuildFile; fileRef = DEC75CB8250973F600F40296 /* Library.swift */; };
		DEC75CBB2509741F00F40296 /* LocationLibrary.swift in Sources */ = {isa = PBXBuildFile; fileRef = DEC75CBA2509741F00F40296 /* LocationLibrary.swift */; };
		DEC75CBD250A73E000F40296 /* RegionEventsRegistry.swift in Sources */ = {isa = PBXBuildFile; fileRef = DEC75CBC250A73E000F40296 /* RegionEventsRegistry.swift */; };
		DEC8803D242BB0BA00E0286C /* LocationService.swift in Sources */ = {isa = PBXBuildFile; fileRef = DEC8803C242BB0BA00E0286C /* LocationService.swift */; };
		DEF4A4922587B9EB00735E98 /* Array+Helpers.swift in Sources */ = {isa = PBXBuildFile; fileRef = DEF4A4912587B9EB00735E98 /* Array+Helpers.swift */; };
		DEF4A4972587BA1A00735E98 /* ArrayHelpersTests.swift in Sources */ = {isa = PBXBuildFile; fileRef = DEF4A4962587BA1A00735E98 /* ArrayHelpersTests.swift */; };
		FC04FE1B21501A8F008AC8A5 /* AboutViewController.swift in Sources */ = {isa = PBXBuildFile; fileRef = FC04FE1A21501A8F008AC8A5 /* AboutViewController.swift */; };
		FC094BA7215ED72F008B35F6 /* Color.swift in Sources */ = {isa = PBXBuildFile; fileRef = FC094BA6215ED72F008B35F6 /* Color.swift */; };
		FC22B19421ACA54000738023 /* ImageCache.swift in Sources */ = {isa = PBXBuildFile; fileRef = FC22B19321ACA54000738023 /* ImageCache.swift */; };
		FC22B19621ACA54A00738023 /* ImageDownloader.swift in Sources */ = {isa = PBXBuildFile; fileRef = FC22B19521ACA54A00738023 /* ImageDownloader.swift */; };
		FC22B19A21ACCD9C00738023 /* ConstraintsMaker.swift in Sources */ = {isa = PBXBuildFile; fileRef = FC22B19921ACCD9C00738023 /* ConstraintsMaker.swift */; };
		FC22B19C21ACCDA600738023 /* PillView.swift in Sources */ = {isa = PBXBuildFile; fileRef = FC22B19B21ACCDA600738023 /* PillView.swift */; };
		FC22B19E21ACCDAC00738023 /* PillButton.swift in Sources */ = {isa = PBXBuildFile; fileRef = FC22B19D21ACCDAC00738023 /* PillButton.swift */; };
		FC22B1A021ACCDB200738023 /* Selectable.swift in Sources */ = {isa = PBXBuildFile; fileRef = FC22B19F21ACCDB200738023 /* Selectable.swift */; };
		FC22B1A221ACCDC000738023 /* SelectGestureRecognizer.swift in Sources */ = {isa = PBXBuildFile; fileRef = FC22B1A121ACCDC000738023 /* SelectGestureRecognizer.swift */; };
		FC22B1A421ACCDF800738023 /* PassthroughView.swift in Sources */ = {isa = PBXBuildFile; fileRef = FC22B1A321ACCDF800738023 /* PassthroughView.swift */; };
		FC22B1A621ACCE5E00738023 /* UIKit+ConvenienceInit.swift in Sources */ = {isa = PBXBuildFile; fileRef = FC22B1A521ACCE5E00738023 /* UIKit+ConvenienceInit.swift */; };
		FC2573132139E8CC0065AAD6 /* ConnectButton.swift in Sources */ = {isa = PBXBuildFile; fileRef = FC2573122139E8CC0065AAD6 /* ConnectButton.swift */; };
		FC28D7E52225B1E900D84A1B /* ServiceIconsNetworkController.swift in Sources */ = {isa = PBXBuildFile; fileRef = FC28D7E42225B1E900D84A1B /* ServiceIconsNetworkController.swift */; };
		FC361B61224D872D0078B153 /* ProgressBarController.swift in Sources */ = {isa = PBXBuildFile; fileRef = FC361B60224D872D0078B153 /* ProgressBarController.swift */; };
		FC44F54421B75BF3005DA954 /* LocalizedStrings.swift in Sources */ = {isa = PBXBuildFile; fileRef = FC44F54321B75BF3005DA954 /* LocalizedStrings.swift */; };
		FC74F1D82152AE4D00035A66 /* ConnectButtonController.swift in Sources */ = {isa = PBXBuildFile; fileRef = FC74F1D72152AE4D00035A66 /* ConnectButtonController.swift */; };
		FC75F93C22386626007C2DDB /* ConnectionActivationFlow.swift in Sources */ = {isa = PBXBuildFile; fileRef = FC75F93B22386626007C2DDB /* ConnectionActivationFlow.swift */; };
		FC75F93E22387164007C2DDB /* URLComponents+email.swift in Sources */ = {isa = PBXBuildFile; fileRef = FC75F93D22387164007C2DDB /* URLComponents+email.swift */; };
		FC7F13A221B06E34002AD8FB /* ImageViewNetworkController.swift in Sources */ = {isa = PBXBuildFile; fileRef = FC7F13A121B06E34002AD8FB /* ImageViewNetworkController.swift */; };
		FC84B84C21C4321F00BAF7ED /* Links.swift in Sources */ = {isa = PBXBuildFile; fileRef = FC84B84B21C4321F00BAF7ED /* Links.swift */; };
		FC84B85321C43A3000BAF7ED /* LegalTermsText.swift in Sources */ = {isa = PBXBuildFile; fileRef = FC84B85221C43A3000BAF7ED /* LegalTermsText.swift */; };
		FCBA15FB21389F7500EB1BC8 /* IFTTT_SDK.h in Headers */ = {isa = PBXBuildFile; fileRef = FCBA15ED21389F7500EB1BC8 /* IFTTT_SDK.h */; settings = {ATTRIBUTES = (Public, ); }; };
		FCBA16052138A4EE00EB1BC8 /* Connection.swift in Sources */ = {isa = PBXBuildFile; fileRef = FCBA16042138A4EE00EB1BC8 /* Connection.swift */; };
		FCC6DEB2215D90DD008C8405 /* Assets.swift in Sources */ = {isa = PBXBuildFile; fileRef = FCC6DEB1215D90DD008C8405 /* Assets.swift */; };
		FCF0C4E421B0A97000DEB117 /* ConnectionNetworkError.swift in Sources */ = {isa = PBXBuildFile; fileRef = FCF0C4E321B0A97000DEB117 /* ConnectionNetworkError.swift */; };
		FCF29FC52187C7E0004B1100 /* JSON.swift in Sources */ = {isa = PBXBuildFile; fileRef = FCF29FC42187C7E0004B1100 /* JSON.swift */; };
		FCF29FCB2187D0E3004B1100 /* User.swift in Sources */ = {isa = PBXBuildFile; fileRef = FCF29FCA2187D0E3004B1100 /* User.swift */; };
/* End PBXBuildFile section */

/* Begin PBXContainerItemProxy section */
		DEC29EE2258419FC00BF56EE /* PBXContainerItemProxy */ = {
			isa = PBXContainerItemProxy;
			containerPortal = FCBA15E121389F7500EB1BC8 /* Project object */;
			proxyType = 1;
			remoteGlobalIDString = DEC29ECB258419FB00BF56EE;
			remoteInfo = SDKHostApp;
		};
		DEC29EED258419FC00BF56EE /* PBXContainerItemProxy */ = {
			isa = PBXContainerItemProxy;
			containerPortal = FCBA15E121389F7500EB1BC8 /* Project object */;
			proxyType = 1;
			remoteGlobalIDString = DEC29ECB258419FB00BF56EE;
			remoteInfo = SDKHostApp;
		};
		DEC29F2125841D7C00BF56EE /* PBXContainerItemProxy */ = {
			isa = PBXContainerItemProxy;
			containerPortal = FCBA15E121389F7500EB1BC8 /* Project object */;
			proxyType = 1;
			remoteGlobalIDString = FCBA15E921389F7500EB1BC8;
			remoteInfo = "IFTTT SDK";
		};
/* End PBXContainerItemProxy section */

/* Begin PBXCopyFilesBuildPhase section */
		DEC29F2325841D7C00BF56EE /* Embed Frameworks */ = {
			isa = PBXCopyFilesBuildPhase;
			buildActionMask = 2147483647;
			dstPath = "";
			dstSubfolderSpec = 10;
			files = (
				DEC29F2025841D7C00BF56EE /* IFTTTConnectSDK.framework in Embed Frameworks */,
			);
			name = "Embed Frameworks";
			runOnlyForDeploymentPostprocessing = 0;
		};
/* End PBXCopyFilesBuildPhase section */

/* Begin PBXFileReference section */
		1D453ED722971C5C001994FF /* ConnectButton+Style.swift */ = {isa = PBXFileReference; lastKnownFileType = sourcecode.swift; path = "ConnectButton+Style.swift"; sourceTree = "<group>"; };
		1D453ED9229720AB001994FF /* ConnectButton+Constants.swift */ = {isa = PBXFileReference; lastKnownFileType = sourcecode.swift; path = "ConnectButton+Constants.swift"; sourceTree = "<group>"; };
		1D453EDB2297213E001994FF /* ConnectButton+Service.swift */ = {isa = PBXFileReference; lastKnownFileType = sourcecode.swift; path = "ConnectButton+Service.swift"; sourceTree = "<group>"; };
		1D453EDD2297216A001994FF /* ConnectButton+AnimationState.swift */ = {isa = PBXFileReference; lastKnownFileType = sourcecode.swift; path = "ConnectButton+AnimationState.swift"; sourceTree = "<group>"; };
		1D453EDF2297218E001994FF /* ConnectButton+Transition.swift */ = {isa = PBXFileReference; lastKnownFileType = sourcecode.swift; path = "ConnectButton+Transition.swift"; sourceTree = "<group>"; };
		1D453EE12297222D001994FF /* ConnectButton+Interaction.swift */ = {isa = PBXFileReference; lastKnownFileType = sourcecode.swift; path = "ConnectButton+Interaction.swift"; sourceTree = "<group>"; };
		1D453EE32297230C001994FF /* ConnectButton+LabelValue.swift */ = {isa = PBXFileReference; lastKnownFileType = sourcecode.swift; path = "ConnectButton+LabelValue.swift"; sourceTree = "<group>"; };
		1D453EE52297236C001994FF /* ConnectButton+LabelAnimator.swift */ = {isa = PBXFileReference; lastKnownFileType = sourcecode.swift; path = "ConnectButton+LabelAnimator.swift"; sourceTree = "<group>"; };
		1D453EE7229723CA001994FF /* ConnectButton+ProgressBar.swift */ = {isa = PBXFileReference; lastKnownFileType = sourcecode.swift; path = "ConnectButton+ProgressBar.swift"; sourceTree = "<group>"; };
		1D453EE922972407001994FF /* ConnectButton+SwitchControl.swift */ = {isa = PBXFileReference; lastKnownFileType = sourcecode.swift; path = "ConnectButton+SwitchControl.swift"; sourceTree = "<group>"; };
		1D453EEB2297246C001994FF /* ConnectButton+CheckmarkView.swift */ = {isa = PBXFileReference; lastKnownFileType = sourcecode.swift; path = "ConnectButton+CheckmarkView.swift"; sourceTree = "<group>"; };
		1D4B50A92194857A004D1559 /* ConnectionNetworkController.swift */ = {isa = PBXFileReference; lastKnownFileType = sourcecode.swift; path = ConnectionNetworkController.swift; sourceTree = "<group>"; };
		1D4B50AB21949223004D1559 /* ConnectionConfiguration.swift */ = {isa = PBXFileReference; lastKnownFileType = sourcecode.swift; path = ConnectionConfiguration.swift; sourceTree = "<group>"; };
		1D6E554521CBF4F200FE66F0 /* IFTTT SDKTests-Bridging-Header.h */ = {isa = PBXFileReference; lastKnownFileType = sourcecode.c.h; path = "IFTTT SDKTests-Bridging-Header.h"; sourceTree = "<group>"; };
		1D6E554621CBF4F200FE66F0 /* String_EmailDataDetectorTests.swift */ = {isa = PBXFileReference; lastKnownFileType = sourcecode.swift; path = String_EmailDataDetectorTests.swift; sourceTree = "<group>"; };
		1D7918402227202700429936 /* Reachability.swift */ = {isa = PBXFileReference; fileEncoding = 4; lastKnownFileType = sourcecode.swift; path = Reachability.swift; sourceTree = "<group>"; };
		1D981C32219210D7001784C4 /* Result+Queries.swift */ = {isa = PBXFileReference; lastKnownFileType = sourcecode.swift; path = "Result+Queries.swift"; sourceTree = "<group>"; };
		1DFE02042190E25500856ABC /* ConnectionCredentialProvider.swift */ = {isa = PBXFileReference; lastKnownFileType = sourcecode.swift; path = ConnectionCredentialProvider.swift; sourceTree = "<group>"; };
		1DFE02062190E2E600856ABC /* Notification+Redirect.swift */ = {isa = PBXFileReference; lastKnownFileType = sourcecode.swift; path = "Notification+Redirect.swift"; sourceTree = "<group>"; };
		1DFE02082190E35300856ABC /* ConnectionRedirectHandler.swift */ = {isa = PBXFileReference; lastKnownFileType = sourcecode.swift; path = ConnectionRedirectHandler.swift; sourceTree = "<group>"; };
		1DFE020A2190E39B00856ABC /* Connection+Request.swift */ = {isa = PBXFileReference; lastKnownFileType = sourcecode.swift; path = "Connection+Request.swift"; sourceTree = "<group>"; };
		1DFE020C2190E3DB00856ABC /* API.swift */ = {isa = PBXFileReference; lastKnownFileType = sourcecode.swift; path = API.swift; sourceTree = "<group>"; };
		1DFE02122190E4D300856ABC /* URLRequest+CommonValues.swift */ = {isa = PBXFileReference; lastKnownFileType = sourcecode.swift; path = "URLRequest+CommonValues.swift"; sourceTree = "<group>"; };
		1DFE02162190E58700856ABC /* URLSession+JSONTask.swift */ = {isa = PBXFileReference; lastKnownFileType = sourcecode.swift; path = "URLSession+JSONTask.swift"; sourceTree = "<group>"; };
		6FD1A491287763AD0075626D /* Font.swift */ = {isa = PBXFileReference; lastKnownFileType = sourcecode.swift; path = Font.swift; sourceTree = "<group>"; };
		B545250525A84C20004E2BA8 /* Package.swift */ = {isa = PBXFileReference; lastKnownFileType = sourcecode.swift; path = Package.swift; sourceTree = "<group>"; };
		B556030E25A851ED00A29A01 /* Localizable_fr.strings */ = {isa = PBXFileReference; fileEncoding = 4; lastKnownFileType = text.plist.strings; name = Localizable_fr.strings; path = Resources/Localizable_fr.strings; sourceTree = "<group>"; };
		B556030F25A851ED00A29A01 /* Localizable_en-GB.strings */ = {isa = PBXFileReference; fileEncoding = 4; lastKnownFileType = text.plist.strings; name = "Localizable_en-GB.strings"; path = "Resources/Localizable_en-GB.strings"; sourceTree = "<group>"; };
		B556031025A851ED00A29A01 /* Localizable_pt-BR.strings */ = {isa = PBXFileReference; fileEncoding = 4; lastKnownFileType = text.plist.strings; name = "Localizable_pt-BR.strings"; path = "Resources/Localizable_pt-BR.strings"; sourceTree = "<group>"; };
		B556031125A851ED00A29A01 /* Localizable_es.strings */ = {isa = PBXFileReference; fileEncoding = 4; lastKnownFileType = text.plist.strings; name = Localizable_es.strings; path = Resources/Localizable_es.strings; sourceTree = "<group>"; };
		B556031225A851ED00A29A01 /* Localizable_fi.strings */ = {isa = PBXFileReference; fileEncoding = 4; lastKnownFileType = text.plist.strings; name = Localizable_fi.strings; path = Resources/Localizable_fi.strings; sourceTree = "<group>"; };
		B556031325A851ED00A29A01 /* Localizable_fr-CA.strings */ = {isa = PBXFileReference; fileEncoding = 4; lastKnownFileType = text.plist.strings; name = "Localizable_fr-CA.strings"; path = "Resources/Localizable_fr-CA.strings"; sourceTree = "<group>"; };
		B556031425A851ED00A29A01 /* Localizable_ja.strings */ = {isa = PBXFileReference; fileEncoding = 4; lastKnownFileType = text.plist.strings; name = Localizable_ja.strings; path = Resources/Localizable_ja.strings; sourceTree = "<group>"; };
		B556031525A851ED00A29A01 /* Localizable_nb.strings */ = {isa = PBXFileReference; fileEncoding = 4; lastKnownFileType = text.plist.strings; name = Localizable_nb.strings; path = Resources/Localizable_nb.strings; sourceTree = "<group>"; };
		B556031625A851ED00A29A01 /* Localizable_zh-Hans.strings */ = {isa = PBXFileReference; fileEncoding = 4; lastKnownFileType = text.plist.strings; name = "Localizable_zh-Hans.strings"; path = "Resources/Localizable_zh-Hans.strings"; sourceTree = "<group>"; };
		B556031725A851ED00A29A01 /* Localizable_ko.strings */ = {isa = PBXFileReference; fileEncoding = 4; lastKnownFileType = text.plist.strings; name = Localizable_ko.strings; path = Resources/Localizable_ko.strings; sourceTree = "<group>"; };
		B556031825A851ED00A29A01 /* Localizable_pl.strings */ = {isa = PBXFileReference; fileEncoding = 4; lastKnownFileType = text.plist.strings; name = Localizable_pl.strings; path = Resources/Localizable_pl.strings; sourceTree = "<group>"; };
		B556031925A851ED00A29A01 /* Localizable_it.strings */ = {isa = PBXFileReference; fileEncoding = 4; lastKnownFileType = text.plist.strings; name = Localizable_it.strings; path = Resources/Localizable_it.strings; sourceTree = "<group>"; };
		B556031A25A851ED00A29A01 /* Localizable_da.strings */ = {isa = PBXFileReference; fileEncoding = 4; lastKnownFileType = text.plist.strings; name = Localizable_da.strings; path = Resources/Localizable_da.strings; sourceTree = "<group>"; };
		B556031B25A851ED00A29A01 /* Localizable_es-419.strings */ = {isa = PBXFileReference; fileEncoding = 4; lastKnownFileType = text.plist.strings; name = "Localizable_es-419.strings"; path = "Resources/Localizable_es-419.strings"; sourceTree = "<group>"; };
		B556031C25A851ED00A29A01 /* Localizable_ru.strings */ = {isa = PBXFileReference; fileEncoding = 4; lastKnownFileType = text.plist.strings; name = Localizable_ru.strings; path = Resources/Localizable_ru.strings; sourceTree = "<group>"; };
		B556031D25A851ED00A29A01 /* Localizable_sv.strings */ = {isa = PBXFileReference; fileEncoding = 4; lastKnownFileType = text.plist.strings; name = Localizable_sv.strings; path = Resources/Localizable_sv.strings; sourceTree = "<group>"; };
		B556031E25A851ED00A29A01 /* Localizable_en-US.strings */ = {isa = PBXFileReference; fileEncoding = 4; lastKnownFileType = text.plist.strings; name = "Localizable_en-US.strings"; path = "Resources/Localizable_en-US.strings"; sourceTree = "<group>"; };
		B556031F25A851ED00A29A01 /* Localizable.strings */ = {isa = PBXFileReference; fileEncoding = 4; lastKnownFileType = text.plist.strings; name = Localizable.strings; path = Resources/Localizable.strings; sourceTree = "<group>"; };
		B556032025A851ED00A29A01 /* Assets.xcassets */ = {isa = PBXFileReference; lastKnownFileType = folder.assetcatalog; name = Assets.xcassets; path = Resources/Assets.xcassets; sourceTree = "<group>"; };
		B556032125A851ED00A29A01 /* Localizable_de.strings */ = {isa = PBXFileReference; fileEncoding = 4; lastKnownFileType = text.plist.strings; name = Localizable_de.strings; path = Resources/Localizable_de.strings; sourceTree = "<group>"; };
		B556032225A851ED00A29A01 /* Localizable_pt-PT.strings */ = {isa = PBXFileReference; fileEncoding = 4; lastKnownFileType = text.plist.strings; name = "Localizable_pt-PT.strings"; path = "Resources/Localizable_pt-PT.strings"; sourceTree = "<group>"; };
		B556032325A851ED00A29A01 /* Localizable_zh-Hant.strings */ = {isa = PBXFileReference; fileEncoding = 4; lastKnownFileType = text.plist.strings; name = "Localizable_zh-Hant.strings"; path = "Resources/Localizable_zh-Hant.strings"; sourceTree = "<group>"; };
		B556032425A851EE00A29A01 /* Localizable_cs.strings */ = {isa = PBXFileReference; fileEncoding = 4; lastKnownFileType = text.plist.strings; name = Localizable_cs.strings; path = Resources/Localizable_cs.strings; sourceTree = "<group>"; };
		B556032525A851EE00A29A01 /* Localizable_nl.strings */ = {isa = PBXFileReference; fileEncoding = 4; lastKnownFileType = text.plist.strings; name = Localizable_nl.strings; path = Resources/Localizable_nl.strings; sourceTree = "<group>"; };
		DE1712BC2565B295000B13E6 /* RegionEventsRegistryTests.swift */ = {isa = PBXFileReference; lastKnownFileType = sourcecode.swift; path = RegionEventsRegistryTests.swift; sourceTree = "<group>"; };
		DE1F036826A8A20A00B6CF1A /* ASWebServiceAuthentication.swift */ = {isa = PBXFileReference; lastKnownFileType = sourcecode.swift; path = ASWebServiceAuthentication.swift; sourceTree = "<group>"; };
		DE1F036A26A8A24500B6CF1A /* SFWebServiceAuthentication.swift */ = {isa = PBXFileReference; lastKnownFileType = sourcecode.swift; path = SFWebServiceAuthentication.swift; sourceTree = "<group>"; };
		DE1F036C26A8A29800B6CF1A /* SignInWithAppleAuthentication.swift */ = {isa = PBXFileReference; lastKnownFileType = sourcecode.swift; path = SignInWithAppleAuthentication.swift; sourceTree = "<group>"; };
		DE1F037126A8AD2600B6CF1A /* AuthenticationSessionPresentationContextProvider.swift */ = {isa = PBXFileReference; fileEncoding = 4; lastKnownFileType = sourcecode.swift; path = AuthenticationSessionPresentationContextProvider.swift; sourceTree = "<group>"; };
		DE25265523D8C49D0019C9CB /* Analytics.swift */ = {isa = PBXFileReference; fileEncoding = 4; lastKnownFileType = sourcecode.swift; path = Analytics.swift; sourceTree = "<group>"; };
		DE260F6A26CAFC20004191D1 /* SynchronizationSchedulerTests.swift */ = {isa = PBXFileReference; lastKnownFileType = sourcecode.swift; path = SynchronizationSchedulerTests.swift; sourceTree = "<group>"; };
		DE2906D2242BF66E00CC2825 /* Connection+Parsing.swift */ = {isa = PBXFileReference; fileEncoding = 4; lastKnownFileType = sourcecode.swift; path = "Connection+Parsing.swift"; sourceTree = "<group>"; };
		DE2AE45B2721DD9E00C4794A /* LocationEventReporterTests.swift */ = {isa = PBXFileReference; lastKnownFileType = sourcecode.swift; path = LocationEventReporterTests.swift; sourceTree = "<group>"; };
		DE2AE45D2721EBFD00C4794A /* LocationEventStoreTests.swift */ = {isa = PBXFileReference; lastKnownFileType = sourcecode.swift; path = LocationEventStoreTests.swift; sourceTree = "<group>"; };
		DE2AE47F27270FED00C4794A /* LocationEventReporter.swift */ = {isa = PBXFileReference; lastKnownFileType = sourcecode.swift; path = LocationEventReporter.swift; sourceTree = "<group>"; };
		DE2AE4812727103F00C4794A /* LocationEvent.swift */ = {isa = PBXFileReference; lastKnownFileType = sourcecode.swift; path = LocationEvent.swift; sourceTree = "<group>"; };
		DE2AE4832727106800C4794A /* LocationEventStore.swift */ = {isa = PBXFileReference; lastKnownFileType = sourcecode.swift; path = LocationEventStore.swift; sourceTree = "<group>"; };
		DE2AE4852727132E00C4794A /* RegionEvent.swift */ = {isa = PBXFileReference; lastKnownFileType = sourcecode.swift; path = RegionEvent.swift; sourceTree = "<group>"; };
		DE2F52492429404200EF986A /* Connection+Location.swift */ = {isa = PBXFileReference; lastKnownFileType = sourcecode.swift; path = "Connection+Location.swift"; sourceTree = "<group>"; };
		DE2F524B242940AD00EF986A /* CLCircularRegion+Parsing.swift */ = {isa = PBXFileReference; lastKnownFileType = sourcecode.swift; path = "CLCircularRegion+Parsing.swift"; sourceTree = "<group>"; };
		DE3074A623DB506D00A3C71F /* AnalyticsNetworkController.swift */ = {isa = PBXFileReference; lastKnownFileType = sourcecode.swift; path = AnalyticsNetworkController.swift; sourceTree = "<group>"; };
		DE3074A823DB50A800A3C71F /* Analytics+DataStructures.swift */ = {isa = PBXFileReference; lastKnownFileType = sourcecode.swift; path = "Analytics+DataStructures.swift"; sourceTree = "<group>"; };
		DE328DB3243CBC9700603EAC /* ConnectionsSynchronizer.swift */ = {isa = PBXFileReference; lastKnownFileType = sourcecode.swift; path = ConnectionsSynchronizer.swift; sourceTree = "<group>"; };
		DE328DB5243CBCB000603EAC /* EventPublisher.swift */ = {isa = PBXFileReference; lastKnownFileType = sourcecode.swift; path = EventPublisher.swift; sourceTree = "<group>"; };
		DE328DBB243E185800603EAC /* ConnectionsRegistry.swift */ = {isa = PBXFileReference; lastKnownFileType = sourcecode.swift; path = ConnectionsRegistry.swift; sourceTree = "<group>"; };
		DE328DBD243E18BB00603EAC /* Keychain.swift */ = {isa = PBXFileReference; lastKnownFileType = sourcecode.swift; path = Keychain.swift; sourceTree = "<group>"; };
		DE328DBF243E1DC000603EAC /* RegionsMonitor.swift */ = {isa = PBXFileReference; lastKnownFileType = sourcecode.swift; path = RegionsMonitor.swift; sourceTree = "<group>"; };
		DE328DC1243E1DED00603EAC /* LocationMonitor.swift */ = {isa = PBXFileReference; lastKnownFileType = sourcecode.swift; path = LocationMonitor.swift; sourceTree = "<group>"; };
		DE328DC7243E2FC300603EAC /* SynchronizationTriggerEvent.swift */ = {isa = PBXFileReference; fileEncoding = 4; lastKnownFileType = sourcecode.swift; path = SynchronizationTriggerEvent.swift; sourceTree = "<group>"; };
		DE328DC92440CD7900603EAC /* CLRegion+Parsing_spec.swift */ = {isa = PBXFileReference; lastKnownFileType = sourcecode.swift; path = "CLRegion+Parsing_spec.swift"; sourceTree = "<group>"; };
		DE328DCB2440CEA500603EAC /* EventPublisherTests.swift */ = {isa = PBXFileReference; lastKnownFileType = sourcecode.swift; path = EventPublisherTests.swift; sourceTree = "<group>"; };
		DE328DCD2440E89600603EAC /* ConnectionsRegistryTests.swift */ = {isa = PBXFileReference; lastKnownFileType = sourcecode.swift; path = ConnectionsRegistryTests.swift; sourceTree = "<group>"; };
		DE3761FF22DF75CB00F8BD38 /* ConnectionDeeplinkAction.swift */ = {isa = PBXFileReference; fileEncoding = 4; lastKnownFileType = sourcecode.swift; path = ConnectionDeeplinkAction.swift; sourceTree = "<group>"; };
		DE3D325829943CA4001FF335 /* fetch_multiple_feature_fields_connection_response.json */ = {isa = PBXFileReference; lastKnownFileType = text.json; path = fetch_multiple_feature_fields_connection_response.json; sourceTree = "<group>"; };
		DE4A4C5D243632A7004082BF /* SynchronizationSubscriber.swift */ = {isa = PBXFileReference; lastKnownFileType = sourcecode.swift; path = SynchronizationSubscriber.swift; sourceTree = "<group>"; };
		DE4A4C5F2436340C004082BF /* SynchronizationManager.swift */ = {isa = PBXFileReference; lastKnownFileType = sourcecode.swift; path = SynchronizationManager.swift; sourceTree = "<group>"; };
		DE4A4C612436409C004082BF /* SynchronizationScheduler.swift */ = {isa = PBXFileReference; lastKnownFileType = sourcecode.swift; path = SynchronizationScheduler.swift; sourceTree = "<group>"; };
		DE4C5FF922CFE570009C7AF9 /* EmailValidator.swift */ = {isa = PBXFileReference; lastKnownFileType = sourcecode.swift; path = EmailValidator.swift; sourceTree = "<group>"; };
		DE641D87252B7BC900C56FF9 /* ConnectButtonController+Public.swift */ = {isa = PBXFileReference; lastKnownFileType = sourcecode.swift; path = "ConnectButtonController+Public.swift"; sourceTree = "<group>"; };
		DE7666E623997568005D6DE3 /* ConnectionVerificationSession.swift */ = {isa = PBXFileReference; lastKnownFileType = sourcecode.swift; path = ConnectionVerificationSession.swift; sourceTree = "<group>"; };
		DE7666E8239990C5005D6DE3 /* WebServiceAuthentication.swift */ = {isa = PBXFileReference; lastKnownFileType = sourcecode.swift; path = WebServiceAuthentication.swift; sourceTree = "<group>"; };
		DEBC3C8125421D600052A8CB /* ConnectButtonController+Logging.swift */ = {isa = PBXFileReference; lastKnownFileType = sourcecode.swift; path = "ConnectButtonController+Logging.swift"; sourceTree = "<group>"; };
		DEC08FEF2429469C007D7039 /* NativeServices.swift */ = {isa = PBXFileReference; lastKnownFileType = sourcecode.swift; path = NativeServices.swift; sourceTree = "<group>"; };
		DEC08FF1242948C3007D7039 /* Set+Helpers.swift */ = {isa = PBXFileReference; lastKnownFileType = sourcecode.swift; path = "Set+Helpers.swift"; sourceTree = "<group>"; };
		DEC08FF9242A5DD4007D7039 /* ConnectionsMonitor.swift */ = {isa = PBXFileReference; lastKnownFileType = sourcecode.swift; path = ConnectionsMonitor.swift; sourceTree = "<group>"; };
		DEC08FFB242BAB25007D7039 /* Bundle+Helpers.swift */ = {isa = PBXFileReference; lastKnownFileType = sourcecode.swift; path = "Bundle+Helpers.swift"; sourceTree = "<group>"; };
		DEC29DE525840DE300BF56EE /* LocationServiceTests.swift */ = {isa = PBXFileReference; lastKnownFileType = sourcecode.swift; path = LocationServiceTests.swift; sourceTree = "<group>"; };
		DEC29ECC258419FB00BF56EE /* SDKHostApp.app */ = {isa = PBXFileReference; explicitFileType = wrapper.application; includeInIndex = 0; path = SDKHostApp.app; sourceTree = BUILT_PRODUCTS_DIR; };
		DEC29ECE258419FB00BF56EE /* AppDelegate.swift */ = {isa = PBXFileReference; lastKnownFileType = sourcecode.swift; path = AppDelegate.swift; sourceTree = "<group>"; };
		DEC29ED0258419FB00BF56EE /* SceneDelegate.swift */ = {isa = PBXFileReference; lastKnownFileType = sourcecode.swift; path = SceneDelegate.swift; sourceTree = "<group>"; };
		DEC29ED2258419FB00BF56EE /* ContentView.swift */ = {isa = PBXFileReference; lastKnownFileType = sourcecode.swift; path = ContentView.swift; sourceTree = "<group>"; };
		DEC29ED4258419FC00BF56EE /* Assets.xcassets */ = {isa = PBXFileReference; lastKnownFileType = folder.assetcatalog; path = Assets.xcassets; sourceTree = "<group>"; };
		DEC29ED7258419FC00BF56EE /* Preview Assets.xcassets */ = {isa = PBXFileReference; lastKnownFileType = folder.assetcatalog; path = "Preview Assets.xcassets"; sourceTree = "<group>"; };
		DEC29EDA258419FC00BF56EE /* Base */ = {isa = PBXFileReference; lastKnownFileType = file.storyboard; name = Base; path = Base.lproj/LaunchScreen.storyboard; sourceTree = "<group>"; };
		DEC29EDC258419FC00BF56EE /* Info.plist */ = {isa = PBXFileReference; lastKnownFileType = text.plist.xml; path = Info.plist; sourceTree = "<group>"; };
		DEC29EE1258419FC00BF56EE /* SDKHostAppTests.xctest */ = {isa = PBXFileReference; explicitFileType = wrapper.cfbundle; includeInIndex = 0; path = SDKHostAppTests.xctest; sourceTree = BUILT_PRODUCTS_DIR; };
		DEC29EE7258419FC00BF56EE /* Info.plist */ = {isa = PBXFileReference; lastKnownFileType = text.plist.xml; path = Info.plist; sourceTree = "<group>"; };
		DEC29EEC258419FC00BF56EE /* SDKHostAppUITests.xctest */ = {isa = PBXFileReference; explicitFileType = wrapper.cfbundle; includeInIndex = 0; path = SDKHostAppUITests.xctest; sourceTree = BUILT_PRODUCTS_DIR; };
		DEC29EF0258419FC00BF56EE /* SDKHostAppUITests.swift */ = {isa = PBXFileReference; lastKnownFileType = sourcecode.swift; path = SDKHostAppUITests.swift; sourceTree = "<group>"; };
		DEC29EF2258419FC00BF56EE /* Info.plist */ = {isa = PBXFileReference; lastKnownFileType = text.plist.xml; path = Info.plist; sourceTree = "<group>"; };
		DEC29F1A25841A9400BF56EE /* SDKHostApp.entitlements */ = {isa = PBXFileReference; lastKnownFileType = text.plist.entitlements; path = SDKHostApp.entitlements; sourceTree = "<group>"; };
		DEC30C01258BECEB00A77A57 /* JSONNetworkController.swift */ = {isa = PBXFileReference; lastKnownFileType = sourcecode.swift; path = JSONNetworkController.swift; sourceTree = "<group>"; };
		DEC75CB32508312F00F40296 /* Connection+Storage.swift */ = {isa = PBXFileReference; lastKnownFileType = sourcecode.swift; path = "Connection+Storage.swift"; sourceTree = "<group>"; };
		DEC75CB625092B8600F40296 /* PermissionsRequestor.swift */ = {isa = PBXFileReference; lastKnownFileType = sourcecode.swift; path = PermissionsRequestor.swift; sourceTree = "<group>"; };
		DEC75CB8250973F600F40296 /* Library.swift */ = {isa = PBXFileReference; lastKnownFileType = sourcecode.swift; path = Library.swift; sourceTree = "<group>"; };
		DEC75CBA2509741F00F40296 /* LocationLibrary.swift */ = {isa = PBXFileReference; lastKnownFileType = sourcecode.swift; path = LocationLibrary.swift; sourceTree = "<group>"; };
		DEC75CBC250A73E000F40296 /* RegionEventsRegistry.swift */ = {isa = PBXFileReference; lastKnownFileType = sourcecode.swift; path = RegionEventsRegistry.swift; sourceTree = "<group>"; };
		DEC8803C242BB0BA00E0286C /* LocationService.swift */ = {isa = PBXFileReference; lastKnownFileType = sourcecode.swift; path = LocationService.swift; sourceTree = "<group>"; };
		DEC8E16E2583F34400ACE8B9 /* RegionsMonitorTests.swift */ = {isa = PBXFileReference; lastKnownFileType = sourcecode.swift; path = RegionsMonitorTests.swift; sourceTree = "<group>"; };
		DEF4A4912587B9EB00735E98 /* Array+Helpers.swift */ = {isa = PBXFileReference; lastKnownFileType = sourcecode.swift; path = "Array+Helpers.swift"; sourceTree = "<group>"; };
		DEF4A4962587BA1A00735E98 /* ArrayHelpersTests.swift */ = {isa = PBXFileReference; lastKnownFileType = sourcecode.swift; path = ArrayHelpersTests.swift; sourceTree = "<group>"; };
		FC04FE1A21501A8F008AC8A5 /* AboutViewController.swift */ = {isa = PBXFileReference; lastKnownFileType = sourcecode.swift; path = AboutViewController.swift; sourceTree = "<group>"; };
		FC094BA6215ED72F008B35F6 /* Color.swift */ = {isa = PBXFileReference; lastKnownFileType = sourcecode.swift; path = Color.swift; sourceTree = "<group>"; };
		FC1F491322710B62008A1B21 /* Connection_ParsingTests.swift */ = {isa = PBXFileReference; lastKnownFileType = sourcecode.swift; path = Connection_ParsingTests.swift; sourceTree = "<group>"; };
		FC1F491522710BE4008A1B21 /* fetch_connection_response.json */ = {isa = PBXFileReference; lastKnownFileType = text.json; path = fetch_connection_response.json; sourceTree = "<group>"; };
		FC22B19321ACA54000738023 /* ImageCache.swift */ = {isa = PBXFileReference; lastKnownFileType = sourcecode.swift; path = ImageCache.swift; sourceTree = "<group>"; };
		FC22B19521ACA54A00738023 /* ImageDownloader.swift */ = {isa = PBXFileReference; lastKnownFileType = sourcecode.swift; path = ImageDownloader.swift; sourceTree = "<group>"; };
		FC22B19921ACCD9C00738023 /* ConstraintsMaker.swift */ = {isa = PBXFileReference; lastKnownFileType = sourcecode.swift; path = ConstraintsMaker.swift; sourceTree = "<group>"; };
		FC22B19B21ACCDA600738023 /* PillView.swift */ = {isa = PBXFileReference; lastKnownFileType = sourcecode.swift; path = PillView.swift; sourceTree = "<group>"; };
		FC22B19D21ACCDAC00738023 /* PillButton.swift */ = {isa = PBXFileReference; lastKnownFileType = sourcecode.swift; path = PillButton.swift; sourceTree = "<group>"; };
		FC22B19F21ACCDB200738023 /* Selectable.swift */ = {isa = PBXFileReference; lastKnownFileType = sourcecode.swift; path = Selectable.swift; sourceTree = "<group>"; };
		FC22B1A121ACCDC000738023 /* SelectGestureRecognizer.swift */ = {isa = PBXFileReference; lastKnownFileType = sourcecode.swift; path = SelectGestureRecognizer.swift; sourceTree = "<group>"; };
		FC22B1A321ACCDF800738023 /* PassthroughView.swift */ = {isa = PBXFileReference; lastKnownFileType = sourcecode.swift; path = PassthroughView.swift; sourceTree = "<group>"; };
		FC22B1A521ACCE5E00738023 /* UIKit+ConvenienceInit.swift */ = {isa = PBXFileReference; lastKnownFileType = sourcecode.swift; path = "UIKit+ConvenienceInit.swift"; sourceTree = "<group>"; };
		FC2573122139E8CC0065AAD6 /* ConnectButton.swift */ = {isa = PBXFileReference; lastKnownFileType = sourcecode.swift; path = ConnectButton.swift; sourceTree = "<group>"; };
		FC28D7E42225B1E900D84A1B /* ServiceIconsNetworkController.swift */ = {isa = PBXFileReference; lastKnownFileType = sourcecode.swift; path = ServiceIconsNetworkController.swift; sourceTree = "<group>"; };
		FC361B60224D872D0078B153 /* ProgressBarController.swift */ = {isa = PBXFileReference; lastKnownFileType = sourcecode.swift; path = ProgressBarController.swift; sourceTree = "<group>"; };
		FC44F54321B75BF3005DA954 /* LocalizedStrings.swift */ = {isa = PBXFileReference; lastKnownFileType = sourcecode.swift; path = LocalizedStrings.swift; sourceTree = "<group>"; };
		FC74F1D72152AE4D00035A66 /* ConnectButtonController.swift */ = {isa = PBXFileReference; lastKnownFileType = sourcecode.swift; path = ConnectButtonController.swift; sourceTree = "<group>"; };
		FC75F93B22386626007C2DDB /* ConnectionActivationFlow.swift */ = {isa = PBXFileReference; lastKnownFileType = sourcecode.swift; path = ConnectionActivationFlow.swift; sourceTree = "<group>"; };
		FC75F93D22387164007C2DDB /* URLComponents+email.swift */ = {isa = PBXFileReference; lastKnownFileType = sourcecode.swift; path = "URLComponents+email.swift"; sourceTree = "<group>"; };
		FC7F13A121B06E34002AD8FB /* ImageViewNetworkController.swift */ = {isa = PBXFileReference; lastKnownFileType = sourcecode.swift; path = ImageViewNetworkController.swift; sourceTree = "<group>"; };
		FC84B84B21C4321F00BAF7ED /* Links.swift */ = {isa = PBXFileReference; lastKnownFileType = sourcecode.swift; path = Links.swift; sourceTree = "<group>"; };
		FC84B85221C43A3000BAF7ED /* LegalTermsText.swift */ = {isa = PBXFileReference; lastKnownFileType = sourcecode.swift; path = LegalTermsText.swift; sourceTree = "<group>"; };
		FCBA15EA21389F7500EB1BC8 /* IFTTTConnectSDK.framework */ = {isa = PBXFileReference; explicitFileType = wrapper.framework; includeInIndex = 0; path = IFTTTConnectSDK.framework; sourceTree = BUILT_PRODUCTS_DIR; };
		FCBA15ED21389F7500EB1BC8 /* IFTTT_SDK.h */ = {isa = PBXFileReference; lastKnownFileType = sourcecode.c.h; path = IFTTT_SDK.h; sourceTree = "<group>"; };
		FCBA15EE21389F7500EB1BC8 /* Info.plist */ = {isa = PBXFileReference; lastKnownFileType = text.plist.xml; path = Info.plist; sourceTree = "<group>"; };
		FCBA16042138A4EE00EB1BC8 /* Connection.swift */ = {isa = PBXFileReference; lastKnownFileType = sourcecode.swift; path = Connection.swift; sourceTree = "<group>"; };
		FCC6DEB1215D90DD008C8405 /* Assets.swift */ = {isa = PBXFileReference; lastKnownFileType = sourcecode.swift; path = Assets.swift; sourceTree = "<group>"; };
		FCF0C4E321B0A97000DEB117 /* ConnectionNetworkError.swift */ = {isa = PBXFileReference; lastKnownFileType = sourcecode.swift; path = ConnectionNetworkError.swift; sourceTree = "<group>"; };
		FCF29FC42187C7E0004B1100 /* JSON.swift */ = {isa = PBXFileReference; lastKnownFileType = sourcecode.swift; path = JSON.swift; sourceTree = "<group>"; };
		FCF29FCA2187D0E3004B1100 /* User.swift */ = {isa = PBXFileReference; lastKnownFileType = sourcecode.swift; path = User.swift; sourceTree = "<group>"; };
/* End PBXFileReference section */

/* Begin PBXFrameworksBuildPhase section */
		DEC29EC9258419FB00BF56EE /* Frameworks */ = {
			isa = PBXFrameworksBuildPhase;
			buildActionMask = 2147483647;
			files = (
				DEC29F1F25841D7C00BF56EE /* IFTTTConnectSDK.framework in Frameworks */,
			);
			runOnlyForDeploymentPostprocessing = 0;
		};
		DEC29EDE258419FC00BF56EE /* Frameworks */ = {
			isa = PBXFrameworksBuildPhase;
			buildActionMask = 2147483647;
			files = (
			);
			runOnlyForDeploymentPostprocessing = 0;
		};
		DEC29EE9258419FC00BF56EE /* Frameworks */ = {
			isa = PBXFrameworksBuildPhase;
			buildActionMask = 2147483647;
			files = (
			);
			runOnlyForDeploymentPostprocessing = 0;
		};
		FCBA15E721389F7500EB1BC8 /* Frameworks */ = {
			isa = PBXFrameworksBuildPhase;
			buildActionMask = 2147483647;
			files = (
			);
			runOnlyForDeploymentPostprocessing = 0;
		};
/* End PBXFrameworksBuildPhase section */

/* Begin PBXGroup section */
		1D453EF022972910001994FF /* ConnectButton */ = {
			isa = PBXGroup;
			children = (
				FC2573122139E8CC0065AAD6 /* ConnectButton.swift */,
				1D453EE922972407001994FF /* ConnectButton+SwitchControl.swift */,
				1D453EEB2297246C001994FF /* ConnectButton+CheckmarkView.swift */,
				1D453EE12297222D001994FF /* ConnectButton+Interaction.swift */,
				1D453EDB2297213E001994FF /* ConnectButton+Service.swift */,
				1D453EDD2297216A001994FF /* ConnectButton+AnimationState.swift */,
				1D453EDF2297218E001994FF /* ConnectButton+Transition.swift */,
				1D453EE32297230C001994FF /* ConnectButton+LabelValue.swift */,
				1D453EE52297236C001994FF /* ConnectButton+LabelAnimator.swift */,
				1D453EE7229723CA001994FF /* ConnectButton+ProgressBar.swift */,
				1D453ED722971C5C001994FF /* ConnectButton+Style.swift */,
				1D453ED9229720AB001994FF /* ConnectButton+Constants.swift */,
			);
			name = ConnectButton;
			sourceTree = "<group>";
		};
		1DFE02112190E44400856ABC /* Connection */ = {
			isa = PBXGroup;
			children = (
				FCBA16042138A4EE00EB1BC8 /* Connection.swift */,
				1DFE020A2190E39B00856ABC /* Connection+Request.swift */,
			);
			name = Connection;
			sourceTree = "<group>";
		};
		DE1F036E26A8A33F00B6CF1A /* Web Service Authentication */ = {
			isa = PBXGroup;
			children = (
				DE7666E623997568005D6DE3 /* ConnectionVerificationSession.swift */,
				DE7666E8239990C5005D6DE3 /* WebServiceAuthentication.swift */,
				DE1F036826A8A20A00B6CF1A /* ASWebServiceAuthentication.swift */,
				DE1F036A26A8A24500B6CF1A /* SFWebServiceAuthentication.swift */,
				DE1F036C26A8A29800B6CF1A /* SignInWithAppleAuthentication.swift */,
				DE1F037126A8AD2600B6CF1A /* AuthenticationSessionPresentationContextProvider.swift */,
			);
			name = "Web Service Authentication";
			sourceTree = "<group>";
		};
		DE2AE47E27270FD800C4794A /* Reporting */ = {
			isa = PBXGroup;
			children = (
				DE2AE47F27270FED00C4794A /* LocationEventReporter.swift */,
				DE2AE4832727106800C4794A /* LocationEventStore.swift */,
			);
			name = Reporting;
			sourceTree = "<group>";
		};
		DE3074A523DB505400A3C71F /* Analytics */ = {
			isa = PBXGroup;
			children = (
				DE25265523D8C49D0019C9CB /* Analytics.swift */,
				DE3074A623DB506D00A3C71F /* AnalyticsNetworkController.swift */,
				DE3074A823DB50A800A3C71F /* Analytics+DataStructures.swift */,
			);
			name = Analytics;
			sourceTree = "<group>";
		};
		DE4A4C5C24363284004082BF /* Monitoring */ = {
			isa = PBXGroup;
			children = (
				DE328DC7243E2FC300603EAC /* SynchronizationTriggerEvent.swift */,
				DE328DB5243CBCB000603EAC /* EventPublisher.swift */,
				DEC08FF9242A5DD4007D7039 /* ConnectionsMonitor.swift */,
				DE4A4C5D243632A7004082BF /* SynchronizationSubscriber.swift */,
				DE4A4C5F2436340C004082BF /* SynchronizationManager.swift */,
				DE4A4C612436409C004082BF /* SynchronizationScheduler.swift */,
				DE328DBB243E185800603EAC /* ConnectionsRegistry.swift */,
				DE328DBF243E1DC000603EAC /* RegionsMonitor.swift */,
				DE328DC1243E1DED00603EAC /* LocationMonitor.swift */,
				DEC75CBC250A73E000F40296 /* RegionEventsRegistry.swift */,
			);
			name = Monitoring;
			sourceTree = "<group>";
		};
		DEC29ECD258419FB00BF56EE /* SDKHostApp */ = {
			isa = PBXGroup;
			children = (
				DEC29F1A25841A9400BF56EE /* SDKHostApp.entitlements */,
				DEC29ECE258419FB00BF56EE /* AppDelegate.swift */,
				DEC29ED0258419FB00BF56EE /* SceneDelegate.swift */,
				DEC29ED2258419FB00BF56EE /* ContentView.swift */,
				DEC29ED4258419FC00BF56EE /* Assets.xcassets */,
				DEC29ED9258419FC00BF56EE /* LaunchScreen.storyboard */,
				DEC29EDC258419FC00BF56EE /* Info.plist */,
				DEC29ED6258419FC00BF56EE /* Preview Content */,
			);
			path = SDKHostApp;
			sourceTree = "<group>";
		};
		DEC29ED6258419FC00BF56EE /* Preview Content */ = {
			isa = PBXGroup;
			children = (
				DEC29ED7258419FC00BF56EE /* Preview Assets.xcassets */,
			);
			path = "Preview Content";
			sourceTree = "<group>";
		};
		DEC29EE4258419FC00BF56EE /* SDKHostAppTests */ = {
			isa = PBXGroup;
			children = (
				1D6E554621CBF4F200FE66F0 /* String_EmailDataDetectorTests.swift */,
				FC1F491322710B62008A1B21 /* Connection_ParsingTests.swift */,
				1D6E554521CBF4F200FE66F0 /* IFTTT SDKTests-Bridging-Header.h */,
				FC1F491522710BE4008A1B21 /* fetch_connection_response.json */,
				DE3D325829943CA4001FF335 /* fetch_multiple_feature_fields_connection_response.json */,
				DE328DC92440CD7900603EAC /* CLRegion+Parsing_spec.swift */,
				DE328DCB2440CEA500603EAC /* EventPublisherTests.swift */,
				DE328DCD2440E89600603EAC /* ConnectionsRegistryTests.swift */,
				DE1712BC2565B295000B13E6 /* RegionEventsRegistryTests.swift */,
				DEC8E16E2583F34400ACE8B9 /* RegionsMonitorTests.swift */,
				DEC29DE525840DE300BF56EE /* LocationServiceTests.swift */,
				DEC29EE7258419FC00BF56EE /* Info.plist */,
				DEF4A4962587BA1A00735E98 /* ArrayHelpersTests.swift */,
				DE260F6A26CAFC20004191D1 /* SynchronizationSchedulerTests.swift */,
				DE2AE45B2721DD9E00C4794A /* LocationEventReporterTests.swift */,
				DE2AE45D2721EBFD00C4794A /* LocationEventStoreTests.swift */,
			);
			path = SDKHostAppTests;
			sourceTree = "<group>";
		};
		DEC29EEF258419FC00BF56EE /* SDKHostAppUITests */ = {
			isa = PBXGroup;
			children = (
				DEC29EF0258419FC00BF56EE /* SDKHostAppUITests.swift */,
				DEC29EF2258419FC00BF56EE /* Info.plist */,
			);
			path = SDKHostAppUITests;
			sourceTree = "<group>";
		};
		DEC75CB525092B6100F40296 /* Native Services */ = {
			isa = PBXGroup;
			children = (
				DE328DB3243CBC9700603EAC /* ConnectionsSynchronizer.swift */,
				DEC8803C242BB0BA00E0286C /* LocationService.swift */,
				DEC75CB625092B8600F40296 /* PermissionsRequestor.swift */,
				DEC75CB8250973F600F40296 /* Library.swift */,
				DEC75CBA2509741F00F40296 /* LocationLibrary.swift */,
			);
			name = "Native Services";
			sourceTree = "<group>";
		};
		FC425EBC227233A10020967F /* Extensions */ = {
			isa = PBXGroup;
			children = (
				1DFE02062190E2E600856ABC /* Notification+Redirect.swift */,
				1DFE02122190E4D300856ABC /* URLRequest+CommonValues.swift */,
				1DFE02162190E58700856ABC /* URLSession+JSONTask.swift */,
				DE2F524B242940AD00EF986A /* CLCircularRegion+Parsing.swift */,
				DEC08FF1242948C3007D7039 /* Set+Helpers.swift */,
				DEC08FFB242BAB25007D7039 /* Bundle+Helpers.swift */,
				DEF4A4912587B9EB00735E98 /* Array+Helpers.swift */,
			);
			name = Extensions;
			sourceTree = "<group>";
		};
		FC84B84D21C437B400BAF7ED /* Views */ = {
			isa = PBXGroup;
			children = (
				FC22B1A521ACCE5E00738023 /* UIKit+ConvenienceInit.swift */,
				FC22B19921ACCD9C00738023 /* ConstraintsMaker.swift */,
				FC22B19B21ACCDA600738023 /* PillView.swift */,
				FC22B19D21ACCDAC00738023 /* PillButton.swift */,
				FC22B1A321ACCDF800738023 /* PassthroughView.swift */,
				FC22B19F21ACCDB200738023 /* Selectable.swift */,
				FC22B1A121ACCDC000738023 /* SelectGestureRecognizer.swift */,
			);
			name = Views;
			sourceTree = "<group>";
		};
		FC84B84E21C437D500BAF7ED /* Models */ = {
			isa = PBXGroup;
			children = (
				DE3761FF22DF75CB00F8BD38 /* ConnectionDeeplinkAction.swift */,
				FCF29FC42187C7E0004B1100 /* JSON.swift */,
				FC75F93B22386626007C2DDB /* ConnectionActivationFlow.swift */,
				FC75F93D22387164007C2DDB /* URLComponents+email.swift */,
				FCF29FCA2187D0E3004B1100 /* User.swift */,
				DE2F52492429404200EF986A /* Connection+Location.swift */,
				DE2906D2242BF66E00CC2825 /* Connection+Parsing.swift */,
				DEC75CB32508312F00F40296 /* Connection+Storage.swift */,
				DEC08FEF2429469C007D7039 /* NativeServices.swift */,
			);
			name = Models;
			sourceTree = "<group>";
		};
		FC84B85021C437E900BAF7ED /* Images */ = {
			isa = PBXGroup;
			children = (
				FC22B19321ACA54000738023 /* ImageCache.swift */,
				FC22B19521ACA54A00738023 /* ImageDownloader.swift */,
				FC7F13A121B06E34002AD8FB /* ImageViewNetworkController.swift */,
				FC28D7E42225B1E900D84A1B /* ServiceIconsNetworkController.swift */,
			);
			name = Images;
			sourceTree = "<group>";
		};
		FC84B85121C437FB00BAF7ED /* Pages */ = {
			isa = PBXGroup;
			children = (
				FC04FE1A21501A8F008AC8A5 /* AboutViewController.swift */,
			);
			name = Pages;
			sourceTree = "<group>";
		};
		FCBA15E021389F7500EB1BC8 = {
			isa = PBXGroup;
			children = (
				B545250525A84C20004E2BA8 /* Package.swift */,
				FCBA15EC21389F7500EB1BC8 /* IFTTT SDK */,
				DEC29ECD258419FB00BF56EE /* SDKHostApp */,
				DEC29EE4258419FC00BF56EE /* SDKHostAppTests */,
				DEC29EEF258419FC00BF56EE /* SDKHostAppUITests */,
				FCBA15EB21389F7500EB1BC8 /* Products */,
				FCBA16202139ACF500EB1BC8 /* Frameworks */,
			);
			sourceTree = "<group>";
		};
		FCBA15EB21389F7500EB1BC8 /* Products */ = {
			isa = PBXGroup;
			children = (
				FCBA15EA21389F7500EB1BC8 /* IFTTTConnectSDK.framework */,
				DEC29ECC258419FB00BF56EE /* SDKHostApp.app */,
				DEC29EE1258419FC00BF56EE /* SDKHostAppTests.xctest */,
				DEC29EEC258419FC00BF56EE /* SDKHostAppUITests.xctest */,
			);
			name = Products;
			sourceTree = "<group>";
		};
		FCBA15EC21389F7500EB1BC8 /* IFTTT SDK */ = {
			isa = PBXGroup;
			children = (
				FCBA15ED21389F7500EB1BC8 /* IFTTT_SDK.h */,
				FCBA15EE21389F7500EB1BC8 /* Info.plist */,
				FCF29FC92187CF71004B1100 /* Public */,
				FCF29FC32187B903004B1100 /* Internal */,
				FCF29FC82187CF33004B1100 /* Resources */,
			);
			path = "IFTTT SDK";
			sourceTree = "<group>";
		};
		FCBA16202139ACF500EB1BC8 /* Frameworks */ = {
			isa = PBXGroup;
			children = (
			);
			name = Frameworks;
			sourceTree = "<group>";
		};
		FCF29FC32187B903004B1100 /* Internal */ = {
			isa = PBXGroup;
			children = (
				DE2AE47E27270FD800C4794A /* Reporting */,
				DE1F036E26A8A33F00B6CF1A /* Web Service Authentication */,
				DEC75CB525092B6100F40296 /* Native Services */,
				1DFE020C2190E3DB00856ABC /* API.swift */,
				DE3074A523DB505400A3C71F /* Analytics */,
				FC425EBC227233A10020967F /* Extensions */,
				FC84B85121C437FB00BAF7ED /* Pages */,
				FC84B85021C437E900BAF7ED /* Images */,
				FC84B84E21C437D500BAF7ED /* Models */,
				DE4A4C5C24363284004082BF /* Monitoring */,
				FC84B84D21C437B400BAF7ED /* Views */,
				6FD1A491287763AD0075626D /* Font.swift */,
				FC094BA6215ED72F008B35F6 /* Color.swift */,
				FCC6DEB1215D90DD008C8405 /* Assets.swift */,
				FC44F54321B75BF3005DA954 /* LocalizedStrings.swift */,
				FC84B84B21C4321F00BAF7ED /* Links.swift */,
				FC84B85221C43A3000BAF7ED /* LegalTermsText.swift */,
				1D7918402227202700429936 /* Reachability.swift */,
				FC361B60224D872D0078B153 /* ProgressBarController.swift */,
				DE4C5FF922CFE570009C7AF9 /* EmailValidator.swift */,
				DE328DBD243E18BB00603EAC /* Keychain.swift */,
				DEBC3C8125421D600052A8CB /* ConnectButtonController+Logging.swift */,
			);
			name = Internal;
			sourceTree = "<group>";
		};
		FCF29FC82187CF33004B1100 /* Resources */ = {
			isa = PBXGroup;
			children = (
				B556032425A851EE00A29A01 /* Localizable_cs.strings */,
				B556031A25A851ED00A29A01 /* Localizable_da.strings */,
				B556032125A851ED00A29A01 /* Localizable_de.strings */,
				B556030F25A851ED00A29A01 /* Localizable_en-GB.strings */,
				B556031E25A851ED00A29A01 /* Localizable_en-US.strings */,
				B556031B25A851ED00A29A01 /* Localizable_es-419.strings */,
				B556031125A851ED00A29A01 /* Localizable_es.strings */,
				B556031225A851ED00A29A01 /* Localizable_fi.strings */,
				B556031325A851ED00A29A01 /* Localizable_fr-CA.strings */,
				B556030E25A851ED00A29A01 /* Localizable_fr.strings */,
				B556031925A851ED00A29A01 /* Localizable_it.strings */,
				B556031425A851ED00A29A01 /* Localizable_ja.strings */,
				B556031725A851ED00A29A01 /* Localizable_ko.strings */,
				B556031525A851ED00A29A01 /* Localizable_nb.strings */,
				B556032525A851EE00A29A01 /* Localizable_nl.strings */,
				B556031825A851ED00A29A01 /* Localizable_pl.strings */,
				B556031025A851ED00A29A01 /* Localizable_pt-BR.strings */,
				B556032225A851ED00A29A01 /* Localizable_pt-PT.strings */,
				B556031C25A851ED00A29A01 /* Localizable_ru.strings */,
				B556031D25A851ED00A29A01 /* Localizable_sv.strings */,
				B556031625A851ED00A29A01 /* Localizable_zh-Hans.strings */,
				B556032325A851ED00A29A01 /* Localizable_zh-Hant.strings */,
				B556031F25A851ED00A29A01 /* Localizable.strings */,
				B556032025A851ED00A29A01 /* Assets.xcassets */,
			);
			name = Resources;
			sourceTree = "<group>";
		};
		FCF29FC92187CF71004B1100 /* Public */ = {
			isa = PBXGroup;
			children = (
				1DFE02112190E44400856ABC /* Connection */,
				1D453EF022972910001994FF /* ConnectButton */,
				FC74F1D72152AE4D00035A66 /* ConnectButtonController.swift */,
				1D4B50A92194857A004D1559 /* ConnectionNetworkController.swift */,
				1D4B50AB21949223004D1559 /* ConnectionConfiguration.swift */,
				1DFE02082190E35300856ABC /* ConnectionRedirectHandler.swift */,
				1DFE02042190E25500856ABC /* ConnectionCredentialProvider.swift */,
				FCF0C4E321B0A97000DEB117 /* ConnectionNetworkError.swift */,
				DE641D87252B7BC900C56FF9 /* ConnectButtonController+Public.swift */,
				DEC30C01258BECEB00A77A57 /* JSONNetworkController.swift */,
				1D981C32219210D7001784C4 /* Result+Queries.swift */,
				DE2AE4812727103F00C4794A /* LocationEvent.swift */,
				DE2AE4852727132E00C4794A /* RegionEvent.swift */,
			);
			name = Public;
			sourceTree = "<group>";
		};
/* End PBXGroup section */

/* Begin PBXHeadersBuildPhase section */
		FCBA15E521389F7500EB1BC8 /* Headers */ = {
			isa = PBXHeadersBuildPhase;
			buildActionMask = 2147483647;
			files = (
				FCBA15FB21389F7500EB1BC8 /* IFTTT_SDK.h in Headers */,
			);
			runOnlyForDeploymentPostprocessing = 0;
		};
/* End PBXHeadersBuildPhase section */

/* Begin PBXNativeTarget section */
		DEC29ECB258419FB00BF56EE /* SDKHostApp */ = {
			isa = PBXNativeTarget;
			buildConfigurationList = DEC29EF3258419FC00BF56EE /* Build configuration list for PBXNativeTarget "SDKHostApp" */;
			buildPhases = (
				DEC29EC8258419FB00BF56EE /* Sources */,
				DEC29EC9258419FB00BF56EE /* Frameworks */,
				DEC29ECA258419FB00BF56EE /* Resources */,
				DEC29F2325841D7C00BF56EE /* Embed Frameworks */,
			);
			buildRules = (
			);
			dependencies = (
				DEC29F2225841D7C00BF56EE /* PBXTargetDependency */,
			);
			name = SDKHostApp;
			productName = SDKHostApp;
			productReference = DEC29ECC258419FB00BF56EE /* SDKHostApp.app */;
			productType = "com.apple.product-type.application";
		};
		DEC29EE0258419FC00BF56EE /* SDKHostAppTests */ = {
			isa = PBXNativeTarget;
			buildConfigurationList = DEC29EF6258419FC00BF56EE /* Build configuration list for PBXNativeTarget "SDKHostAppTests" */;
			buildPhases = (
				DEC29EDD258419FC00BF56EE /* Sources */,
				DEC29EDE258419FC00BF56EE /* Frameworks */,
				DEC29EDF258419FC00BF56EE /* Resources */,
			);
			buildRules = (
			);
			dependencies = (
				DEC29EE3258419FC00BF56EE /* PBXTargetDependency */,
			);
			name = SDKHostAppTests;
			productName = SDKHostAppTests;
			productReference = DEC29EE1258419FC00BF56EE /* SDKHostAppTests.xctest */;
			productType = "com.apple.product-type.bundle.unit-test";
		};
		DEC29EEB258419FC00BF56EE /* SDKHostAppUITests */ = {
			isa = PBXNativeTarget;
			buildConfigurationList = DEC29EF9258419FC00BF56EE /* Build configuration list for PBXNativeTarget "SDKHostAppUITests" */;
			buildPhases = (
				DEC29EE8258419FC00BF56EE /* Sources */,
				DEC29EE9258419FC00BF56EE /* Frameworks */,
				DEC29EEA258419FC00BF56EE /* Resources */,
			);
			buildRules = (
			);
			dependencies = (
				DEC29EEE258419FC00BF56EE /* PBXTargetDependency */,
			);
			name = SDKHostAppUITests;
			productName = SDKHostAppUITests;
			productReference = DEC29EEC258419FC00BF56EE /* SDKHostAppUITests.xctest */;
			productType = "com.apple.product-type.bundle.ui-testing";
		};
		FCBA15E921389F7500EB1BC8 /* IFTTTConnectSDK */ = {
			isa = PBXNativeTarget;
			buildConfigurationList = FCBA15FE21389F7500EB1BC8 /* Build configuration list for PBXNativeTarget "IFTTTConnectSDK" */;
			buildPhases = (
				FCBA15E521389F7500EB1BC8 /* Headers */,
				FCBA15E621389F7500EB1BC8 /* Sources */,
				FCBA15E721389F7500EB1BC8 /* Frameworks */,
				FCBA15E821389F7500EB1BC8 /* Resources */,
			);
			buildRules = (
			);
			dependencies = (
			);
			name = IFTTTConnectSDK;
			productName = "IFTTT SDK";
			productReference = FCBA15EA21389F7500EB1BC8 /* IFTTTConnectSDK.framework */;
			productType = "com.apple.product-type.framework";
		};
/* End PBXNativeTarget section */

/* Begin PBXProject section */
		FCBA15E121389F7500EB1BC8 /* Project object */ = {
			isa = PBXProject;
			attributes = {
				LastSwiftUpdateCheck = 1220;
				LastUpgradeCheck = 1000;
				ORGANIZATIONNAME = IFTTT;
				TargetAttributes = {
					DEC29ECB258419FB00BF56EE = {
						CreatedOnToolsVersion = 12.2;
					};
					DEC29EE0258419FC00BF56EE = {
						CreatedOnToolsVersion = 12.2;
						TestTargetID = DEC29ECB258419FB00BF56EE;
					};
					DEC29EEB258419FC00BF56EE = {
						CreatedOnToolsVersion = 12.2;
						TestTargetID = DEC29ECB258419FB00BF56EE;
					};
					FCBA15E921389F7500EB1BC8 = {
						CreatedOnToolsVersion = 10.0;
						LastSwiftMigration = 1020;
					};
				};
			};
			buildConfigurationList = FCBA15E421389F7500EB1BC8 /* Build configuration list for PBXProject "IFTTT SDK" */;
			compatibilityVersion = "Xcode 9.3";
			developmentRegion = en;
			hasScannedForEncodings = 0;
			knownRegions = (
				en,
				Base,
			);
			mainGroup = FCBA15E021389F7500EB1BC8;
			productRefGroup = FCBA15EB21389F7500EB1BC8 /* Products */;
			projectDirPath = "";
			projectRoot = "";
			targets = (
				FCBA15E921389F7500EB1BC8 /* IFTTTConnectSDK */,
				DEC29ECB258419FB00BF56EE /* SDKHostApp */,
				DEC29EE0258419FC00BF56EE /* SDKHostAppTests */,
				DEC29EEB258419FC00BF56EE /* SDKHostAppUITests */,
			);
		};
/* End PBXProject section */

/* Begin PBXResourcesBuildPhase section */
		DEC29ECA258419FB00BF56EE /* Resources */ = {
			isa = PBXResourcesBuildPhase;
			buildActionMask = 2147483647;
			files = (
				DEC29EDB258419FC00BF56EE /* LaunchScreen.storyboard in Resources */,
				DEC29ED8258419FC00BF56EE /* Preview Assets.xcassets in Resources */,
				DEC29ED5258419FC00BF56EE /* Assets.xcassets in Resources */,
			);
			runOnlyForDeploymentPostprocessing = 0;
		};
		DEC29EDF258419FC00BF56EE /* Resources */ = {
			isa = PBXResourcesBuildPhase;
			buildActionMask = 2147483647;
			files = (
				DEC29F1525841A5200BF56EE /* fetch_connection_response.json in Resources */,
				DE3D325929944120001FF335 /* fetch_multiple_feature_fields_connection_response.json in Resources */,
			);
			runOnlyForDeploymentPostprocessing = 0;
		};
		DEC29EEA258419FC00BF56EE /* Resources */ = {
			isa = PBXResourcesBuildPhase;
			buildActionMask = 2147483647;
			files = (
			);
			runOnlyForDeploymentPostprocessing = 0;
		};
		FCBA15E821389F7500EB1BC8 /* Resources */ = {
			isa = PBXResourcesBuildPhase;
			buildActionMask = 2147483647;
			files = (
				B556033325A851EE00A29A01 /* Localizable_es-419.strings in Resources */,
				B556033D25A851EE00A29A01 /* Localizable_nl.strings in Resources */,
				B556032825A851EE00A29A01 /* Localizable_pt-BR.strings in Resources */,
				B556033025A851EE00A29A01 /* Localizable_pl.strings in Resources */,
				B556033825A851EE00A29A01 /* Assets.xcassets in Resources */,
				B556033B25A851EE00A29A01 /* Localizable_zh-Hant.strings in Resources */,
				B556032625A851EE00A29A01 /* Localizable_fr.strings in Resources */,
				B556033225A851EE00A29A01 /* Localizable_da.strings in Resources */,
				B556032C25A851EE00A29A01 /* Localizable_ja.strings in Resources */,
				B556032F25A851EE00A29A01 /* Localizable_ko.strings in Resources */,
				B556033A25A851EE00A29A01 /* Localizable_pt-PT.strings in Resources */,
				B556033425A851EE00A29A01 /* Localizable_ru.strings in Resources */,
				B556033525A851EE00A29A01 /* Localizable_sv.strings in Resources */,
				B556032725A851EE00A29A01 /* Localizable_en-GB.strings in Resources */,
				B556032A25A851EE00A29A01 /* Localizable_fi.strings in Resources */,
				B556033925A851EE00A29A01 /* Localizable_de.strings in Resources */,
				B556032925A851EE00A29A01 /* Localizable_es.strings in Resources */,
				B556033C25A851EE00A29A01 /* Localizable_cs.strings in Resources */,
				B556033625A851EE00A29A01 /* Localizable_en-US.strings in Resources */,
				B556033725A851EE00A29A01 /* Localizable.strings in Resources */,
				B556033125A851EE00A29A01 /* Localizable_it.strings in Resources */,
				B556032B25A851EE00A29A01 /* Localizable_fr-CA.strings in Resources */,
				B556032E25A851EE00A29A01 /* Localizable_zh-Hans.strings in Resources */,
				B556032D25A851EE00A29A01 /* Localizable_nb.strings in Resources */,
			);
			runOnlyForDeploymentPostprocessing = 0;
		};
/* End PBXResourcesBuildPhase section */

/* Begin PBXSourcesBuildPhase section */
		DEC29EC8258419FB00BF56EE /* Sources */ = {
			isa = PBXSourcesBuildPhase;
			buildActionMask = 2147483647;
			files = (
				DEC29ECF258419FB00BF56EE /* AppDelegate.swift in Sources */,
				DEC29ED1258419FB00BF56EE /* SceneDelegate.swift in Sources */,
				DEC29ED3258419FB00BF56EE /* ContentView.swift in Sources */,
			);
			runOnlyForDeploymentPostprocessing = 0;
		};
		DEC29EDD258419FC00BF56EE /* Sources */ = {
			isa = PBXSourcesBuildPhase;
			buildActionMask = 2147483647;
			files = (
				DEC29F0425841A0800BF56EE /* CLRegion+Parsing_spec.swift in Sources */,
				DE2AE45C2721DD9E00C4794A /* LocationEventReporterTests.swift in Sources */,
				DEC29F0325841A0800BF56EE /* RegionEventsRegistryTests.swift in Sources */,
				DEC29F0825841A0800BF56EE /* LocationServiceTests.swift in Sources */,
				DEC29F0725841A0800BF56EE /* ConnectionsRegistryTests.swift in Sources */,
				DEC29F0125841A0800BF56EE /* String_EmailDataDetectorTests.swift in Sources */,
				DEC29F0525841A0800BF56EE /* RegionsMonitorTests.swift in Sources */,
				DE2AE45E2721EBFE00C4794A /* LocationEventStoreTests.swift in Sources */,
				DEC29F0625841A0800BF56EE /* Connection_ParsingTests.swift in Sources */,
				DE260F6B26CAFC20004191D1 /* SynchronizationSchedulerTests.swift in Sources */,
				DEF4A4972587BA1A00735E98 /* ArrayHelpersTests.swift in Sources */,
				DEC29F0225841A0800BF56EE /* EventPublisherTests.swift in Sources */,
			);
			runOnlyForDeploymentPostprocessing = 0;
		};
		DEC29EE8258419FC00BF56EE /* Sources */ = {
			isa = PBXSourcesBuildPhase;
			buildActionMask = 2147483647;
			files = (
				DEC29EF1258419FC00BF56EE /* SDKHostAppUITests.swift in Sources */,
			);
			runOnlyForDeploymentPostprocessing = 0;
		};
		FCBA15E621389F7500EB1BC8 /* Sources */ = {
			isa = PBXSourcesBuildPhase;
			buildActionMask = 2147483647;
			files = (
				FC75F93E22387164007C2DDB /* URLComponents+email.swift in Sources */,
				DEC75CB725092B8600F40296 /* PermissionsRequestor.swift in Sources */,
				FCF29FCB2187D0E3004B1100 /* User.swift in Sources */,
				DE2906D3242BF66E00CC2825 /* Connection+Parsing.swift in Sources */,
				DEC08FF02429469C007D7039 /* NativeServices.swift in Sources */,
				FC22B1A421ACCDF800738023 /* PassthroughView.swift in Sources */,
				DE328DBE243E18BB00603EAC /* Keychain.swift in Sources */,
				DE2AE4842727106800C4794A /* LocationEventStore.swift in Sources */,
				DEC30C02258BECEB00A77A57 /* JSONNetworkController.swift in Sources */,
				FC84B85321C43A3000BAF7ED /* LegalTermsText.swift in Sources */,
				DEC75CB42508312F00F40296 /* Connection+Storage.swift in Sources */,
				FC361B61224D872D0078B153 /* ProgressBarController.swift in Sources */,
				DEBC3C8225421D600052A8CB /* ConnectButtonController+Logging.swift in Sources */,
				DE4C5FFA22CFE570009C7AF9 /* EmailValidator.swift in Sources */,
				1D453EE42297230C001994FF /* ConnectButton+LabelValue.swift in Sources */,
				1D453EDC2297213E001994FF /* ConnectButton+Service.swift in Sources */,
				FC2573132139E8CC0065AAD6 /* ConnectButton.swift in Sources */,
				DE641D88252B7BC900C56FF9 /* ConnectButtonController+Public.swift in Sources */,
				1D453EE62297236C001994FF /* ConnectButton+LabelAnimator.swift in Sources */,
				DE4A4C5E243632A7004082BF /* SynchronizationSubscriber.swift in Sources */,
				DE328DB4243CBC9700603EAC /* ConnectionsSynchronizer.swift in Sources */,
				DE3074A723DB506D00A3C71F /* AnalyticsNetworkController.swift in Sources */,
				DE7666E9239990C5005D6DE3 /* WebServiceAuthentication.swift in Sources */,
				DE2AE4862727132E00C4794A /* RegionEvent.swift in Sources */,
				1D453EDE2297216A001994FF /* ConnectButton+AnimationState.swift in Sources */,
				FC22B19621ACA54A00738023 /* ImageDownloader.swift in Sources */,
				FCF29FC52187C7E0004B1100 /* JSON.swift in Sources */,
				1D453EEC2297246C001994FF /* ConnectButton+CheckmarkView.swift in Sources */,
				DE328DB6243CBCB000603EAC /* EventPublisher.swift in Sources */,
				1D453EDA229720AB001994FF /* ConnectButton+Constants.swift in Sources */,
				FC22B1A621ACCE5E00738023 /* UIKit+ConvenienceInit.swift in Sources */,
				FC22B19E21ACCDAC00738023 /* PillButton.swift in Sources */,
				1DFE02132190E4D300856ABC /* URLRequest+CommonValues.swift in Sources */,
				FC22B19C21ACCDA600738023 /* PillView.swift in Sources */,
				DE4A4C602436340C004082BF /* SynchronizationManager.swift in Sources */,
				1D453EE22297222D001994FF /* ConnectButton+Interaction.swift in Sources */,
				1D4B50AC21949223004D1559 /* ConnectionConfiguration.swift in Sources */,
				FC22B19A21ACCD9C00738023 /* ConstraintsMaker.swift in Sources */,
				DE1F036926A8A20A00B6CF1A /* ASWebServiceAuthentication.swift in Sources */,
				DE328DBC243E185800603EAC /* ConnectionsRegistry.swift in Sources */,
				1DFE02092190E35300856ABC /* ConnectionRedirectHandler.swift in Sources */,
				FC04FE1B21501A8F008AC8A5 /* AboutViewController.swift in Sources */,
				DEC8803D242BB0BA00E0286C /* LocationService.swift in Sources */,
				1D453EE02297218E001994FF /* ConnectButton+Transition.swift in Sources */,
				DE328DC2243E1DED00603EAC /* LocationMonitor.swift in Sources */,
				DEC75CBD250A73E000F40296 /* RegionEventsRegistry.swift in Sources */,
				1D453EE8229723CA001994FF /* ConnectButton+ProgressBar.swift in Sources */,
				DE1F036B26A8A24500B6CF1A /* SFWebServiceAuthentication.swift in Sources */,
				DE328DC0243E1DC000603EAC /* RegionsMonitor.swift in Sources */,
				1D4B50AA2194857A004D1559 /* ConnectionNetworkController.swift in Sources */,
				1D7918412227202700429936 /* Reachability.swift in Sources */,
				FC22B19421ACA54000738023 /* ImageCache.swift in Sources */,
				1DFE02072190E2E600856ABC /* Notification+Redirect.swift in Sources */,
				FCF0C4E421B0A97000DEB117 /* ConnectionNetworkError.swift in Sources */,
				DE1F037226A8AD2600B6CF1A /* AuthenticationSessionPresentationContextProvider.swift in Sources */,
				1DFE02052190E25500856ABC /* ConnectionCredentialProvider.swift in Sources */,
				6FD1A492287763AD0075626D /* Font.swift in Sources */,
				DE328DC8243E2FC300603EAC /* SynchronizationTriggerEvent.swift in Sources */,
				FC094BA7215ED72F008B35F6 /* Color.swift in Sources */,
				DEC08FFC242BAB25007D7039 /* Bundle+Helpers.swift in Sources */,
				FC74F1D82152AE4D00035A66 /* ConnectButtonController.swift in Sources */,
				DE2F524A2429404200EF986A /* Connection+Location.swift in Sources */,
				DE7666E723997568005D6DE3 /* ConnectionVerificationSession.swift in Sources */,
				DEC75CB9250973F600F40296 /* Library.swift in Sources */,
				1D453EEA22972407001994FF /* ConnectButton+SwitchControl.swift in Sources */,
				DE2F524C242940AD00EF986A /* CLCircularRegion+Parsing.swift in Sources */,
				FC22B1A221ACCDC000738023 /* SelectGestureRecognizer.swift in Sources */,
				1DFE020B2190E39B00856ABC /* Connection+Request.swift in Sources */,
				1D981C33219210D7001784C4 /* Result+Queries.swift in Sources */,
				FC84B84C21C4321F00BAF7ED /* Links.swift in Sources */,
				DE4A4C622436409C004082BF /* SynchronizationScheduler.swift in Sources */,
				DE2AE48027270FED00C4794A /* LocationEventReporter.swift in Sources */,
				1DFE02172190E58700856ABC /* URLSession+JSONTask.swift in Sources */,
				FC7F13A221B06E34002AD8FB /* ImageViewNetworkController.swift in Sources */,
				DE2AE4822727103F00C4794A /* LocationEvent.swift in Sources */,
				1D453ED822971C5C001994FF /* ConnectButton+Style.swift in Sources */,
				DEC75CBB2509741F00F40296 /* LocationLibrary.swift in Sources */,
				DE37620022DF75CB00F8BD38 /* ConnectionDeeplinkAction.swift in Sources */,
				FCC6DEB2215D90DD008C8405 /* Assets.swift in Sources */,
				DEC08FF2242948C3007D7039 /* Set+Helpers.swift in Sources */,
				FC28D7E52225B1E900D84A1B /* ServiceIconsNetworkController.swift in Sources */,
				DE25265623D8C49D0019C9CB /* Analytics.swift in Sources */,
				FC44F54421B75BF3005DA954 /* LocalizedStrings.swift in Sources */,
				1DFE020D2190E3DB00856ABC /* API.swift in Sources */,
				FCBA16052138A4EE00EB1BC8 /* Connection.swift in Sources */,
				DE1F036D26A8A29800B6CF1A /* SignInWithAppleAuthentication.swift in Sources */,
				DEC08FFA242A5DD4007D7039 /* ConnectionsMonitor.swift in Sources */,
				DE3074A923DB50A800A3C71F /* Analytics+DataStructures.swift in Sources */,
				DEF4A4922587B9EB00735E98 /* Array+Helpers.swift in Sources */,
				FC22B1A021ACCDB200738023 /* Selectable.swift in Sources */,
				FC75F93C22386626007C2DDB /* ConnectionActivationFlow.swift in Sources */,
			);
			runOnlyForDeploymentPostprocessing = 0;
		};
/* End PBXSourcesBuildPhase section */

/* Begin PBXTargetDependency section */
		DEC29EE3258419FC00BF56EE /* PBXTargetDependency */ = {
			isa = PBXTargetDependency;
			target = DEC29ECB258419FB00BF56EE /* SDKHostApp */;
			targetProxy = DEC29EE2258419FC00BF56EE /* PBXContainerItemProxy */;
		};
		DEC29EEE258419FC00BF56EE /* PBXTargetDependency */ = {
			isa = PBXTargetDependency;
			target = DEC29ECB258419FB00BF56EE /* SDKHostApp */;
			targetProxy = DEC29EED258419FC00BF56EE /* PBXContainerItemProxy */;
		};
		DEC29F2225841D7C00BF56EE /* PBXTargetDependency */ = {
			isa = PBXTargetDependency;
			target = FCBA15E921389F7500EB1BC8 /* IFTTTConnectSDK */;
			targetProxy = DEC29F2125841D7C00BF56EE /* PBXContainerItemProxy */;
		};
/* End PBXTargetDependency section */

/* Begin PBXVariantGroup section */
		DEC29ED9258419FC00BF56EE /* LaunchScreen.storyboard */ = {
			isa = PBXVariantGroup;
			children = (
				DEC29EDA258419FC00BF56EE /* Base */,
			);
			name = LaunchScreen.storyboard;
			sourceTree = "<group>";
		};
/* End PBXVariantGroup section */

/* Begin XCBuildConfiguration section */
		DEC29EF4258419FC00BF56EE /* Debug */ = {
			isa = XCBuildConfiguration;
			buildSettings = {
				ASSETCATALOG_COMPILER_APPICON_NAME = AppIcon;
				ASSETCATALOG_COMPILER_GLOBAL_ACCENT_COLOR_NAME = AccentColor;
				CLANG_WARN_QUOTED_INCLUDE_IN_FRAMEWORK_HEADER = YES;
				CODE_SIGN_ENTITLEMENTS = SDKHostApp/SDKHostApp.entitlements;
				CODE_SIGN_STYLE = Automatic;
				DEVELOPMENT_ASSET_PATHS = "\"SDKHostApp/Preview Content\"";
				DEVELOPMENT_TEAM = 8SV2G8GQ6K;
				ENABLE_PREVIEWS = YES;
				INFOPLIST_FILE = SDKHostApp/Info.plist;
				IPHONEOS_DEPLOYMENT_TARGET = 14.2;
				LD_RUNPATH_SEARCH_PATHS = (
					"$(inherited)",
					"@executable_path/Frameworks",
				);
				PRODUCT_BUNDLE_IDENTIFIER = com.ifttt.SDKHostApp;
				PRODUCT_NAME = "$(TARGET_NAME)";
				SWIFT_VERSION = 5.0;
				TARGETED_DEVICE_FAMILY = "1,2";
			};
			name = Debug;
		};
		DEC29EF5258419FC00BF56EE /* Release */ = {
			isa = XCBuildConfiguration;
			buildSettings = {
				ASSETCATALOG_COMPILER_APPICON_NAME = AppIcon;
				ASSETCATALOG_COMPILER_GLOBAL_ACCENT_COLOR_NAME = AccentColor;
				CLANG_WARN_QUOTED_INCLUDE_IN_FRAMEWORK_HEADER = YES;
				CODE_SIGN_ENTITLEMENTS = SDKHostApp/SDKHostApp.entitlements;
				CODE_SIGN_STYLE = Automatic;
				DEVELOPMENT_ASSET_PATHS = "\"SDKHostApp/Preview Content\"";
				DEVELOPMENT_TEAM = 8SV2G8GQ6K;
				ENABLE_PREVIEWS = YES;
				INFOPLIST_FILE = SDKHostApp/Info.plist;
				IPHONEOS_DEPLOYMENT_TARGET = 14.2;
				LD_RUNPATH_SEARCH_PATHS = (
					"$(inherited)",
					"@executable_path/Frameworks",
				);
				PRODUCT_BUNDLE_IDENTIFIER = com.ifttt.SDKHostApp;
				PRODUCT_NAME = "$(TARGET_NAME)";
				SWIFT_VERSION = 5.0;
				TARGETED_DEVICE_FAMILY = "1,2";
			};
			name = Release;
		};
		DEC29EF7258419FC00BF56EE /* Debug */ = {
			isa = XCBuildConfiguration;
			buildSettings = {
				ALWAYS_EMBED_SWIFT_STANDARD_LIBRARIES = YES;
				BUNDLE_LOADER = "$(TEST_HOST)";
				CLANG_WARN_QUOTED_INCLUDE_IN_FRAMEWORK_HEADER = YES;
				CODE_SIGN_STYLE = Automatic;
				DEVELOPMENT_TEAM = 8SV2G8GQ6K;
				INFOPLIST_FILE = SDKHostAppTests/Info.plist;
				IPHONEOS_DEPLOYMENT_TARGET = 14.2;
				LD_RUNPATH_SEARCH_PATHS = (
					"$(inherited)",
					"@executable_path/Frameworks",
					"@loader_path/Frameworks",
				);
				PRODUCT_BUNDLE_IDENTIFIER = com.ifttt.SDKHostAppTests;
				PRODUCT_NAME = "$(TARGET_NAME)";
				SWIFT_VERSION = 5.0;
				TARGETED_DEVICE_FAMILY = "1,2";
				TEST_HOST = "$(BUILT_PRODUCTS_DIR)/SDKHostApp.app/SDKHostApp";
			};
			name = Debug;
		};
		DEC29EF8258419FC00BF56EE /* Release */ = {
			isa = XCBuildConfiguration;
			buildSettings = {
				ALWAYS_EMBED_SWIFT_STANDARD_LIBRARIES = YES;
				BUNDLE_LOADER = "$(TEST_HOST)";
				CLANG_WARN_QUOTED_INCLUDE_IN_FRAMEWORK_HEADER = YES;
				CODE_SIGN_STYLE = Automatic;
				DEVELOPMENT_TEAM = 8SV2G8GQ6K;
				INFOPLIST_FILE = SDKHostAppTests/Info.plist;
				IPHONEOS_DEPLOYMENT_TARGET = 14.2;
				LD_RUNPATH_SEARCH_PATHS = (
					"$(inherited)",
					"@executable_path/Frameworks",
					"@loader_path/Frameworks",
				);
				PRODUCT_BUNDLE_IDENTIFIER = com.ifttt.SDKHostAppTests;
				PRODUCT_NAME = "$(TARGET_NAME)";
				SWIFT_VERSION = 5.0;
				TARGETED_DEVICE_FAMILY = "1,2";
				TEST_HOST = "$(BUILT_PRODUCTS_DIR)/SDKHostApp.app/SDKHostApp";
			};
			name = Release;
		};
		DEC29EFA258419FC00BF56EE /* Debug */ = {
			isa = XCBuildConfiguration;
			buildSettings = {
				ALWAYS_EMBED_SWIFT_STANDARD_LIBRARIES = YES;
				CLANG_WARN_QUOTED_INCLUDE_IN_FRAMEWORK_HEADER = YES;
				CODE_SIGN_STYLE = Automatic;
				DEVELOPMENT_TEAM = 8SV2G8GQ6K;
				INFOPLIST_FILE = SDKHostAppUITests/Info.plist;
				IPHONEOS_DEPLOYMENT_TARGET = 14.2;
				LD_RUNPATH_SEARCH_PATHS = (
					"$(inherited)",
					"@executable_path/Frameworks",
					"@loader_path/Frameworks",
				);
				PRODUCT_BUNDLE_IDENTIFIER = com.ifttt.SDKHostAppUITests;
				PRODUCT_NAME = "$(TARGET_NAME)";
				SWIFT_VERSION = 5.0;
				TARGETED_DEVICE_FAMILY = "1,2";
				TEST_TARGET_NAME = SDKHostApp;
			};
			name = Debug;
		};
		DEC29EFB258419FC00BF56EE /* Release */ = {
			isa = XCBuildConfiguration;
			buildSettings = {
				ALWAYS_EMBED_SWIFT_STANDARD_LIBRARIES = YES;
				CLANG_WARN_QUOTED_INCLUDE_IN_FRAMEWORK_HEADER = YES;
				CODE_SIGN_STYLE = Automatic;
				DEVELOPMENT_TEAM = 8SV2G8GQ6K;
				INFOPLIST_FILE = SDKHostAppUITests/Info.plist;
				IPHONEOS_DEPLOYMENT_TARGET = 14.2;
				LD_RUNPATH_SEARCH_PATHS = (
					"$(inherited)",
					"@executable_path/Frameworks",
					"@loader_path/Frameworks",
				);
				PRODUCT_BUNDLE_IDENTIFIER = com.ifttt.SDKHostAppUITests;
				PRODUCT_NAME = "$(TARGET_NAME)";
				SWIFT_VERSION = 5.0;
				TARGETED_DEVICE_FAMILY = "1,2";
				TEST_TARGET_NAME = SDKHostApp;
			};
			name = Release;
		};
		FCBA15FC21389F7500EB1BC8 /* Debug */ = {
			isa = XCBuildConfiguration;
			buildSettings = {
				ALWAYS_SEARCH_USER_PATHS = NO;
				CLANG_ANALYZER_NONNULL = YES;
				CLANG_ANALYZER_NUMBER_OBJECT_CONVERSION = YES_AGGRESSIVE;
				CLANG_CXX_LANGUAGE_STANDARD = "gnu++14";
				CLANG_CXX_LIBRARY = "libc++";
				CLANG_ENABLE_MODULES = YES;
				CLANG_ENABLE_OBJC_ARC = YES;
				CLANG_ENABLE_OBJC_WEAK = YES;
				CLANG_WARN_BLOCK_CAPTURE_AUTORELEASING = YES;
				CLANG_WARN_BOOL_CONVERSION = YES;
				CLANG_WARN_COMMA = YES;
				CLANG_WARN_CONSTANT_CONVERSION = YES;
				CLANG_WARN_DEPRECATED_OBJC_IMPLEMENTATIONS = YES;
				CLANG_WARN_DIRECT_OBJC_ISA_USAGE = YES_ERROR;
				CLANG_WARN_DOCUMENTATION_COMMENTS = YES;
				CLANG_WARN_EMPTY_BODY = YES;
				CLANG_WARN_ENUM_CONVERSION = YES;
				CLANG_WARN_INFINITE_RECURSION = YES;
				CLANG_WARN_INT_CONVERSION = YES;
				CLANG_WARN_NON_LITERAL_NULL_CONVERSION = YES;
				CLANG_WARN_OBJC_IMPLICIT_RETAIN_SELF = YES;
				CLANG_WARN_OBJC_LITERAL_CONVERSION = YES;
				CLANG_WARN_OBJC_ROOT_CLASS = YES_ERROR;
				CLANG_WARN_RANGE_LOOP_ANALYSIS = YES;
				CLANG_WARN_STRICT_PROTOTYPES = YES;
				CLANG_WARN_SUSPICIOUS_MOVE = YES;
				CLANG_WARN_UNGUARDED_AVAILABILITY = YES_AGGRESSIVE;
				CLANG_WARN_UNREACHABLE_CODE = YES;
				CLANG_WARN__DUPLICATE_METHOD_MATCH = YES;
				COPY_PHASE_STRIP = NO;
				CURRENT_PROJECT_VERSION = 1;
				DEBUG_INFORMATION_FORMAT = dwarf;
				ENABLE_STRICT_OBJC_MSGSEND = YES;
				ENABLE_TESTABILITY = YES;
				GCC_C_LANGUAGE_STANDARD = gnu11;
				GCC_DYNAMIC_NO_PIC = NO;
				GCC_NO_COMMON_BLOCKS = YES;
				GCC_OPTIMIZATION_LEVEL = 0;
				GCC_PREPROCESSOR_DEFINITIONS = (
					"DEBUG=1",
					"$(inherited)",
				);
				GCC_WARN_64_TO_32_BIT_CONVERSION = YES;
				GCC_WARN_ABOUT_RETURN_TYPE = YES_ERROR;
				GCC_WARN_UNDECLARED_SELECTOR = YES;
				GCC_WARN_UNINITIALIZED_AUTOS = YES_AGGRESSIVE;
				GCC_WARN_UNUSED_FUNCTION = YES;
				GCC_WARN_UNUSED_VARIABLE = YES;
				IPHONEOS_DEPLOYMENT_TARGET = 10.0;
				MTL_ENABLE_DEBUG_INFO = INCLUDE_SOURCE;
				MTL_FAST_MATH = YES;
				ONLY_ACTIVE_ARCH = YES;
				SDKROOT = iphoneos;
				SWIFT_ACTIVE_COMPILATION_CONDITIONS = DEBUG;
				SWIFT_OPTIMIZATION_LEVEL = "-Onone";
				VERSIONING_SYSTEM = "apple-generic";
				VERSION_INFO_PREFIX = "";
			};
			name = Debug;
		};
		FCBA15FD21389F7500EB1BC8 /* Release */ = {
			isa = XCBuildConfiguration;
			buildSettings = {
				ALWAYS_SEARCH_USER_PATHS = NO;
				CLANG_ANALYZER_NONNULL = YES;
				CLANG_ANALYZER_NUMBER_OBJECT_CONVERSION = YES_AGGRESSIVE;
				CLANG_CXX_LANGUAGE_STANDARD = "gnu++14";
				CLANG_CXX_LIBRARY = "libc++";
				CLANG_ENABLE_MODULES = YES;
				CLANG_ENABLE_OBJC_ARC = YES;
				CLANG_ENABLE_OBJC_WEAK = YES;
				CLANG_WARN_BLOCK_CAPTURE_AUTORELEASING = YES;
				CLANG_WARN_BOOL_CONVERSION = YES;
				CLANG_WARN_COMMA = YES;
				CLANG_WARN_CONSTANT_CONVERSION = YES;
				CLANG_WARN_DEPRECATED_OBJC_IMPLEMENTATIONS = YES;
				CLANG_WARN_DIRECT_OBJC_ISA_USAGE = YES_ERROR;
				CLANG_WARN_DOCUMENTATION_COMMENTS = YES;
				CLANG_WARN_EMPTY_BODY = YES;
				CLANG_WARN_ENUM_CONVERSION = YES;
				CLANG_WARN_INFINITE_RECURSION = YES;
				CLANG_WARN_INT_CONVERSION = YES;
				CLANG_WARN_NON_LITERAL_NULL_CONVERSION = YES;
				CLANG_WARN_OBJC_IMPLICIT_RETAIN_SELF = YES;
				CLANG_WARN_OBJC_LITERAL_CONVERSION = YES;
				CLANG_WARN_OBJC_ROOT_CLASS = YES_ERROR;
				CLANG_WARN_RANGE_LOOP_ANALYSIS = YES;
				CLANG_WARN_STRICT_PROTOTYPES = YES;
				CLANG_WARN_SUSPICIOUS_MOVE = YES;
				CLANG_WARN_UNGUARDED_AVAILABILITY = YES_AGGRESSIVE;
				CLANG_WARN_UNREACHABLE_CODE = YES;
				CLANG_WARN__DUPLICATE_METHOD_MATCH = YES;
				COPY_PHASE_STRIP = NO;
				CURRENT_PROJECT_VERSION = 1;
				DEBUG_INFORMATION_FORMAT = "dwarf-with-dsym";
				ENABLE_NS_ASSERTIONS = NO;
				ENABLE_STRICT_OBJC_MSGSEND = YES;
				GCC_C_LANGUAGE_STANDARD = gnu11;
				GCC_NO_COMMON_BLOCKS = YES;
				GCC_WARN_64_TO_32_BIT_CONVERSION = YES;
				GCC_WARN_ABOUT_RETURN_TYPE = YES_ERROR;
				GCC_WARN_UNDECLARED_SELECTOR = YES;
				GCC_WARN_UNINITIALIZED_AUTOS = YES_AGGRESSIVE;
				GCC_WARN_UNUSED_FUNCTION = YES;
				GCC_WARN_UNUSED_VARIABLE = YES;
				IPHONEOS_DEPLOYMENT_TARGET = 10.0;
				MTL_ENABLE_DEBUG_INFO = NO;
				MTL_FAST_MATH = YES;
				SDKROOT = iphoneos;
				SWIFT_COMPILATION_MODE = wholemodule;
				SWIFT_OPTIMIZATION_LEVEL = "-O";
				VALIDATE_PRODUCT = YES;
				VERSIONING_SYSTEM = "apple-generic";
				VERSION_INFO_PREFIX = "";
			};
			name = Release;
		};
		FCBA15FF21389F7500EB1BC8 /* Debug */ = {
			isa = XCBuildConfiguration;
			buildSettings = {
				BUILD_LIBRARY_FOR_DISTRIBUTION = YES;
				CLANG_ENABLE_MODULES = YES;
				CODE_SIGN_IDENTITY = "";
				DEFINES_MODULE = YES;
				DYLIB_COMPATIBILITY_VERSION = 1;
				DYLIB_CURRENT_VERSION = 1;
				DYLIB_INSTALL_NAME_BASE = "@rpath";
				INFOPLIST_FILE = "IFTTT SDK/Info.plist";
				INSTALL_PATH = "$(LOCAL_LIBRARY_DIR)/Frameworks";
				LD_RUNPATH_SEARCH_PATHS = (
					"$(inherited)",
					"@executable_path/Frameworks",
					"@loader_path/Frameworks",
				);
				MARKETING_VERSION = 2.9.0;
				PRODUCT_BUNDLE_IDENTIFIER = "ifttt.IFTTT-SDK";
				PRODUCT_NAME = "$(TARGET_NAME:c99extidentifier)";
				SKIP_INSTALL = YES;
				SWIFT_OPTIMIZATION_LEVEL = "-Onone";
				SWIFT_VERSION = 5.0;
				TARGETED_DEVICE_FAMILY = "1,2";
			};
			name = Debug;
		};
		FCBA160021389F7500EB1BC8 /* Release */ = {
			isa = XCBuildConfiguration;
			buildSettings = {
				BUILD_LIBRARY_FOR_DISTRIBUTION = YES;
				CLANG_ENABLE_MODULES = YES;
				CODE_SIGN_IDENTITY = "";
				DEFINES_MODULE = YES;
				DYLIB_COMPATIBILITY_VERSION = 1;
				DYLIB_CURRENT_VERSION = 1;
				DYLIB_INSTALL_NAME_BASE = "@rpath";
				INFOPLIST_FILE = "IFTTT SDK/Info.plist";
				INSTALL_PATH = "$(LOCAL_LIBRARY_DIR)/Frameworks";
				LD_RUNPATH_SEARCH_PATHS = (
					"$(inherited)",
					"@executable_path/Frameworks",
					"@loader_path/Frameworks",
				);
				MARKETING_VERSION = 2.9.0;
				PRODUCT_BUNDLE_IDENTIFIER = "ifttt.IFTTT-SDK";
				PRODUCT_NAME = "$(TARGET_NAME:c99extidentifier)";
				SKIP_INSTALL = YES;
				SWIFT_VERSION = 5.0;
				TARGETED_DEVICE_FAMILY = "1,2";
			};
			name = Release;
		};
/* End XCBuildConfiguration section */

/* Begin XCConfigurationList section */
		DEC29EF3258419FC00BF56EE /* Build configuration list for PBXNativeTarget "SDKHostApp" */ = {
			isa = XCConfigurationList;
			buildConfigurations = (
				DEC29EF4258419FC00BF56EE /* Debug */,
				DEC29EF5258419FC00BF56EE /* Release */,
			);
			defaultConfigurationIsVisible = 0;
			defaultConfigurationName = Release;
		};
		DEC29EF6258419FC00BF56EE /* Build configuration list for PBXNativeTarget "SDKHostAppTests" */ = {
			isa = XCConfigurationList;
			buildConfigurations = (
				DEC29EF7258419FC00BF56EE /* Debug */,
				DEC29EF8258419FC00BF56EE /* Release */,
			);
			defaultConfigurationIsVisible = 0;
			defaultConfigurationName = Release;
		};
		DEC29EF9258419FC00BF56EE /* Build configuration list for PBXNativeTarget "SDKHostAppUITests" */ = {
			isa = XCConfigurationList;
			buildConfigurations = (
				DEC29EFA258419FC00BF56EE /* Debug */,
				DEC29EFB258419FC00BF56EE /* Release */,
			);
			defaultConfigurationIsVisible = 0;
			defaultConfigurationName = Release;
		};
		FCBA15E421389F7500EB1BC8 /* Build configuration list for PBXProject "IFTTT SDK" */ = {
			isa = XCConfigurationList;
			buildConfigurations = (
				FCBA15FC21389F7500EB1BC8 /* Debug */,
				FCBA15FD21389F7500EB1BC8 /* Release */,
			);
			defaultConfigurationIsVisible = 0;
			defaultConfigurationName = Release;
		};
		FCBA15FE21389F7500EB1BC8 /* Build configuration list for PBXNativeTarget "IFTTTConnectSDK" */ = {
			isa = XCConfigurationList;
			buildConfigurations = (
				FCBA15FF21389F7500EB1BC8 /* Debug */,
				FCBA160021389F7500EB1BC8 /* Release */,
			);
			defaultConfigurationIsVisible = 0;
			defaultConfigurationName = Release;
		};
/* End XCConfigurationList section */
	};
	rootObject = FCBA15E121389F7500EB1BC8 /* Project object */;
}
